// !$*UTF8*$!
{
	archiveVersion = 1;
	classes = {
	};
	objectVersion = 46;
	objects = {

/* Begin PBXBuildFile section */
		0E0C87251B53A5980040AF4D /* Item.swift in Sources */ = {isa = PBXBuildFile; fileRef = 0E0C87231B53A5980040AF4D /* Item.swift */; };
		0E1208E11B213F9100418D47 /* BaseLoader.swift in Sources */ = {isa = PBXBuildFile; fileRef = 0E1208A21B213F9100418D47 /* BaseLoader.swift */; };
		0E1208E21B213F9100418D47 /* HttpLoader.swift in Sources */ = {isa = PBXBuildFile; fileRef = 0E1208A31B213F9100418D47 /* HttpLoader.swift */; };
		0E1208E31B213F9100418D47 /* HttpTask.swift in Sources */ = {isa = PBXBuildFile; fileRef = 0E1208A41B213F9100418D47 /* HttpTask.swift */; };
		0E1208E41B213F9100418D47 /* BaseController.swift in Sources */ = {isa = PBXBuildFile; fileRef = 0E1208A61B213F9100418D47 /* BaseController.swift */; };
		0E1208E51B213F9100418D47 /* CreateController.swift in Sources */ = {isa = PBXBuildFile; fileRef = 0E1208A71B213F9100418D47 /* CreateController.swift */; };
		0E1208E61B213F9100418D47 /* BaseDetail.swift in Sources */ = {isa = PBXBuildFile; fileRef = 0E1208A81B213F9100418D47 /* BaseDetail.swift */; };
		0E1208E71B213F9100418D47 /* TextFieldUpdate.swift in Sources */ = {isa = PBXBuildFile; fileRef = 0E1208A91B213F9100418D47 /* TextFieldUpdate.swift */; };
		0E1208E81B213F9100418D47 /* CollectionList.swift in Sources */ = {isa = PBXBuildFile; fileRef = 0E1208AA1B213F9100418D47 /* CollectionList.swift */; };
		0E1208E91B213F9100418D47 /* ListController.swift in Sources */ = {isa = PBXBuildFile; fileRef = 0E1208AB1B213F9100418D47 /* ListController.swift */; };
		0E1208EA1B213F9100418D47 /* SearchResultsList.swift in Sources */ = {isa = PBXBuildFile; fileRef = 0E1208AC1B213F9100418D47 /* SearchResultsList.swift */; };
		0E1208EB1B213F9100418D47 /* TableDetail.swift in Sources */ = {isa = PBXBuildFile; fileRef = 0E1208AD1B213F9100418D47 /* TableDetail.swift */; };
		0E1208EC1B213F9100418D47 /* TableList.swift in Sources */ = {isa = PBXBuildFile; fileRef = 0E1208AE1B213F9100418D47 /* TableList.swift */; };
		0E1208ED1B213F9100418D47 /* TableSearch.swift in Sources */ = {isa = PBXBuildFile; fileRef = 0E1208AF1B213F9100418D47 /* TableSearch.swift */; };
		0E1208EE1B213F9100418D47 /* WebDetail.swift in Sources */ = {isa = PBXBuildFile; fileRef = 0E1208B01B213F9100418D47 /* WebDetail.swift */; };
		0E1208EF1B213F9100418D47 /* Array+Extension.swift in Sources */ = {isa = PBXBuildFile; fileRef = 0E1208B21B213F9100418D47 /* Array+Extension.swift */; };
		0E1208F01B213F9100418D47 /* NSData+Extension.swift in Sources */ = {isa = PBXBuildFile; fileRef = 0E1208B31B213F9100418D47 /* NSData+Extension.swift */; };
		0E1208F11B213F9100418D47 /* NSDate+Extension.swift in Sources */ = {isa = PBXBuildFile; fileRef = 0E1208B41B213F9100418D47 /* NSDate+Extension.swift */; };
		0E1208F21B213F9100418D47 /* String+Extension.swift in Sources */ = {isa = PBXBuildFile; fileRef = 0E1208B51B213F9100418D47 /* String+Extension.swift */; };
		0E1208F31B213F9100418D47 /* UIColor+Extension.swift in Sources */ = {isa = PBXBuildFile; fileRef = 0E1208B61B213F9100418D47 /* UIColor+Extension.swift */; };
		0E1208F41B213F9100418D47 /* UIImage+Extension.swift in Sources */ = {isa = PBXBuildFile; fileRef = 0E1208B71B213F9100418D47 /* UIImage+Extension.swift */; };
		0E1208F51B213F9100418D47 /* UILabel+Extension.swift in Sources */ = {isa = PBXBuildFile; fileRef = 0E1208B81B213F9100418D47 /* UILabel+Extension.swift */; };
		0E1208F61B213F9100418D47 /* UISearchBar+Extension.swift in Sources */ = {isa = PBXBuildFile; fileRef = 0E1208B91B213F9100418D47 /* UISearchBar+Extension.swift */; };
		0E1208F71B213F9100418D47 /* UITextField+Extension.swift in Sources */ = {isa = PBXBuildFile; fileRef = 0E1208BA1B213F9100418D47 /* UITextField+Extension.swift */; };
		0E1208F81B213F9100418D47 /* UIView+Extension.swift in Sources */ = {isa = PBXBuildFile; fileRef = 0E1208BB1B213F9100418D47 /* UIView+Extension.swift */; };
		0E1208F91B213F9100418D47 /* UIViewController+Extension.swift in Sources */ = {isa = PBXBuildFile; fileRef = 0E1208BC1B213F9100418D47 /* UIViewController+Extension.swift */; };
		0E1208FA1B213F9100418D47 /* UIVisualEffectView+Extension.swift in Sources */ = {isa = PBXBuildFile; fileRef = 0E1208BD1B213F9100418D47 /* UIVisualEffectView+Extension.swift */; };
		0E1208FB1B213F9100418D47 /* BaseAppDelegate.swift in Sources */ = {isa = PBXBuildFile; fileRef = 0E1208BF1B213F9100418D47 /* BaseAppDelegate.swift */; };
		0E1208FC1B213F9100418D47 /* SocialAppDelegate.swift in Sources */ = {isa = PBXBuildFile; fileRef = 0E1208C01B213F9100418D47 /* SocialAppDelegate.swift */; };
		0E1208FD1B213F9100418D47 /* BaseData.swift in Sources */ = {isa = PBXBuildFile; fileRef = 0E1208C21B213F9100418D47 /* BaseData.swift */; };
		0E1208FE1B213F9100418D47 /* ModelObject.swift in Sources */ = {isa = PBXBuildFile; fileRef = 0E1208C31B213F9100418D47 /* ModelObject.swift */; };
		0E1208FF1B213F9100418D47 /* BaseUser.swift in Sources */ = {isa = PBXBuildFile; fileRef = 0E1208C41B213F9100418D47 /* BaseUser.swift */; };
		0E1209001B213F9100418D47 /* ListModel.swift in Sources */ = {isa = PBXBuildFile; fileRef = 0E1208C51B213F9100418D47 /* ListModel.swift */; };
		0E1209011B213F9100418D47 /* UploadParams.swift in Sources */ = {isa = PBXBuildFile; fileRef = 0E1208C61B213F9100418D47 /* UploadParams.swift */; };
		0E1209021B213F9100418D47 /* WXToken.swift in Sources */ = {isa = PBXBuildFile; fileRef = 0E1208C71B213F9100418D47 /* WXToken.swift */; };
		0E1209031B213F9100418D47 /* TaylorR.swift in Sources */ = {isa = PBXBuildFile; fileRef = 0E1208C81B213F9100418D47 /* TaylorR.swift */; };
		0E1209041B213F9100418D47 /* FileUtils.swift in Sources */ = {isa = PBXBuildFile; fileRef = 0E1208CA1B213F9100418D47 /* FileUtils.swift */; };
		0E1209051B213F9100418D47 /* RestKitUtils.swift in Sources */ = {isa = PBXBuildFile; fileRef = 0E1208CB1B213F9100418D47 /* RestKitUtils.swift */; };
		0E1209061B213F9100418D47 /* UploadUtils.swift in Sources */ = {isa = PBXBuildFile; fileRef = 0E1208CC1B213F9100418D47 /* UploadUtils.swift */; };
		0E1209071B213F9100418D47 /* Shortcuts.swift in Sources */ = {isa = PBXBuildFile; fileRef = 0E1208CD1B213F9100418D47 /* Shortcuts.swift */; };
		0E1209081B213F9100418D47 /* TSMessage+Extension.swift in Sources */ = {isa = PBXBuildFile; fileRef = 0E1208CE1B213F9100418D47 /* TSMessage+Extension.swift */; };
		0E1209091B213F9100418D47 /* Utils.swift in Sources */ = {isa = PBXBuildFile; fileRef = 0E1208CF1B213F9100418D47 /* Utils.swift */; };
		0E12090A1B213F9100418D47 /* ImageView.swift in Sources */ = {isa = PBXBuildFile; fileRef = 0E1208D11B213F9100418D47 /* ImageView.swift */; };
		0E12090B1B213F9100418D47 /* KLineView.swift in Sources */ = {isa = PBXBuildFile; fileRef = 0E1208D21B213F9100418D47 /* KLineView.swift */; };
		0E12090C1B213F9100418D47 /* RightDetailCell.swift in Sources */ = {isa = PBXBuildFile; fileRef = 0E1208D31B213F9100418D47 /* RightDetailCell.swift */; };
		0E12090D1B213F9100418D47 /* SubtitleCell.swift in Sources */ = {isa = PBXBuildFile; fileRef = 0E1208D41B213F9100418D47 /* SubtitleCell.swift */; };
		0E12090E1B213F9100418D47 /* AvatarView.swift in Sources */ = {isa = PBXBuildFile; fileRef = 0E1208D61B213F9100418D47 /* AvatarView.swift */; };
		0E12090F1B213F9100418D47 /* SocialSignIn.swift in Sources */ = {isa = PBXBuildFile; fileRef = 0E1208D71B213F9100418D47 /* SocialSignIn.swift */; };
		0E1209101B213F9100418D47 /* BaseSign.swift in Sources */ = {isa = PBXBuildFile; fileRef = 0E1208D81B213F9100418D47 /* BaseSign.swift */; };
		0E1209111B213F9100418D47 /* SignInController.swift in Sources */ = {isa = PBXBuildFile; fileRef = 0E1208D91B213F9100418D47 /* SignInController.swift */; };
		0E1209121B213F9100418D47 /* SignUpController.swift in Sources */ = {isa = PBXBuildFile; fileRef = 0E1208DA1B213F9100418D47 /* SignUpController.swift */; };
		0E1209131B213F9100418D47 /* TagsView.swift in Sources */ = {isa = PBXBuildFile; fileRef = 0E1208DB1B213F9100418D47 /* TagsView.swift */; };
		0E1209141B213F9100418D47 /* Default.strings in Resources */ = {isa = PBXBuildFile; fileRef = 0E1208DD1B213F9100418D47 /* Default.strings */; };
		0E18E1751B4A3BB900994647 /* CardCell.swift in Sources */ = {isa = PBXBuildFile; fileRef = 0E18E16D1B4A3BB900994647 /* CardCell.swift */; };
		0E18E1761B4A3BB900994647 /* CardListCell.swift in Sources */ = {isa = PBXBuildFile; fileRef = 0E18E16E1B4A3BB900994647 /* CardListCell.swift */; };
		0E18E1771B4A3BB900994647 /* CardTableCell.swift in Sources */ = {isa = PBXBuildFile; fileRef = 0E18E16F1B4A3BB900994647 /* CardTableCell.swift */; };
		0E18E1781B4A3BB900994647 /* CardView.swift in Sources */ = {isa = PBXBuildFile; fileRef = 0E18E1701B4A3BB900994647 /* CardView.swift */; };
		0E18E1791B4A3BB900994647 /* CommentCell.swift in Sources */ = {isa = PBXBuildFile; fileRef = 0E18E1711B4A3BB900994647 /* CommentCell.swift */; };
		0E18E17A1B4A3BB900994647 /* PageCell.swift in Sources */ = {isa = PBXBuildFile; fileRef = 0E18E1721B4A3BB900994647 /* PageCell.swift */; };
		0E18E17B1B4A3BB900994647 /* PosterView.swift in Sources */ = {isa = PBXBuildFile; fileRef = 0E18E1731B4A3BB900994647 /* PosterView.swift */; };
		0E18E17C1B4A3BB900994647 /* SpecialCover.swift in Sources */ = {isa = PBXBuildFile; fileRef = 0E18E1741B4A3BB900994647 /* SpecialCover.swift */; };
		0E18E17E1B4A3C6F00994647 /* CardUtils.swift in Sources */ = {isa = PBXBuildFile; fileRef = 0E18E17D1B4A3C6F00994647 /* CardUtils.swift */; };
		0E1E62A71B4E7F17004965CD /* UpdateController.swift in Sources */ = {isa = PBXBuildFile; fileRef = 0E1E62A61B4E7F17004965CD /* UpdateController.swift */; };
		0E1E631A1B4E8F40004965CD /* CheckListUpdate.swift in Sources */ = {isa = PBXBuildFile; fileRef = 0E1E63191B4E8F40004965CD /* CheckListUpdate.swift */; };
		0E3A28DA1BCE3BCD0063A4B7 /* Answer.swift in Sources */ = {isa = PBXBuildFile; fileRef = 0E3A28BB1BCE3BCD0063A4B7 /* Answer.swift */; };
		0E3A28DB1BCE3BCD0063A4B7 /* Article.swift in Sources */ = {isa = PBXBuildFile; fileRef = 0E3A28BC1BCE3BCD0063A4B7 /* Article.swift */; };
		0E3A28DC1BCE3BCD0063A4B7 /* Branch.swift in Sources */ = {isa = PBXBuildFile; fileRef = 0E3A28BD1BCE3BCD0063A4B7 /* Branch.swift */; };
		0E3A28DD1BCE3BCD0063A4B7 /* Card.swift in Sources */ = {isa = PBXBuildFile; fileRef = 0E3A28BE1BCE3BCD0063A4B7 /* Card.swift */; };
		0E3A28DE1BCE3BCD0063A4B7 /* Category.swift in Sources */ = {isa = PBXBuildFile; fileRef = 0E3A28BF1BCE3BCD0063A4B7 /* Category.swift */; };
		0E3A28DF1BCE3BCD0063A4B7 /* ClaimRecord.swift in Sources */ = {isa = PBXBuildFile; fileRef = 0E3A28C01BCE3BCD0063A4B7 /* ClaimRecord.swift */; };
		0E3A28E01BCE3BCD0063A4B7 /* Comment.swift in Sources */ = {isa = PBXBuildFile; fileRef = 0E3A28C11BCE3BCD0063A4B7 /* Comment.swift */; };
		0E3A28E11BCE3BCD0063A4B7 /* Company.swift in Sources */ = {isa = PBXBuildFile; fileRef = 0E3A28C21BCE3BCD0063A4B7 /* Company.swift */; };
		0E3A28E21BCE3BCD0063A4B7 /* Enquiry.swift in Sources */ = {isa = PBXBuildFile; fileRef = 0E3A28C31BCE3BCD0063A4B7 /* Enquiry.swift */; };
		0E3A28E31BCE3BCD0063A4B7 /* Featured.swift in Sources */ = {isa = PBXBuildFile; fileRef = 0E3A28C41BCE3BCD0063A4B7 /* Featured.swift */; };
		0E3A28E51BCE3BCD0063A4B7 /* Health.swift in Sources */ = {isa = PBXBuildFile; fileRef = 0E3A28C61BCE3BCD0063A4B7 /* Health.swift */; };
		0E3A28E61BCE3BCD0063A4B7 /* HomeModel.swift in Sources */ = {isa = PBXBuildFile; fileRef = 0E3A28C71BCE3BCD0063A4B7 /* HomeModel.swift */; };
		0E3A28E71BCE3BCD0063A4B7 /* Illegaality.swift in Sources */ = {isa = PBXBuildFile; fileRef = 0E3A28C81BCE3BCD0063A4B7 /* Illegaality.swift */; };
		0E3A28E81BCE3BCD0063A4B7 /* Insurance.swift in Sources */ = {isa = PBXBuildFile; fileRef = 0E3A28C91BCE3BCD0063A4B7 /* Insurance.swift */; };
		0E3A28E91BCE3BCD0063A4B7 /* InsurancePolicy.swift in Sources */ = {isa = PBXBuildFile; fileRef = 0E3A28CA1BCE3BCD0063A4B7 /* InsurancePolicy.swift */; };
		0E3A28EA1BCE3BCD0063A4B7 /* Like.swift in Sources */ = {isa = PBXBuildFile; fileRef = 0E3A28CB1BCE3BCD0063A4B7 /* Like.swift */; };
		0E3A28EC1BCE3BCD0063A4B7 /* Offer.swift in Sources */ = {isa = PBXBuildFile; fileRef = 0E3A28CD1BCE3BCD0063A4B7 /* Offer.swift */; };
		0E3A28ED1BCE3BCD0063A4B7 /* Order.swift in Sources */ = {isa = PBXBuildFile; fileRef = 0E3A28CE1BCE3BCD0063A4B7 /* Order.swift */; };
		0E3A28EE1BCE3BCD0063A4B7 /* Prepay.swift in Sources */ = {isa = PBXBuildFile; fileRef = 0E3A28CF1BCE3BCD0063A4B7 /* Prepay.swift */; };
		0E3A28EF1BCE3BCD0063A4B7 /* Product.swift in Sources */ = {isa = PBXBuildFile; fileRef = 0E3A28D01BCE3BCD0063A4B7 /* Product.swift */; };
		0E3A28F11BCE3BCD0063A4B7 /* Question.swift in Sources */ = {isa = PBXBuildFile; fileRef = 0E3A28D21BCE3BCD0063A4B7 /* Question.swift */; };
		0E3A28F21BCE3BCD0063A4B7 /* Special.swift in Sources */ = {isa = PBXBuildFile; fileRef = 0E3A28D31BCE3BCD0063A4B7 /* Special.swift */; };
		0E3A28F41BCE3BCD0063A4B7 /* Tag.swift in Sources */ = {isa = PBXBuildFile; fileRef = 0E3A28D51BCE3BCD0063A4B7 /* Tag.swift */; };
		0E3A28F51BCE3BCD0063A4B7 /* User.swift in Sources */ = {isa = PBXBuildFile; fileRef = 0E3A28D61BCE3BCD0063A4B7 /* User.swift */; };
		0E3A28F61BCE3BCD0063A4B7 /* Vehicle.swift in Sources */ = {isa = PBXBuildFile; fileRef = 0E3A28D71BCE3BCD0063A4B7 /* Vehicle.swift */; };
		0E3A28F71BCE3BCD0063A4B7 /* Video.swift in Sources */ = {isa = PBXBuildFile; fileRef = 0E3A28D81BCE3BCD0063A4B7 /* Video.swift */; };
		0E3A28F81BCE3BCD0063A4B7 /* Vote.swift in Sources */ = {isa = PBXBuildFile; fileRef = 0E3A28D91BCE3BCD0063A4B7 /* Vote.swift */; };
		0E6F600E1B577F6600CD13C2 /* WeixinUtils.swift in Sources */ = {isa = PBXBuildFile; fileRef = 0E6F600D1B577F6600CD13C2 /* WeixinUtils.swift */; };
		0E8082991B9D3843007220CA /* CoreTelephony.framework in Frameworks */ = {isa = PBXBuildFile; fileRef = 0E8082981B9D3843007220CA /* CoreTelephony.framework */; };
		0E8113E01B57C93E00ADD2DF /* OrderCreate.swift in Sources */ = {isa = PBXBuildFile; fileRef = 0E8113DF1B57C93E00ADD2DF /* OrderCreate.swift */; };
		0E91145E1B52BBB300C93BC5 /* TextViewCreate.swift in Sources */ = {isa = PBXBuildFile; fileRef = 0E91145D1B52BBB300C93BC5 /* TextViewCreate.swift */; };
		0E9114601B52BBC600C93BC5 /* TextFieldCreate.swift in Sources */ = {isa = PBXBuildFile; fileRef = 0E91145F1B52BBC600C93BC5 /* TextFieldCreate.swift */; };
		0E9B913F1BDF53570030329D /* VehicleCreate.swift in Sources */ = {isa = PBXBuildFile; fileRef = 0E9B913D1BDF53570030329D /* VehicleCreate.swift */; };
		0E9B91401BDF53570030329D /* VehicleList.swift in Sources */ = {isa = PBXBuildFile; fileRef = 0E9B913E1BDF53570030329D /* VehicleList.swift */; };
		0E9B91421BDF6A2F0030329D /* GDS.swift in Sources */ = {isa = PBXBuildFile; fileRef = 0E9B91411BDF6A2F0030329D /* GDS.swift */; };
		0EBFEFF01BC7BB5100F69051 /* CAPSPageMenu.swift in Sources */ = {isa = PBXBuildFile; fileRef = 0EBFEFEF1BC7BB5100F69051 /* CAPSPageMenu.swift */; };
		0EC87AAC1B5F66AD00B88A3C /* CityList.swift in Sources */ = {isa = PBXBuildFile; fileRef = 0EC87AAB1B5F66AD00B88A3C /* CityList.swift */; };
		0EC87AB01B5F7E5000B88A3C /* City.swift in Sources */ = {isa = PBXBuildFile; fileRef = 0EC87AAF1B5F7E5000B88A3C /* City.swift */; };
		0ECD81A61B2059D700054FD2 /* Main.storyboard in Resources */ = {isa = PBXBuildFile; fileRef = 0ECD81A41B2059D700054FD2 /* Main.storyboard */; };
		0ECD81A81B2059D700054FD2 /* Images.xcassets in Resources */ = {isa = PBXBuildFile; fileRef = 0ECD81A71B2059D700054FD2 /* Images.xcassets */; };
		0ECD81AB1B2059D700054FD2 /* LaunchScreen.xib in Resources */ = {isa = PBXBuildFile; fileRef = 0ECD81A91B2059D700054FD2 /* LaunchScreen.xib */; };
		0ECD81B71B2059D800054FD2 /* InsuranceTests.swift in Sources */ = {isa = PBXBuildFile; fileRef = 0ECD81B61B2059D800054FD2 /* InsuranceTests.swift */; };
		0ECD81D81B2066B100054FD2 /* AppDelegate.swift in Sources */ = {isa = PBXBuildFile; fileRef = 0ECD81C11B2066B100054FD2 /* AppDelegate.swift */; };
		0ECD81DA1B2066B100054FD2 /* Constants.swift in Sources */ = {isa = PBXBuildFile; fileRef = 0ECD81C31B2066B100054FD2 /* Constants.swift */; };
		0ECD81E61B2066B100054FD2 /* ShareUtils.swift in Sources */ = {isa = PBXBuildFile; fileRef = 0ECD81D21B2066B100054FD2 /* ShareUtils.swift */; };
		0ECD82721B206A9500054FD2 /* libsqlite3.0.dylib in Frameworks */ = {isa = PBXBuildFile; fileRef = 0ECD82711B206A9500054FD2 /* libsqlite3.0.dylib */; };
		0ECD82741B206AA100054FD2 /* libz.dylib in Frameworks */ = {isa = PBXBuildFile; fileRef = 0ECD82731B206AA100054FD2 /* libz.dylib */; };
		0ECD82761B206AA800054FD2 /* libc++.dylib in Frameworks */ = {isa = PBXBuildFile; fileRef = 0ECD82751B206AA800054FD2 /* libc++.dylib */; };
		0ECD827C1B206C2000054FD2 /* InfoPlist.strings in Resources */ = {isa = PBXBuildFile; fileRef = 0ECD827E1B206C2000054FD2 /* InfoPlist.strings */; };
		0ECD82841B206CDA00054FD2 /* Localizable.strings in Resources */ = {isa = PBXBuildFile; fileRef = 0ECD82861B206CDA00054FD2 /* Localizable.strings */; };
		0ED9FFA31B574EAD00DA5193 /* BaseCardList.swift in Sources */ = {isa = PBXBuildFile; fileRef = 0ED9FF881B574EAD00DA5193 /* BaseCardList.swift */; };
		0ED9FFA41B574EAD00DA5193 /* CardList.swift in Sources */ = {isa = PBXBuildFile; fileRef = 0ED9FF891B574EAD00DA5193 /* CardList.swift */; };
		0ED9FFA51B574EAD00DA5193 /* CardWebDetail.swift in Sources */ = {isa = PBXBuildFile; fileRef = 0ED9FF8A1B574EAD00DA5193 /* CardWebDetail.swift */; };
		0ED9FFA61B574EAD00DA5193 /* MyList.swift in Sources */ = {isa = PBXBuildFile; fileRef = 0ED9FF8B1B574EAD00DA5193 /* MyList.swift */; };
		0ED9FFA71B574EAD00DA5193 /* SimpleCardList.swift in Sources */ = {isa = PBXBuildFile; fileRef = 0ED9FF8C1B574EAD00DA5193 /* SimpleCardList.swift */; };
		0ED9FFAA1B574EAD00DA5193 /* Compare.swift in Sources */ = {isa = PBXBuildFile; fileRef = 0ED9FF8F1B574EAD00DA5193 /* Compare.swift */; };
		0ED9FFAB1B574EAD00DA5193 /* Discover.swift in Sources */ = {isa = PBXBuildFile; fileRef = 0ED9FF901B574EAD00DA5193 /* Discover.swift */; };
		0ED9FFAC1B574EAD00DA5193 /* Flight.swift in Sources */ = {isa = PBXBuildFile; fileRef = 0ED9FF911B574EAD00DA5193 /* Flight.swift */; };
		0ED9FFAD1B574EAD00DA5193 /* Home.swift in Sources */ = {isa = PBXBuildFile; fileRef = 0ED9FF921B574EAD00DA5193 /* Home.swift */; };
		0ED9FFAE1B574EAD00DA5193 /* Main.swift in Sources */ = {isa = PBXBuildFile; fileRef = 0ED9FF931B574EAD00DA5193 /* Main.swift */; };
		0ED9FFAF1B574EAD00DA5193 /* Me.swift in Sources */ = {isa = PBXBuildFile; fileRef = 0ED9FF941B574EAD00DA5193 /* Me.swift */; };
		0ED9FFB01B574EAD00DA5193 /* OrderDetail.swift in Sources */ = {isa = PBXBuildFile; fileRef = 0ED9FF961B574EAD00DA5193 /* OrderDetail.swift */; };
		0ED9FFB11B574EAD00DA5193 /* OrderList.swift in Sources */ = {isa = PBXBuildFile; fileRef = 0ED9FF971B574EAD00DA5193 /* OrderList.swift */; };
		0ED9FFB21B574EAD00DA5193 /* ProductDetail.swift in Sources */ = {isa = PBXBuildFile; fileRef = 0ED9FF991B574EAD00DA5193 /* ProductDetail.swift */; };
		0ED9FFB31B574EAD00DA5193 /* ProductList.swift in Sources */ = {isa = PBXBuildFile; fileRef = 0ED9FF9A1B574EAD00DA5193 /* ProductList.swift */; };
		0ED9FFB81B574EAD00DA5193 /* UserDetail.swift in Sources */ = {isa = PBXBuildFile; fileRef = 0ED9FFA01B574EAD00DA5193 /* UserDetail.swift */; };
		0ED9FFBF1B574F5B00DA5193 /* About.swift in Sources */ = {isa = PBXBuildFile; fileRef = 0ED9FFBA1B574F5B00DA5193 /* About.swift */; };
		0ED9FFC01B574F5B00DA5193 /* Profile.swift in Sources */ = {isa = PBXBuildFile; fileRef = 0ED9FFBB1B574F5B00DA5193 /* Profile.swift */; };
		0ED9FFC11B574F5B00DA5193 /* Settings.swift in Sources */ = {isa = PBXBuildFile; fileRef = 0ED9FFBC1B574F5B00DA5193 /* Settings.swift */; };
		0ED9FFC21B574F5B00DA5193 /* SignIn.swift in Sources */ = {isa = PBXBuildFile; fileRef = 0ED9FFBD1B574F5B00DA5193 /* SignIn.swift */; };
		0ED9FFC31B574F5B00DA5193 /* SignUp.swift in Sources */ = {isa = PBXBuildFile; fileRef = 0ED9FFBE1B574F5B00DA5193 /* SignUp.swift */; };
		0ED9FFC51B576DE500DA5193 /* XML.swift in Sources */ = {isa = PBXBuildFile; fileRef = 0ED9FFC41B576DE500DA5193 /* XML.swift */; };
		0EE2B8581B71DDB1007DE0C3 /* QuickButton.swift in Sources */ = {isa = PBXBuildFile; fileRef = 0EE2B8571B71DDB1007DE0C3 /* QuickButton.swift */; };
		594596F4CE2728B3D0C3E000 /* libPods.a in Frameworks */ = {isa = PBXBuildFile; fileRef = 9DB06B47A107F679B1D74B0F /* libPods.a */; };
		B164F0A5965B414336774F98 /* Pods_Insurance.framework in Frameworks */ = {isa = PBXBuildFile; fileRef = DC4ADCAA1C0ADE5900D24832 /* Pods_Insurance.framework */; };
/* End PBXBuildFile section */

/* Begin PBXContainerItemProxy section */
		0ECD81B11B2059D800054FD2 /* PBXContainerItemProxy */ = {
			isa = PBXContainerItemProxy;
			containerPortal = 0ECD81911B2059D700054FD2 /* Project object */;
			proxyType = 1;
			remoteGlobalIDString = 0ECD81981B2059D700054FD2;
			remoteInfo = Insurance;
		};
/* End PBXContainerItemProxy section */

/* Begin PBXFileReference section */
		0E0C87231B53A5980040AF4D /* Item.swift */ = {isa = PBXFileReference; fileEncoding = 4; lastKnownFileType = sourcecode.swift; path = Item.swift; sourceTree = "<group>"; };
		0E1208A21B213F9100418D47 /* BaseLoader.swift */ = {isa = PBXFileReference; fileEncoding = 4; lastKnownFileType = sourcecode.swift; path = BaseLoader.swift; sourceTree = "<group>"; };
		0E1208A31B213F9100418D47 /* HttpLoader.swift */ = {isa = PBXFileReference; fileEncoding = 4; lastKnownFileType = sourcecode.swift; path = HttpLoader.swift; sourceTree = "<group>"; };
		0E1208A41B213F9100418D47 /* HttpTask.swift */ = {isa = PBXFileReference; fileEncoding = 4; lastKnownFileType = sourcecode.swift; path = HttpTask.swift; sourceTree = "<group>"; };
		0E1208A61B213F9100418D47 /* BaseController.swift */ = {isa = PBXFileReference; fileEncoding = 4; lastKnownFileType = sourcecode.swift; path = BaseController.swift; sourceTree = "<group>"; };
		0E1208A71B213F9100418D47 /* CreateController.swift */ = {isa = PBXFileReference; fileEncoding = 4; lastKnownFileType = sourcecode.swift; path = CreateController.swift; sourceTree = "<group>"; };
		0E1208A81B213F9100418D47 /* BaseDetail.swift */ = {isa = PBXFileReference; fileEncoding = 4; lastKnownFileType = sourcecode.swift; path = BaseDetail.swift; sourceTree = "<group>"; };
		0E1208A91B213F9100418D47 /* TextFieldUpdate.swift */ = {isa = PBXFileReference; fileEncoding = 4; lastKnownFileType = sourcecode.swift; path = TextFieldUpdate.swift; sourceTree = "<group>"; };
		0E1208AA1B213F9100418D47 /* CollectionList.swift */ = {isa = PBXFileReference; fileEncoding = 4; lastKnownFileType = sourcecode.swift; path = CollectionList.swift; sourceTree = "<group>"; };
		0E1208AB1B213F9100418D47 /* ListController.swift */ = {isa = PBXFileReference; fileEncoding = 4; lastKnownFileType = sourcecode.swift; path = ListController.swift; sourceTree = "<group>"; };
		0E1208AC1B213F9100418D47 /* SearchResultsList.swift */ = {isa = PBXFileReference; fileEncoding = 4; lastKnownFileType = sourcecode.swift; path = SearchResultsList.swift; sourceTree = "<group>"; };
		0E1208AD1B213F9100418D47 /* TableDetail.swift */ = {isa = PBXFileReference; fileEncoding = 4; lastKnownFileType = sourcecode.swift; path = TableDetail.swift; sourceTree = "<group>"; };
		0E1208AE1B213F9100418D47 /* TableList.swift */ = {isa = PBXFileReference; fileEncoding = 4; lastKnownFileType = sourcecode.swift; path = TableList.swift; sourceTree = "<group>"; };
		0E1208AF1B213F9100418D47 /* TableSearch.swift */ = {isa = PBXFileReference; fileEncoding = 4; lastKnownFileType = sourcecode.swift; path = TableSearch.swift; sourceTree = "<group>"; };
		0E1208B01B213F9100418D47 /* WebDetail.swift */ = {isa = PBXFileReference; fileEncoding = 4; lastKnownFileType = sourcecode.swift; path = WebDetail.swift; sourceTree = "<group>"; };
		0E1208B21B213F9100418D47 /* Array+Extension.swift */ = {isa = PBXFileReference; fileEncoding = 4; lastKnownFileType = sourcecode.swift; path = "Array+Extension.swift"; sourceTree = "<group>"; };
		0E1208B31B213F9100418D47 /* NSData+Extension.swift */ = {isa = PBXFileReference; fileEncoding = 4; lastKnownFileType = sourcecode.swift; path = "NSData+Extension.swift"; sourceTree = "<group>"; };
		0E1208B41B213F9100418D47 /* NSDate+Extension.swift */ = {isa = PBXFileReference; fileEncoding = 4; lastKnownFileType = sourcecode.swift; path = "NSDate+Extension.swift"; sourceTree = "<group>"; };
		0E1208B51B213F9100418D47 /* String+Extension.swift */ = {isa = PBXFileReference; fileEncoding = 4; lastKnownFileType = sourcecode.swift; path = "String+Extension.swift"; sourceTree = "<group>"; };
		0E1208B61B213F9100418D47 /* UIColor+Extension.swift */ = {isa = PBXFileReference; fileEncoding = 4; lastKnownFileType = sourcecode.swift; path = "UIColor+Extension.swift"; sourceTree = "<group>"; };
		0E1208B71B213F9100418D47 /* UIImage+Extension.swift */ = {isa = PBXFileReference; fileEncoding = 4; lastKnownFileType = sourcecode.swift; path = "UIImage+Extension.swift"; sourceTree = "<group>"; };
		0E1208B81B213F9100418D47 /* UILabel+Extension.swift */ = {isa = PBXFileReference; fileEncoding = 4; lastKnownFileType = sourcecode.swift; path = "UILabel+Extension.swift"; sourceTree = "<group>"; };
		0E1208B91B213F9100418D47 /* UISearchBar+Extension.swift */ = {isa = PBXFileReference; fileEncoding = 4; lastKnownFileType = sourcecode.swift; path = "UISearchBar+Extension.swift"; sourceTree = "<group>"; };
		0E1208BA1B213F9100418D47 /* UITextField+Extension.swift */ = {isa = PBXFileReference; fileEncoding = 4; lastKnownFileType = sourcecode.swift; path = "UITextField+Extension.swift"; sourceTree = "<group>"; };
		0E1208BB1B213F9100418D47 /* UIView+Extension.swift */ = {isa = PBXFileReference; fileEncoding = 4; lastKnownFileType = sourcecode.swift; path = "UIView+Extension.swift"; sourceTree = "<group>"; };
		0E1208BC1B213F9100418D47 /* UIViewController+Extension.swift */ = {isa = PBXFileReference; fileEncoding = 4; lastKnownFileType = sourcecode.swift; path = "UIViewController+Extension.swift"; sourceTree = "<group>"; };
		0E1208BD1B213F9100418D47 /* UIVisualEffectView+Extension.swift */ = {isa = PBXFileReference; fileEncoding = 4; lastKnownFileType = sourcecode.swift; path = "UIVisualEffectView+Extension.swift"; sourceTree = "<group>"; };
		0E1208BF1B213F9100418D47 /* BaseAppDelegate.swift */ = {isa = PBXFileReference; fileEncoding = 4; lastKnownFileType = sourcecode.swift; path = BaseAppDelegate.swift; sourceTree = "<group>"; };
		0E1208C01B213F9100418D47 /* SocialAppDelegate.swift */ = {isa = PBXFileReference; fileEncoding = 4; lastKnownFileType = sourcecode.swift; path = SocialAppDelegate.swift; sourceTree = "<group>"; };
		0E1208C21B213F9100418D47 /* BaseData.swift */ = {isa = PBXFileReference; fileEncoding = 4; lastKnownFileType = sourcecode.swift; path = BaseData.swift; sourceTree = "<group>"; };
		0E1208C31B213F9100418D47 /* ModelObject.swift */ = {isa = PBXFileReference; fileEncoding = 4; lastKnownFileType = sourcecode.swift; path = ModelObject.swift; sourceTree = "<group>"; };
		0E1208C41B213F9100418D47 /* BaseUser.swift */ = {isa = PBXFileReference; fileEncoding = 4; lastKnownFileType = sourcecode.swift; path = BaseUser.swift; sourceTree = "<group>"; };
		0E1208C51B213F9100418D47 /* ListModel.swift */ = {isa = PBXFileReference; fileEncoding = 4; lastKnownFileType = sourcecode.swift; path = ListModel.swift; sourceTree = "<group>"; };
		0E1208C61B213F9100418D47 /* UploadParams.swift */ = {isa = PBXFileReference; fileEncoding = 4; lastKnownFileType = sourcecode.swift; path = UploadParams.swift; sourceTree = "<group>"; };
		0E1208C71B213F9100418D47 /* WXToken.swift */ = {isa = PBXFileReference; fileEncoding = 4; lastKnownFileType = sourcecode.swift; path = WXToken.swift; sourceTree = "<group>"; };
		0E1208C81B213F9100418D47 /* TaylorR.swift */ = {isa = PBXFileReference; fileEncoding = 4; lastKnownFileType = sourcecode.swift; path = TaylorR.swift; sourceTree = "<group>"; };
		0E1208CA1B213F9100418D47 /* FileUtils.swift */ = {isa = PBXFileReference; fileEncoding = 4; lastKnownFileType = sourcecode.swift; path = FileUtils.swift; sourceTree = "<group>"; };
		0E1208CB1B213F9100418D47 /* RestKitUtils.swift */ = {isa = PBXFileReference; fileEncoding = 4; lastKnownFileType = sourcecode.swift; path = RestKitUtils.swift; sourceTree = "<group>"; };
		0E1208CC1B213F9100418D47 /* UploadUtils.swift */ = {isa = PBXFileReference; fileEncoding = 4; lastKnownFileType = sourcecode.swift; path = UploadUtils.swift; sourceTree = "<group>"; };
		0E1208CD1B213F9100418D47 /* Shortcuts.swift */ = {isa = PBXFileReference; fileEncoding = 4; lastKnownFileType = sourcecode.swift; path = Shortcuts.swift; sourceTree = "<group>"; };
		0E1208CE1B213F9100418D47 /* TSMessage+Extension.swift */ = {isa = PBXFileReference; fileEncoding = 4; lastKnownFileType = sourcecode.swift; path = "TSMessage+Extension.swift"; sourceTree = "<group>"; };
		0E1208CF1B213F9100418D47 /* Utils.swift */ = {isa = PBXFileReference; fileEncoding = 4; lastKnownFileType = sourcecode.swift; path = Utils.swift; sourceTree = "<group>"; };
		0E1208D11B213F9100418D47 /* ImageView.swift */ = {isa = PBXFileReference; fileEncoding = 4; lastKnownFileType = sourcecode.swift; path = ImageView.swift; sourceTree = "<group>"; };
		0E1208D21B213F9100418D47 /* KLineView.swift */ = {isa = PBXFileReference; fileEncoding = 4; lastKnownFileType = sourcecode.swift; path = KLineView.swift; sourceTree = "<group>"; };
		0E1208D31B213F9100418D47 /* RightDetailCell.swift */ = {isa = PBXFileReference; fileEncoding = 4; lastKnownFileType = sourcecode.swift; path = RightDetailCell.swift; sourceTree = "<group>"; };
		0E1208D41B213F9100418D47 /* SubtitleCell.swift */ = {isa = PBXFileReference; fileEncoding = 4; lastKnownFileType = sourcecode.swift; path = SubtitleCell.swift; sourceTree = "<group>"; };
		0E1208D61B213F9100418D47 /* AvatarView.swift */ = {isa = PBXFileReference; fileEncoding = 4; lastKnownFileType = sourcecode.swift; path = AvatarView.swift; sourceTree = "<group>"; };
		0E1208D71B213F9100418D47 /* SocialSignIn.swift */ = {isa = PBXFileReference; fileEncoding = 4; lastKnownFileType = sourcecode.swift; path = SocialSignIn.swift; sourceTree = "<group>"; };
		0E1208D81B213F9100418D47 /* BaseSign.swift */ = {isa = PBXFileReference; fileEncoding = 4; lastKnownFileType = sourcecode.swift; path = BaseSign.swift; sourceTree = "<group>"; };
		0E1208D91B213F9100418D47 /* SignInController.swift */ = {isa = PBXFileReference; fileEncoding = 4; lastKnownFileType = sourcecode.swift; path = SignInController.swift; sourceTree = "<group>"; };
		0E1208DA1B213F9100418D47 /* SignUpController.swift */ = {isa = PBXFileReference; fileEncoding = 4; lastKnownFileType = sourcecode.swift; path = SignUpController.swift; sourceTree = "<group>"; };
		0E1208DB1B213F9100418D47 /* TagsView.swift */ = {isa = PBXFileReference; fileEncoding = 4; lastKnownFileType = sourcecode.swift; path = TagsView.swift; sourceTree = "<group>"; };
		0E1208DE1B213F9100418D47 /* Base */ = {isa = PBXFileReference; lastKnownFileType = text.plist.strings; name = Base; path = Base.lproj/Default.strings; sourceTree = "<group>"; };
		0E1208DF1B213F9100418D47 /* en */ = {isa = PBXFileReference; lastKnownFileType = text.plist.strings; name = en; path = en.lproj/Default.strings; sourceTree = "<group>"; };
		0E1208E01B213F9100418D47 /* zh-Hans */ = {isa = PBXFileReference; lastKnownFileType = text.plist.strings; name = "zh-Hans"; path = "zh-Hans.lproj/Default.strings"; sourceTree = "<group>"; };
		0E18E16D1B4A3BB900994647 /* CardCell.swift */ = {isa = PBXFileReference; fileEncoding = 4; lastKnownFileType = sourcecode.swift; path = CardCell.swift; sourceTree = "<group>"; };
		0E18E16E1B4A3BB900994647 /* CardListCell.swift */ = {isa = PBXFileReference; fileEncoding = 4; lastKnownFileType = sourcecode.swift; path = CardListCell.swift; sourceTree = "<group>"; };
		0E18E16F1B4A3BB900994647 /* CardTableCell.swift */ = {isa = PBXFileReference; fileEncoding = 4; lastKnownFileType = sourcecode.swift; path = CardTableCell.swift; sourceTree = "<group>"; };
		0E18E1701B4A3BB900994647 /* CardView.swift */ = {isa = PBXFileReference; fileEncoding = 4; lastKnownFileType = sourcecode.swift; path = CardView.swift; sourceTree = "<group>"; };
		0E18E1711B4A3BB900994647 /* CommentCell.swift */ = {isa = PBXFileReference; fileEncoding = 4; lastKnownFileType = sourcecode.swift; path = CommentCell.swift; sourceTree = "<group>"; };
		0E18E1721B4A3BB900994647 /* PageCell.swift */ = {isa = PBXFileReference; fileEncoding = 4; lastKnownFileType = sourcecode.swift; path = PageCell.swift; sourceTree = "<group>"; };
		0E18E1731B4A3BB900994647 /* PosterView.swift */ = {isa = PBXFileReference; fileEncoding = 4; lastKnownFileType = sourcecode.swift; path = PosterView.swift; sourceTree = "<group>"; };
		0E18E1741B4A3BB900994647 /* SpecialCover.swift */ = {isa = PBXFileReference; fileEncoding = 4; lastKnownFileType = sourcecode.swift; path = SpecialCover.swift; sourceTree = "<group>"; };
		0E18E17D1B4A3C6F00994647 /* CardUtils.swift */ = {isa = PBXFileReference; fileEncoding = 4; lastKnownFileType = sourcecode.swift; name = CardUtils.swift; path = ../CardUtils.swift; sourceTree = "<group>"; };
		0E1E62A61B4E7F17004965CD /* UpdateController.swift */ = {isa = PBXFileReference; fileEncoding = 4; lastKnownFileType = sourcecode.swift; path = UpdateController.swift; sourceTree = "<group>"; };
		0E1E63191B4E8F40004965CD /* CheckListUpdate.swift */ = {isa = PBXFileReference; fileEncoding = 4; lastKnownFileType = sourcecode.swift; path = CheckListUpdate.swift; sourceTree = "<group>"; };
		0E3A28BB1BCE3BCD0063A4B7 /* Answer.swift */ = {isa = PBXFileReference; fileEncoding = 4; lastKnownFileType = sourcecode.swift; path = Answer.swift; sourceTree = "<group>"; };
		0E3A28BC1BCE3BCD0063A4B7 /* Article.swift */ = {isa = PBXFileReference; fileEncoding = 4; lastKnownFileType = sourcecode.swift; path = Article.swift; sourceTree = "<group>"; };
		0E3A28BD1BCE3BCD0063A4B7 /* Branch.swift */ = {isa = PBXFileReference; fileEncoding = 4; lastKnownFileType = sourcecode.swift; path = Branch.swift; sourceTree = "<group>"; };
		0E3A28BE1BCE3BCD0063A4B7 /* Card.swift */ = {isa = PBXFileReference; fileEncoding = 4; lastKnownFileType = sourcecode.swift; path = Card.swift; sourceTree = "<group>"; };
		0E3A28BF1BCE3BCD0063A4B7 /* Category.swift */ = {isa = PBXFileReference; fileEncoding = 4; lastKnownFileType = sourcecode.swift; path = Category.swift; sourceTree = "<group>"; };
		0E3A28C01BCE3BCD0063A4B7 /* ClaimRecord.swift */ = {isa = PBXFileReference; fileEncoding = 4; lastKnownFileType = sourcecode.swift; path = ClaimRecord.swift; sourceTree = "<group>"; };
		0E3A28C11BCE3BCD0063A4B7 /* Comment.swift */ = {isa = PBXFileReference; fileEncoding = 4; lastKnownFileType = sourcecode.swift; path = Comment.swift; sourceTree = "<group>"; };
		0E3A28C21BCE3BCD0063A4B7 /* Company.swift */ = {isa = PBXFileReference; fileEncoding = 4; lastKnownFileType = sourcecode.swift; path = Company.swift; sourceTree = "<group>"; };
		0E3A28C31BCE3BCD0063A4B7 /* Enquiry.swift */ = {isa = PBXFileReference; fileEncoding = 4; lastKnownFileType = sourcecode.swift; path = Enquiry.swift; sourceTree = "<group>"; };
		0E3A28C41BCE3BCD0063A4B7 /* Featured.swift */ = {isa = PBXFileReference; fileEncoding = 4; lastKnownFileType = sourcecode.swift; path = Featured.swift; sourceTree = "<group>"; };
		0E3A28C61BCE3BCD0063A4B7 /* Health.swift */ = {isa = PBXFileReference; fileEncoding = 4; lastKnownFileType = sourcecode.swift; path = Health.swift; sourceTree = "<group>"; };
		0E3A28C71BCE3BCD0063A4B7 /* HomeModel.swift */ = {isa = PBXFileReference; fileEncoding = 4; lastKnownFileType = sourcecode.swift; path = HomeModel.swift; sourceTree = "<group>"; };
		0E3A28C81BCE3BCD0063A4B7 /* Illegaality.swift */ = {isa = PBXFileReference; fileEncoding = 4; lastKnownFileType = sourcecode.swift; path = Illegaality.swift; sourceTree = "<group>"; };
		0E3A28C91BCE3BCD0063A4B7 /* Insurance.swift */ = {isa = PBXFileReference; fileEncoding = 4; lastKnownFileType = sourcecode.swift; path = Insurance.swift; sourceTree = "<group>"; };
		0E3A28CA1BCE3BCD0063A4B7 /* InsurancePolicy.swift */ = {isa = PBXFileReference; fileEncoding = 4; lastKnownFileType = sourcecode.swift; path = InsurancePolicy.swift; sourceTree = "<group>"; };
		0E3A28CB1BCE3BCD0063A4B7 /* Like.swift */ = {isa = PBXFileReference; fileEncoding = 4; lastKnownFileType = sourcecode.swift; path = Like.swift; sourceTree = "<group>"; };
		0E3A28CD1BCE3BCD0063A4B7 /* Offer.swift */ = {isa = PBXFileReference; fileEncoding = 4; lastKnownFileType = sourcecode.swift; path = Offer.swift; sourceTree = "<group>"; };
		0E3A28CE1BCE3BCD0063A4B7 /* Order.swift */ = {isa = PBXFileReference; fileEncoding = 4; lastKnownFileType = sourcecode.swift; path = Order.swift; sourceTree = "<group>"; };
		0E3A28CF1BCE3BCD0063A4B7 /* Prepay.swift */ = {isa = PBXFileReference; fileEncoding = 4; lastKnownFileType = sourcecode.swift; path = Prepay.swift; sourceTree = "<group>"; };
		0E3A28D01BCE3BCD0063A4B7 /* Product.swift */ = {isa = PBXFileReference; fileEncoding = 4; lastKnownFileType = sourcecode.swift; path = Product.swift; sourceTree = "<group>"; };
		0E3A28D21BCE3BCD0063A4B7 /* Question.swift */ = {isa = PBXFileReference; fileEncoding = 4; lastKnownFileType = sourcecode.swift; path = Question.swift; sourceTree = "<group>"; };
		0E3A28D31BCE3BCD0063A4B7 /* Special.swift */ = {isa = PBXFileReference; fileEncoding = 4; lastKnownFileType = sourcecode.swift; path = Special.swift; sourceTree = "<group>"; };
		0E3A28D51BCE3BCD0063A4B7 /* Tag.swift */ = {isa = PBXFileReference; fileEncoding = 4; lastKnownFileType = sourcecode.swift; path = Tag.swift; sourceTree = "<group>"; };
		0E3A28D61BCE3BCD0063A4B7 /* User.swift */ = {isa = PBXFileReference; fileEncoding = 4; lastKnownFileType = sourcecode.swift; path = User.swift; sourceTree = "<group>"; };
		0E3A28D71BCE3BCD0063A4B7 /* Vehicle.swift */ = {isa = PBXFileReference; fileEncoding = 4; lastKnownFileType = sourcecode.swift; path = Vehicle.swift; sourceTree = "<group>"; };
		0E3A28D81BCE3BCD0063A4B7 /* Video.swift */ = {isa = PBXFileReference; fileEncoding = 4; lastKnownFileType = sourcecode.swift; path = Video.swift; sourceTree = "<group>"; };
		0E3A28D91BCE3BCD0063A4B7 /* Vote.swift */ = {isa = PBXFileReference; fileEncoding = 4; lastKnownFileType = sourcecode.swift; path = Vote.swift; sourceTree = "<group>"; };
		0E6F600D1B577F6600CD13C2 /* WeixinUtils.swift */ = {isa = PBXFileReference; fileEncoding = 4; lastKnownFileType = sourcecode.swift; path = WeixinUtils.swift; sourceTree = "<group>"; };
		0E8082981B9D3843007220CA /* CoreTelephony.framework */ = {isa = PBXFileReference; lastKnownFileType = wrapper.framework; name = CoreTelephony.framework; path = System/Library/Frameworks/CoreTelephony.framework; sourceTree = SDKROOT; };
		0E8113DF1B57C93E00ADD2DF /* OrderCreate.swift */ = {isa = PBXFileReference; fileEncoding = 4; lastKnownFileType = sourcecode.swift; path = OrderCreate.swift; sourceTree = "<group>"; };
		0E91145D1B52BBB300C93BC5 /* TextViewCreate.swift */ = {isa = PBXFileReference; fileEncoding = 4; lastKnownFileType = sourcecode.swift; path = TextViewCreate.swift; sourceTree = "<group>"; };
		0E91145F1B52BBC600C93BC5 /* TextFieldCreate.swift */ = {isa = PBXFileReference; fileEncoding = 4; lastKnownFileType = sourcecode.swift; path = TextFieldCreate.swift; sourceTree = "<group>"; };
		0E9B913D1BDF53570030329D /* VehicleCreate.swift */ = {isa = PBXFileReference; fileEncoding = 4; lastKnownFileType = sourcecode.swift; path = VehicleCreate.swift; sourceTree = "<group>"; };
		0E9B913E1BDF53570030329D /* VehicleList.swift */ = {isa = PBXFileReference; fileEncoding = 4; lastKnownFileType = sourcecode.swift; path = VehicleList.swift; sourceTree = "<group>"; };
		0E9B91411BDF6A2F0030329D /* GDS.swift */ = {isa = PBXFileReference; fileEncoding = 4; lastKnownFileType = sourcecode.swift; path = GDS.swift; sourceTree = "<group>"; };
		0EBFEFEF1BC7BB5100F69051 /* CAPSPageMenu.swift */ = {isa = PBXFileReference; fileEncoding = 4; lastKnownFileType = sourcecode.swift; path = CAPSPageMenu.swift; sourceTree = "<group>"; };
		0EC87AAB1B5F66AD00B88A3C /* CityList.swift */ = {isa = PBXFileReference; fileEncoding = 4; lastKnownFileType = sourcecode.swift; path = CityList.swift; sourceTree = "<group>"; };
		0EC87AAF1B5F7E5000B88A3C /* City.swift */ = {isa = PBXFileReference; fileEncoding = 4; lastKnownFileType = sourcecode.swift; path = City.swift; sourceTree = "<group>"; };
		0ECD81991B2059D700054FD2 /* Insurance.app */ = {isa = PBXFileReference; explicitFileType = wrapper.application; includeInIndex = 0; path = Insurance.app; sourceTree = BUILT_PRODUCTS_DIR; };
		0ECD81A51B2059D700054FD2 /* Base */ = {isa = PBXFileReference; lastKnownFileType = file.storyboard; name = Base; path = Base.lproj/Main.storyboard; sourceTree = "<group>"; };
		0ECD81A71B2059D700054FD2 /* Images.xcassets */ = {isa = PBXFileReference; lastKnownFileType = folder.assetcatalog; path = Images.xcassets; sourceTree = "<group>"; };
		0ECD81AA1B2059D700054FD2 /* Base */ = {isa = PBXFileReference; lastKnownFileType = file.xib; name = Base; path = Base.lproj/LaunchScreen.xib; sourceTree = "<group>"; };
		0ECD81B01B2059D800054FD2 /* InsuranceTests.xctest */ = {isa = PBXFileReference; explicitFileType = wrapper.cfbundle; includeInIndex = 0; path = InsuranceTests.xctest; sourceTree = BUILT_PRODUCTS_DIR; };
		0ECD81B51B2059D800054FD2 /* Info.plist */ = {isa = PBXFileReference; lastKnownFileType = text.plist.xml; path = Info.plist; sourceTree = "<group>"; };
		0ECD81B61B2059D800054FD2 /* InsuranceTests.swift */ = {isa = PBXFileReference; lastKnownFileType = sourcecode.swift; path = InsuranceTests.swift; sourceTree = "<group>"; };
		0ECD81C11B2066B100054FD2 /* AppDelegate.swift */ = {isa = PBXFileReference; fileEncoding = 4; lastKnownFileType = sourcecode.swift; path = AppDelegate.swift; sourceTree = "<group>"; };
		0ECD81C31B2066B100054FD2 /* Constants.swift */ = {isa = PBXFileReference; fileEncoding = 4; lastKnownFileType = sourcecode.swift; path = Constants.swift; sourceTree = "<group>"; };
		0ECD81D21B2066B100054FD2 /* ShareUtils.swift */ = {isa = PBXFileReference; fileEncoding = 4; lastKnownFileType = sourcecode.swift; path = ShareUtils.swift; sourceTree = "<group>"; };
		0ECD826E1B20673C00054FD2 /* Insurance-Bridging-Header.h */ = {isa = PBXFileReference; lastKnownFileType = sourcecode.c.h; path = "Insurance-Bridging-Header.h"; sourceTree = "<group>"; };
		0ECD82711B206A9500054FD2 /* libsqlite3.0.dylib */ = {isa = PBXFileReference; lastKnownFileType = "compiled.mach-o.dylib"; name = libsqlite3.0.dylib; path = usr/lib/libsqlite3.0.dylib; sourceTree = SDKROOT; };
		0ECD82731B206AA100054FD2 /* libz.dylib */ = {isa = PBXFileReference; lastKnownFileType = "compiled.mach-o.dylib"; name = libz.dylib; path = usr/lib/libz.dylib; sourceTree = SDKROOT; };
		0ECD82751B206AA800054FD2 /* libc++.dylib */ = {isa = PBXFileReference; lastKnownFileType = "compiled.mach-o.dylib"; name = "libc++.dylib"; path = "usr/lib/libc++.dylib"; sourceTree = SDKROOT; };
		0ECD827D1B206C2000054FD2 /* Base */ = {isa = PBXFileReference; lastKnownFileType = text.plist.strings; name = Base; path = Base.lproj/InfoPlist.strings; sourceTree = "<group>"; };
		0ECD827F1B206C2300054FD2 /* en */ = {isa = PBXFileReference; lastKnownFileType = text.plist.strings; name = en; path = en.lproj/InfoPlist.strings; sourceTree = "<group>"; };
		0ECD82801B206C9900054FD2 /* Info.plist */ = {isa = PBXFileReference; fileEncoding = 4; lastKnownFileType = text.plist.xml; path = Info.plist; sourceTree = "<group>"; };
		0ECD82851B206CDA00054FD2 /* Base */ = {isa = PBXFileReference; lastKnownFileType = text.plist.strings; name = Base; path = Base.lproj/Localizable.strings; sourceTree = "<group>"; };
		0ECD82871B206CDC00054FD2 /* en */ = {isa = PBXFileReference; lastKnownFileType = text.plist.strings; name = en; path = en.lproj/Localizable.strings; sourceTree = "<group>"; };
		0ED9FF881B574EAD00DA5193 /* BaseCardList.swift */ = {isa = PBXFileReference; fileEncoding = 4; lastKnownFileType = sourcecode.swift; path = BaseCardList.swift; sourceTree = "<group>"; };
		0ED9FF891B574EAD00DA5193 /* CardList.swift */ = {isa = PBXFileReference; fileEncoding = 4; lastKnownFileType = sourcecode.swift; path = CardList.swift; sourceTree = "<group>"; };
		0ED9FF8A1B574EAD00DA5193 /* CardWebDetail.swift */ = {isa = PBXFileReference; fileEncoding = 4; lastKnownFileType = sourcecode.swift; path = CardWebDetail.swift; sourceTree = "<group>"; };
		0ED9FF8B1B574EAD00DA5193 /* MyList.swift */ = {isa = PBXFileReference; fileEncoding = 4; lastKnownFileType = sourcecode.swift; path = MyList.swift; sourceTree = "<group>"; };
		0ED9FF8C1B574EAD00DA5193 /* SimpleCardList.swift */ = {isa = PBXFileReference; fileEncoding = 4; lastKnownFileType = sourcecode.swift; path = SimpleCardList.swift; sourceTree = "<group>"; };
		0ED9FF8F1B574EAD00DA5193 /* Compare.swift */ = {isa = PBXFileReference; fileEncoding = 4; lastKnownFileType = sourcecode.swift; path = Compare.swift; sourceTree = "<group>"; };
		0ED9FF901B574EAD00DA5193 /* Discover.swift */ = {isa = PBXFileReference; fileEncoding = 4; lastKnownFileType = sourcecode.swift; path = Discover.swift; sourceTree = "<group>"; };
		0ED9FF911B574EAD00DA5193 /* Flight.swift */ = {isa = PBXFileReference; fileEncoding = 4; lastKnownFileType = sourcecode.swift; path = Flight.swift; sourceTree = "<group>"; };
		0ED9FF921B574EAD00DA5193 /* Home.swift */ = {isa = PBXFileReference; fileEncoding = 4; lastKnownFileType = sourcecode.swift; path = Home.swift; sourceTree = "<group>"; };
		0ED9FF931B574EAD00DA5193 /* Main.swift */ = {isa = PBXFileReference; fileEncoding = 4; lastKnownFileType = sourcecode.swift; path = Main.swift; sourceTree = "<group>"; };
		0ED9FF941B574EAD00DA5193 /* Me.swift */ = {isa = PBXFileReference; fileEncoding = 4; lastKnownFileType = sourcecode.swift; path = Me.swift; sourceTree = "<group>"; };
		0ED9FF961B574EAD00DA5193 /* OrderDetail.swift */ = {isa = PBXFileReference; fileEncoding = 4; lastKnownFileType = sourcecode.swift; path = OrderDetail.swift; sourceTree = "<group>"; };
		0ED9FF971B574EAD00DA5193 /* OrderList.swift */ = {isa = PBXFileReference; fileEncoding = 4; lastKnownFileType = sourcecode.swift; path = OrderList.swift; sourceTree = "<group>"; };
		0ED9FF991B574EAD00DA5193 /* ProductDetail.swift */ = {isa = PBXFileReference; fileEncoding = 4; lastKnownFileType = sourcecode.swift; path = ProductDetail.swift; sourceTree = "<group>"; };
		0ED9FF9A1B574EAD00DA5193 /* ProductList.swift */ = {isa = PBXFileReference; fileEncoding = 4; lastKnownFileType = sourcecode.swift; path = ProductList.swift; sourceTree = "<group>"; };
		0ED9FFA01B574EAD00DA5193 /* UserDetail.swift */ = {isa = PBXFileReference; fileEncoding = 4; lastKnownFileType = sourcecode.swift; path = UserDetail.swift; sourceTree = "<group>"; };
		0ED9FFBA1B574F5B00DA5193 /* About.swift */ = {isa = PBXFileReference; fileEncoding = 4; lastKnownFileType = sourcecode.swift; path = About.swift; sourceTree = "<group>"; };
		0ED9FFBB1B574F5B00DA5193 /* Profile.swift */ = {isa = PBXFileReference; fileEncoding = 4; lastKnownFileType = sourcecode.swift; path = Profile.swift; sourceTree = "<group>"; };
		0ED9FFBC1B574F5B00DA5193 /* Settings.swift */ = {isa = PBXFileReference; fileEncoding = 4; lastKnownFileType = sourcecode.swift; path = Settings.swift; sourceTree = "<group>"; };
		0ED9FFBD1B574F5B00DA5193 /* SignIn.swift */ = {isa = PBXFileReference; fileEncoding = 4; lastKnownFileType = sourcecode.swift; path = SignIn.swift; sourceTree = "<group>"; };
		0ED9FFBE1B574F5B00DA5193 /* SignUp.swift */ = {isa = PBXFileReference; fileEncoding = 4; lastKnownFileType = sourcecode.swift; path = SignUp.swift; sourceTree = "<group>"; };
		0ED9FFC41B576DE500DA5193 /* XML.swift */ = {isa = PBXFileReference; fileEncoding = 4; lastKnownFileType = sourcecode.swift; path = XML.swift; sourceTree = "<group>"; };
		0EE2B8571B71DDB1007DE0C3 /* QuickButton.swift */ = {isa = PBXFileReference; fileEncoding = 4; lastKnownFileType = sourcecode.swift; path = QuickButton.swift; sourceTree = "<group>"; };
		33460E9F51E1D8AF9D4D6B86 /* Pods.debug.xcconfig */ = {isa = PBXFileReference; includeInIndex = 1; lastKnownFileType = text.xcconfig; name = Pods.debug.xcconfig; path = "Pods/Target Support Files/Pods/Pods.debug.xcconfig"; sourceTree = "<group>"; };
		3CDE55435AAF7CBF3FEE012A /* Pods.release.xcconfig */ = {isa = PBXFileReference; includeInIndex = 1; lastKnownFileType = text.xcconfig; name = Pods.release.xcconfig; path = "Pods/Target Support Files/Pods/Pods.release.xcconfig"; sourceTree = "<group>"; };
		9DB06B47A107F679B1D74B0F /* libPods.a */ = {isa = PBXFileReference; explicitFileType = archive.ar; includeInIndex = 0; path = libPods.a; sourceTree = BUILT_PRODUCTS_DIR; };
		DC4ADCAA1C0ADE5900D24832 /* Pods_Insurance.framework */ = {isa = PBXFileReference; explicitFileType = wrapper.framework; includeInIndex = 0; path = Pods_Insurance.framework; sourceTree = BUILT_PRODUCTS_DIR; };
/* End PBXFileReference section */

/* Begin PBXFrameworksBuildPhase section */
		0ECD81961B2059D700054FD2 /* Frameworks */ = {
			isa = PBXFrameworksBuildPhase;
			buildActionMask = 2147483647;
			files = (
				0E8082991B9D3843007220CA /* CoreTelephony.framework in Frameworks */,
				0ECD82761B206AA800054FD2 /* libc++.dylib in Frameworks */,
				0ECD82721B206A9500054FD2 /* libsqlite3.0.dylib in Frameworks */,
				0ECD82741B206AA100054FD2 /* libz.dylib in Frameworks */,
				B164F0A5965B414336774F98 /* Pods_Insurance.framework in Frameworks */,
				594596F4CE2728B3D0C3E000 /* libPods.a in Frameworks */,
			);
			runOnlyForDeploymentPostprocessing = 0;
		};
		0ECD81AD1B2059D800054FD2 /* Frameworks */ = {
			isa = PBXFrameworksBuildPhase;
			buildActionMask = 2147483647;
			files = (
			);
			runOnlyForDeploymentPostprocessing = 0;
		};
/* End PBXFrameworksBuildPhase section */

/* Begin PBXGroup section */
		0E12089F1B213F9100418D47 /* Taylor */ = {
			isa = PBXGroup;
			children = (
				0E1208A01B213F9100418D47 /* Classes */,
				0E1208DC1B213F9100418D47 /* Resources */,
			);
			name = Taylor;
			path = ../../Taylor/Taylor;
			sourceTree = "<group>";
		};
		0E1208A01B213F9100418D47 /* Classes */ = {
			isa = PBXGroup;
			children = (
				0E1208C81B213F9100418D47 /* TaylorR.swift */,
				0E1208A11B213F9100418D47 /* Content */,
				0E1208A51B213F9100418D47 /* Controllers */,
				0E1208B11B213F9100418D47 /* Extensions */,
				0E1208BE1B213F9100418D47 /* Main */,
				0E1208C11B213F9100418D47 /* Models */,
				0E1208C91B213F9100418D47 /* Util */,
				0E1208D01B213F9100418D47 /* Views */,
				0E6F600C1B577F5700CD13C2 /* Weixin */,
				0E1208D51B213F9100418D47 /* Widget */,
			);
			path = Classes;
			sourceTree = "<group>";
		};
		0E1208A11B213F9100418D47 /* Content */ = {
			isa = PBXGroup;
			children = (
				0E1208A21B213F9100418D47 /* BaseLoader.swift */,
				0E1208A31B213F9100418D47 /* HttpLoader.swift */,
				0E1208A41B213F9100418D47 /* HttpTask.swift */,
			);
			path = Content;
			sourceTree = "<group>";
		};
		0E1208A51B213F9100418D47 /* Controllers */ = {
			isa = PBXGroup;
			children = (
				0E1208A61B213F9100418D47 /* BaseController.swift */,
				0E1208A81B213F9100418D47 /* BaseDetail.swift */,
				0E1208A71B213F9100418D47 /* CreateController.swift */,
				0E91145D1B52BBB300C93BC5 /* TextViewCreate.swift */,
				0E91145F1B52BBC600C93BC5 /* TextFieldCreate.swift */,
				0E1E62A61B4E7F17004965CD /* UpdateController.swift */,
				0E1208A91B213F9100418D47 /* TextFieldUpdate.swift */,
				0E1E63191B4E8F40004965CD /* CheckListUpdate.swift */,
				0E1208AA1B213F9100418D47 /* CollectionList.swift */,
				0E1208AB1B213F9100418D47 /* ListController.swift */,
				0E1208AC1B213F9100418D47 /* SearchResultsList.swift */,
				0E1208AD1B213F9100418D47 /* TableDetail.swift */,
				0E1208AE1B213F9100418D47 /* TableList.swift */,
				0E1208AF1B213F9100418D47 /* TableSearch.swift */,
				0E1208B01B213F9100418D47 /* WebDetail.swift */,
			);
			path = Controllers;
			sourceTree = "<group>";
		};
		0E1208B11B213F9100418D47 /* Extensions */ = {
			isa = PBXGroup;
			children = (
				0E1208B21B213F9100418D47 /* Array+Extension.swift */,
				0E1208B31B213F9100418D47 /* NSData+Extension.swift */,
				0E1208B41B213F9100418D47 /* NSDate+Extension.swift */,
				0E1208B51B213F9100418D47 /* String+Extension.swift */,
				0E1208B61B213F9100418D47 /* UIColor+Extension.swift */,
				0E1208B71B213F9100418D47 /* UIImage+Extension.swift */,
				0E1208B81B213F9100418D47 /* UILabel+Extension.swift */,
				0E1208B91B213F9100418D47 /* UISearchBar+Extension.swift */,
				0E1208BA1B213F9100418D47 /* UITextField+Extension.swift */,
				0E1208BB1B213F9100418D47 /* UIView+Extension.swift */,
				0E1208BC1B213F9100418D47 /* UIViewController+Extension.swift */,
				0E1208BD1B213F9100418D47 /* UIVisualEffectView+Extension.swift */,
			);
			path = Extensions;
			sourceTree = "<group>";
		};
		0E1208BE1B213F9100418D47 /* Main */ = {
			isa = PBXGroup;
			children = (
				0E1208BF1B213F9100418D47 /* BaseAppDelegate.swift */,
				0E1208C01B213F9100418D47 /* SocialAppDelegate.swift */,
			);
			path = Main;
			sourceTree = "<group>";
		};
		0E1208C11B213F9100418D47 /* Models */ = {
			isa = PBXGroup;
			children = (
				0E1208C21B213F9100418D47 /* BaseData.swift */,
				0E1208C31B213F9100418D47 /* ModelObject.swift */,
				0E1208C41B213F9100418D47 /* BaseUser.swift */,
				0E0C87231B53A5980040AF4D /* Item.swift */,
				0E1208C51B213F9100418D47 /* ListModel.swift */,
				0E1208C61B213F9100418D47 /* UploadParams.swift */,
				0E1208C71B213F9100418D47 /* WXToken.swift */,
				0EC87AAF1B5F7E5000B88A3C /* City.swift */,
			);
			path = Models;
			sourceTree = "<group>";
		};
		0E1208C91B213F9100418D47 /* Util */ = {
			isa = PBXGroup;
			children = (
				0E1208CA1B213F9100418D47 /* FileUtils.swift */,
				0E1208CB1B213F9100418D47 /* RestKitUtils.swift */,
				0E1208CD1B213F9100418D47 /* Shortcuts.swift */,
				0E1208CE1B213F9100418D47 /* TSMessage+Extension.swift */,
				0E1208CC1B213F9100418D47 /* UploadUtils.swift */,
				0E1208CF1B213F9100418D47 /* Utils.swift */,
			);
			path = Util;
			sourceTree = "<group>";
		};
		0E1208D01B213F9100418D47 /* Views */ = {
			isa = PBXGroup;
			children = (
				0E1208D11B213F9100418D47 /* ImageView.swift */,
				0E1208D21B213F9100418D47 /* KLineView.swift */,
				0E1208D31B213F9100418D47 /* RightDetailCell.swift */,
				0E1208D41B213F9100418D47 /* SubtitleCell.swift */,
			);
			path = Views;
			sourceTree = "<group>";
		};
		0E1208D51B213F9100418D47 /* Widget */ = {
			isa = PBXGroup;
			children = (
				0E1208D61B213F9100418D47 /* AvatarView.swift */,
				0E1208D81B213F9100418D47 /* BaseSign.swift */,
				0E1208DA1B213F9100418D47 /* SignUpController.swift */,
				0E1208D91B213F9100418D47 /* SignInController.swift */,
				0E1208D71B213F9100418D47 /* SocialSignIn.swift */,
				0E1208DB1B213F9100418D47 /* TagsView.swift */,
				0EC87AAB1B5F66AD00B88A3C /* CityList.swift */,
				0EE2B8571B71DDB1007DE0C3 /* QuickButton.swift */,
			);
			path = Widget;
			sourceTree = "<group>";
		};
		0E1208DC1B213F9100418D47 /* Resources */ = {
			isa = PBXGroup;
			children = (
				0E1208DD1B213F9100418D47 /* Default.strings */,
			);
			path = Resources;
			sourceTree = "<group>";
		};
		0E6F600C1B577F5700CD13C2 /* Weixin */ = {
			isa = PBXGroup;
			children = (
				0E6F600D1B577F6600CD13C2 /* WeixinUtils.swift */,
			);
			path = Weixin;
			sourceTree = "<group>";
		};
		0EBFEFEE1BC7BB5100F69051 /* PageMenu */ = {
			isa = PBXGroup;
			children = (
				0EBFEFEF1BC7BB5100F69051 /* CAPSPageMenu.swift */,
			);
			path = PageMenu;
			sourceTree = "<group>";
		};
		0ECD81901B2059D700054FD2 = {
			isa = PBXGroup;
			children = (
				0ECD81E91B2066CD00054FD2 /* Library */,
				0ECD819B1B2059D700054FD2 /* Insurance */,
				0ECD81B31B2059D800054FD2 /* InsuranceTests */,
				0ECD819A1B2059D700054FD2 /* Products */,
				F647CE9DCC15F7A15F9686E0 /* Pods */,
				F97566CA4A248F8F7CD060DF /* Frameworks */,
			);
			sourceTree = "<group>";
		};
		0ECD819A1B2059D700054FD2 /* Products */ = {
			isa = PBXGroup;
			children = (
				0ECD81991B2059D700054FD2 /* Insurance.app */,
				0ECD81B01B2059D800054FD2 /* InsuranceTests.xctest */,
			);
			name = Products;
			sourceTree = "<group>";
		};
		0ECD819B1B2059D700054FD2 /* Insurance */ = {
			isa = PBXGroup;
			children = (
				0ECD81C01B2066B100054FD2 /* Classes */,
				0ECD81D61B2066B100054FD2 /* Resources */,
				0ECD81A41B2059D700054FD2 /* Main.storyboard */,
				0ECD81A71B2059D700054FD2 /* Images.xcassets */,
				0ECD81A91B2059D700054FD2 /* LaunchScreen.xib */,
				0ECD819C1B2059D700054FD2 /* Supporting Files */,
			);
			path = Insurance;
			sourceTree = "<group>";
		};
		0ECD819C1B2059D700054FD2 /* Supporting Files */ = {
			isa = PBXGroup;
			children = (
				0ECD82801B206C9900054FD2 /* Info.plist */,
				0ECD827E1B206C2000054FD2 /* InfoPlist.strings */,
				0ECD82861B206CDA00054FD2 /* Localizable.strings */,
			);
			name = "Supporting Files";
			sourceTree = "<group>";
		};
		0ECD81B31B2059D800054FD2 /* InsuranceTests */ = {
			isa = PBXGroup;
			children = (
				0ECD81B61B2059D800054FD2 /* InsuranceTests.swift */,
				0ECD81B41B2059D800054FD2 /* Supporting Files */,
			);
			path = InsuranceTests;
			sourceTree = "<group>";
		};
		0ECD81B41B2059D800054FD2 /* Supporting Files */ = {
			isa = PBXGroup;
			children = (
				0ECD81B51B2059D800054FD2 /* Info.plist */,
			);
			name = "Supporting Files";
			sourceTree = "<group>";
		};
		0ECD81C01B2066B100054FD2 /* Classes */ = {
			isa = PBXGroup;
			children = (
				0ECD81C11B2066B100054FD2 /* AppDelegate.swift */,
				0ECD81C31B2066B100054FD2 /* Constants.swift */,
				0ED9FFC41B576DE500DA5193 /* XML.swift */,
				0ECD81C41B2066B100054FD2 /* Controllers */,
				0ECD81CC1B2066B100054FD2 /* Models */,
				0ECD81D11B2066B100054FD2 /* Util */,
				0ECD81D31B2066B100054FD2 /* Views */,
				0ECD826E1B20673C00054FD2 /* Insurance-Bridging-Header.h */,
			);
			path = Classes;
			sourceTree = "<group>";
		};
		0ECD81C41B2066B100054FD2 /* Controllers */ = {
			isa = PBXGroup;
			children = (
				0ED9FF931B574EAD00DA5193 /* Main.swift */,
				0ED9FF921B574EAD00DA5193 /* Home.swift */,
				0ED9FF901B574EAD00DA5193 /* Discover.swift */,
				0E9B91411BDF6A2F0030329D /* GDS.swift */,
				0ED9FF8F1B574EAD00DA5193 /* Compare.swift */,
				0ED9FF911B574EAD00DA5193 /* Flight.swift */,
				0ED9FF941B574EAD00DA5193 /* Me.swift */,
				0ED9FF871B574EAD00DA5193 /* Cards */,
				0ED9FF951B574EAD00DA5193 /* Orders */,
				0ED9FF981B574EAD00DA5193 /* Products */,
				0ED9FF9F1B574EAD00DA5193 /* Users */,
				0ED9FFA11B574EAD00DA5193 /* Vehicles */,
				0ED9FFB91B574F5B00DA5193 /* Others */,
			);
			path = Controllers;
			sourceTree = "<group>";
		};
		0ECD81CC1B2066B100054FD2 /* Models */ = {
			isa = PBXGroup;
			children = (
				0E3A28BB1BCE3BCD0063A4B7 /* Answer.swift */,
				0E3A28BC1BCE3BCD0063A4B7 /* Article.swift */,
				0E3A28BD1BCE3BCD0063A4B7 /* Branch.swift */,
				0E3A28BE1BCE3BCD0063A4B7 /* Card.swift */,
				0E3A28BF1BCE3BCD0063A4B7 /* Category.swift */,
				0E3A28C01BCE3BCD0063A4B7 /* ClaimRecord.swift */,
				0E3A28C11BCE3BCD0063A4B7 /* Comment.swift */,
				0E3A28C21BCE3BCD0063A4B7 /* Company.swift */,
				0E3A28C31BCE3BCD0063A4B7 /* Enquiry.swift */,
				0E3A28C41BCE3BCD0063A4B7 /* Featured.swift */,
				0E3A28C61BCE3BCD0063A4B7 /* Health.swift */,
				0E3A28C71BCE3BCD0063A4B7 /* HomeModel.swift */,
				0E3A28C81BCE3BCD0063A4B7 /* Illegaality.swift */,
				0E3A28C91BCE3BCD0063A4B7 /* Insurance.swift */,
				0E3A28CA1BCE3BCD0063A4B7 /* InsurancePolicy.swift */,
				0E3A28CB1BCE3BCD0063A4B7 /* Like.swift */,
				0E3A28CD1BCE3BCD0063A4B7 /* Offer.swift */,
				0E3A28CE1BCE3BCD0063A4B7 /* Order.swift */,
				0E3A28CF1BCE3BCD0063A4B7 /* Prepay.swift */,
				0E3A28D01BCE3BCD0063A4B7 /* Product.swift */,
				0E3A28D21BCE3BCD0063A4B7 /* Question.swift */,
				0E3A28D31BCE3BCD0063A4B7 /* Special.swift */,
				0E3A28D51BCE3BCD0063A4B7 /* Tag.swift */,
				0E3A28D61BCE3BCD0063A4B7 /* User.swift */,
				0E3A28D71BCE3BCD0063A4B7 /* Vehicle.swift */,
				0E3A28D81BCE3BCD0063A4B7 /* Video.swift */,
				0E3A28D91BCE3BCD0063A4B7 /* Vote.swift */,
			);
			path = Models;
			sourceTree = "<group>";
		};
		0ECD81D11B2066B100054FD2 /* Util */ = {
			isa = PBXGroup;
			children = (
				0E18E17D1B4A3C6F00994647 /* CardUtils.swift */,
				0ECD81D21B2066B100054FD2 /* ShareUtils.swift */,
			);
			path = Util;
			sourceTree = "<group>";
		};
		0ECD81D31B2066B100054FD2 /* Views */ = {
			isa = PBXGroup;
			children = (
				0E18E16D1B4A3BB900994647 /* CardCell.swift */,
				0E18E16E1B4A3BB900994647 /* CardListCell.swift */,
				0E18E16F1B4A3BB900994647 /* CardTableCell.swift */,
				0E18E1701B4A3BB900994647 /* CardView.swift */,
				0E18E1711B4A3BB900994647 /* CommentCell.swift */,
				0E18E1721B4A3BB900994647 /* PageCell.swift */,
				0E18E1731B4A3BB900994647 /* PosterView.swift */,
				0E18E1741B4A3BB900994647 /* SpecialCover.swift */,
			);
			path = Views;
			sourceTree = "<group>";
		};
		0ECD81D61B2066B100054FD2 /* Resources */ = {
			isa = PBXGroup;
			children = (
				0ECD81D71B2066B100054FD2 /* Intro */,
			);
			path = Resources;
			sourceTree = "<group>";
		};
		0ECD81D71B2066B100054FD2 /* Intro */ = {
			isa = PBXGroup;
			children = (
			);
			path = Intro;
			sourceTree = "<group>";
		};
		0ECD81E91B2066CD00054FD2 /* Library */ = {
			isa = PBXGroup;
			children = (
				0EBFEFEE1BC7BB5100F69051 /* PageMenu */,
				0E12089F1B213F9100418D47 /* Taylor */,
			);
			path = Library;
			sourceTree = "<group>";
		};
		0ED9FF871B574EAD00DA5193 /* Cards */ = {
			isa = PBXGroup;
			children = (
				0ED9FF881B574EAD00DA5193 /* BaseCardList.swift */,
				0ED9FF891B574EAD00DA5193 /* CardList.swift */,
				0ED9FF8A1B574EAD00DA5193 /* CardWebDetail.swift */,
				0ED9FF8B1B574EAD00DA5193 /* MyList.swift */,
				0ED9FF8C1B574EAD00DA5193 /* SimpleCardList.swift */,
			);
			path = Cards;
			sourceTree = "<group>";
		};
		0ED9FF951B574EAD00DA5193 /* Orders */ = {
			isa = PBXGroup;
			children = (
				0E8113DF1B57C93E00ADD2DF /* OrderCreate.swift */,
				0ED9FF961B574EAD00DA5193 /* OrderDetail.swift */,
				0ED9FF971B574EAD00DA5193 /* OrderList.swift */,
			);
			path = Orders;
			sourceTree = "<group>";
		};
		0ED9FF981B574EAD00DA5193 /* Products */ = {
			isa = PBXGroup;
			children = (
				0ED9FF991B574EAD00DA5193 /* ProductDetail.swift */,
				0ED9FF9A1B574EAD00DA5193 /* ProductList.swift */,
			);
			path = Products;
			sourceTree = "<group>";
		};
		0ED9FF9F1B574EAD00DA5193 /* Users */ = {
			isa = PBXGroup;
			children = (
				0ED9FFA01B574EAD00DA5193 /* UserDetail.swift */,
			);
			path = Users;
			sourceTree = "<group>";
		};
		0ED9FFA11B574EAD00DA5193 /* Vehicles */ = {
			isa = PBXGroup;
			children = (
				0E9B913D1BDF53570030329D /* VehicleCreate.swift */,
				0E9B913E1BDF53570030329D /* VehicleList.swift */,
			);
			path = Vehicles;
			sourceTree = "<group>";
		};
		0ED9FFB91B574F5B00DA5193 /* Others */ = {
			isa = PBXGroup;
			children = (
				0ED9FFBA1B574F5B00DA5193 /* About.swift */,
				0ED9FFBB1B574F5B00DA5193 /* Profile.swift */,
				0ED9FFBC1B574F5B00DA5193 /* Settings.swift */,
				0ED9FFBD1B574F5B00DA5193 /* SignIn.swift */,
				0ED9FFBE1B574F5B00DA5193 /* SignUp.swift */,
			);
			path = Others;
			sourceTree = "<group>";
		};
		F647CE9DCC15F7A15F9686E0 /* Pods */ = {
			isa = PBXGroup;
			children = (
				33460E9F51E1D8AF9D4D6B86 /* Pods.debug.xcconfig */,
				3CDE55435AAF7CBF3FEE012A /* Pods.release.xcconfig */,
			);
			name = Pods;
			sourceTree = "<group>";
		};
		F97566CA4A248F8F7CD060DF /* Frameworks */ = {
			isa = PBXGroup;
			children = (
				0E8082981B9D3843007220CA /* CoreTelephony.framework */,
				0ECD82751B206AA800054FD2 /* libc++.dylib */,
				0ECD82731B206AA100054FD2 /* libz.dylib */,
				0ECD82711B206A9500054FD2 /* libsqlite3.0.dylib */,
				DC4ADCAA1C0ADE5900D24832 /* Pods_Insurance.framework */,
				9DB06B47A107F679B1D74B0F /* libPods.a */,
			);
			name = Frameworks;
			sourceTree = "<group>";
		};
/* End PBXGroup section */

/* Begin PBXNativeTarget section */
		0ECD81981B2059D700054FD2 /* Insurance */ = {
			isa = PBXNativeTarget;
			buildConfigurationList = 0ECD81BA1B2059D800054FD2 /* Build configuration list for PBXNativeTarget "Insurance" */;
			buildPhases = (
				59E4C1772DBE7DF282144435 /* Check Pods Manifest.lock */,
				0ECD81951B2059D700054FD2 /* Sources */,
				0ECD81961B2059D700054FD2 /* Frameworks */,
				0ECD81971B2059D700054FD2 /* Resources */,
				AB93DB8344DD07264B0E0E06 /* Copy Pods Resources */,
				86F05CF867A7964C89C7C111 /* Embed Pods Frameworks */,
			);
			buildRules = (
			);
			dependencies = (
			);
			name = Insurance;
			productName = Insurance;
			productReference = 0ECD81991B2059D700054FD2 /* Insurance.app */;
			productType = "com.apple.product-type.application";
		};
		0ECD81AF1B2059D800054FD2 /* InsuranceTests */ = {
			isa = PBXNativeTarget;
			buildConfigurationList = 0ECD81BD1B2059D800054FD2 /* Build configuration list for PBXNativeTarget "InsuranceTests" */;
			buildPhases = (
				0ECD81AC1B2059D800054FD2 /* Sources */,
				0ECD81AD1B2059D800054FD2 /* Frameworks */,
				0ECD81AE1B2059D800054FD2 /* Resources */,
			);
			buildRules = (
			);
			dependencies = (
				0ECD81B21B2059D800054FD2 /* PBXTargetDependency */,
			);
			name = InsuranceTests;
			productName = InsuranceTests;
			productReference = 0ECD81B01B2059D800054FD2 /* InsuranceTests.xctest */;
			productType = "com.apple.product-type.bundle.unit-test";
		};
/* End PBXNativeTarget section */

/* Begin PBXProject section */
		0ECD81911B2059D700054FD2 /* Project object */ = {
			isa = PBXProject;
			attributes = {
				LastSwiftMigration = 0700;
				LastSwiftUpdateCheck = 0700;
				LastUpgradeCheck = 0700;
				ORGANIZATIONNAME = NY;
				TargetAttributes = {
					0ECD81981B2059D700054FD2 = {
						CreatedOnToolsVersion = 6.3.2;
						DevelopmentTeam = KF63QFX3CY;
					};
					0ECD81AF1B2059D800054FD2 = {
						CreatedOnToolsVersion = 6.3.2;
						TestTargetID = 0ECD81981B2059D700054FD2;
					};
				};
			};
			buildConfigurationList = 0ECD81941B2059D700054FD2 /* Build configuration list for PBXProject "Insurance" */;
			compatibilityVersion = "Xcode 3.2";
			developmentRegion = English;
			hasScannedForEncodings = 0;
			knownRegions = (
				en,
				Base,
				"zh-Hans",
			);
			mainGroup = 0ECD81901B2059D700054FD2;
			productRefGroup = 0ECD819A1B2059D700054FD2 /* Products */;
			projectDirPath = "";
			projectRoot = "";
			targets = (
				0ECD81981B2059D700054FD2 /* Insurance */,
				0ECD81AF1B2059D800054FD2 /* InsuranceTests */,
			);
		};
/* End PBXProject section */

/* Begin PBXResourcesBuildPhase section */
		0ECD81971B2059D700054FD2 /* Resources */ = {
			isa = PBXResourcesBuildPhase;
			buildActionMask = 2147483647;
			files = (
				0ECD82841B206CDA00054FD2 /* Localizable.strings in Resources */,
				0ECD81A61B2059D700054FD2 /* Main.storyboard in Resources */,
				0ECD81AB1B2059D700054FD2 /* LaunchScreen.xib in Resources */,
				0ECD81A81B2059D700054FD2 /* Images.xcassets in Resources */,
				0ECD827C1B206C2000054FD2 /* InfoPlist.strings in Resources */,
				0E1209141B213F9100418D47 /* Default.strings in Resources */,
			);
			runOnlyForDeploymentPostprocessing = 0;
		};
		0ECD81AE1B2059D800054FD2 /* Resources */ = {
			isa = PBXResourcesBuildPhase;
			buildActionMask = 2147483647;
			files = (
			);
			runOnlyForDeploymentPostprocessing = 0;
		};
/* End PBXResourcesBuildPhase section */

/* Begin PBXShellScriptBuildPhase section */
		59E4C1772DBE7DF282144435 /* Check Pods Manifest.lock */ = {
			isa = PBXShellScriptBuildPhase;
			buildActionMask = 2147483647;
			files = (
			);
			inputPaths = (
			);
			name = "Check Pods Manifest.lock";
			outputPaths = (
			);
			runOnlyForDeploymentPostprocessing = 0;
			shellPath = /bin/sh;
			shellScript = "diff \"${PODS_ROOT}/../Podfile.lock\" \"${PODS_ROOT}/Manifest.lock\" > /dev/null\nif [[ $? != 0 ]] ; then\n    cat << EOM\nerror: The sandbox is not in sync with the Podfile.lock. Run 'pod install' or update your CocoaPods installation.\nEOM\n    exit 1\nfi\n";
			showEnvVarsInLog = 0;
		};
		86F05CF867A7964C89C7C111 /* Embed Pods Frameworks */ = {
			isa = PBXShellScriptBuildPhase;
			buildActionMask = 2147483647;
			files = (
			);
			inputPaths = (
			);
			name = "Embed Pods Frameworks";
			outputPaths = (
			);
			runOnlyForDeploymentPostprocessing = 0;
			shellPath = /bin/sh;
			shellScript = "\"${SRCROOT}/Pods/Target Support Files/Pods/Pods-frameworks.sh\"\n";
			showEnvVarsInLog = 0;
		};
		AB93DB8344DD07264B0E0E06 /* Copy Pods Resources */ = {
			isa = PBXShellScriptBuildPhase;
			buildActionMask = 2147483647;
			files = (
			);
			inputPaths = (
			);
			name = "Copy Pods Resources";
			outputPaths = (
			);
			runOnlyForDeploymentPostprocessing = 0;
			shellPath = /bin/sh;
			shellScript = "\"${SRCROOT}/Pods/Target Support Files/Pods/Pods-resources.sh\"\n";
			showEnvVarsInLog = 0;
		};
/* End PBXShellScriptBuildPhase section */

/* Begin PBXSourcesBuildPhase section */
		0ECD81951B2059D700054FD2 /* Sources */ = {
			isa = PBXSourcesBuildPhase;
			buildActionMask = 2147483647;
			files = (
				0E12090A1B213F9100418D47 /* ImageView.swift in Sources */,
				0E0C87251B53A5980040AF4D /* Item.swift in Sources */,
				0ED9FFA71B574EAD00DA5193 /* SimpleCardList.swift in Sources */,
				0E18E1761B4A3BB900994647 /* CardListCell.swift in Sources */,
				0E3A28E91BCE3BCD0063A4B7 /* InsurancePolicy.swift in Sources */,
				0E1208E11B213F9100418D47 /* BaseLoader.swift in Sources */,
				0E18E17A1B4A3BB900994647 /* PageCell.swift in Sources */,
				0E3A28F41BCE3BCD0063A4B7 /* Tag.swift in Sources */,
				0E1208E91B213F9100418D47 /* ListController.swift in Sources */,
				0E3A28E11BCE3BCD0063A4B7 /* Company.swift in Sources */,
				0E1208EF1B213F9100418D47 /* Array+Extension.swift in Sources */,
				0E3A28E31BCE3BCD0063A4B7 /* Featured.swift in Sources */,
				0E8113E01B57C93E00ADD2DF /* OrderCreate.swift in Sources */,
				0E1208F01B213F9100418D47 /* NSData+Extension.swift in Sources */,
				0E3A28E01BCE3BCD0063A4B7 /* Comment.swift in Sources */,
				0E1208E21B213F9100418D47 /* HttpLoader.swift in Sources */,
				0E3A28EC1BCE3BCD0063A4B7 /* Offer.swift in Sources */,
				0E18E1751B4A3BB900994647 /* CardCell.swift in Sources */,
				0E3A28EF1BCE3BCD0063A4B7 /* Product.swift in Sources */,
				0E1208FE1B213F9100418D47 /* ModelObject.swift in Sources */,
				0E18E1791B4A3BB900994647 /* CommentCell.swift in Sources */,
				0E3A28F21BCE3BCD0063A4B7 /* Special.swift in Sources */,
				0ED9FFA31B574EAD00DA5193 /* BaseCardList.swift in Sources */,
				0E12090F1B213F9100418D47 /* SocialSignIn.swift in Sources */,
				0ED9FFC01B574F5B00DA5193 /* Profile.swift in Sources */,
				0E1208E81B213F9100418D47 /* CollectionList.swift in Sources */,
				0E1209041B213F9100418D47 /* FileUtils.swift in Sources */,
				0E6F600E1B577F6600CD13C2 /* WeixinUtils.swift in Sources */,
				0E12090D1B213F9100418D47 /* SubtitleCell.swift in Sources */,
				0ECD81D81B2066B100054FD2 /* AppDelegate.swift in Sources */,
				0E1208F51B213F9100418D47 /* UILabel+Extension.swift in Sources */,
				0E1209111B213F9100418D47 /* SignInController.swift in Sources */,
				0ED9FFB81B574EAD00DA5193 /* UserDetail.swift in Sources */,
				0ED9FFAA1B574EAD00DA5193 /* Compare.swift in Sources */,
				0E1209081B213F9100418D47 /* TSMessage+Extension.swift in Sources */,
				0E18E1781B4A3BB900994647 /* CardView.swift in Sources */,
				0E1208EC1B213F9100418D47 /* TableList.swift in Sources */,
				0E3A28E51BCE3BCD0063A4B7 /* Health.swift in Sources */,
				0ED9FFBF1B574F5B00DA5193 /* About.swift in Sources */,
				0E12090B1B213F9100418D47 /* KLineView.swift in Sources */,
				0E3A28F81BCE3BCD0063A4B7 /* Vote.swift in Sources */,
				0E1208EB1B213F9100418D47 /* TableDetail.swift in Sources */,
				0E18E17E1B4A3C6F00994647 /* CardUtils.swift in Sources */,
				0E3A28EE1BCE3BCD0063A4B7 /* Prepay.swift in Sources */,
				0E1209021B213F9100418D47 /* WXToken.swift in Sources */,
				0E18E1771B4A3BB900994647 /* CardTableCell.swift in Sources */,
				0ECD81E61B2066B100054FD2 /* ShareUtils.swift in Sources */,
				0E1208F91B213F9100418D47 /* UIViewController+Extension.swift in Sources */,
				0ED9FFB11B574EAD00DA5193 /* OrderList.swift in Sources */,
				0ED9FFA41B574EAD00DA5193 /* CardList.swift in Sources */,
				0E12090C1B213F9100418D47 /* RightDetailCell.swift in Sources */,
				0ED9FFA61B574EAD00DA5193 /* MyList.swift in Sources */,
				0ED9FFAC1B574EAD00DA5193 /* Flight.swift in Sources */,
				0EBFEFF01BC7BB5100F69051 /* CAPSPageMenu.swift in Sources */,
				0E3A28DC1BCE3BCD0063A4B7 /* Branch.swift in Sources */,
				0E3A28DB1BCE3BCD0063A4B7 /* Article.swift in Sources */,
				0E1208E31B213F9100418D47 /* HttpTask.swift in Sources */,
				0E1208EA1B213F9100418D47 /* SearchResultsList.swift in Sources */,
				0ED9FFAD1B574EAD00DA5193 /* Home.swift in Sources */,
				0E1208ED1B213F9100418D47 /* TableSearch.swift in Sources */,
				0E1209051B213F9100418D47 /* RestKitUtils.swift in Sources */,
				0E1209091B213F9100418D47 /* Utils.swift in Sources */,
				0E9B913F1BDF53570030329D /* VehicleCreate.swift in Sources */,
				0EE2B8581B71DDB1007DE0C3 /* QuickButton.swift in Sources */,
				0E3A28EA1BCE3BCD0063A4B7 /* Like.swift in Sources */,
				0E91145E1B52BBB300C93BC5 /* TextViewCreate.swift in Sources */,
				0E1208FD1B213F9100418D47 /* BaseData.swift in Sources */,
				0ED9FFA51B574EAD00DA5193 /* CardWebDetail.swift in Sources */,
				0ED9FFAB1B574EAD00DA5193 /* Discover.swift in Sources */,
				0E12090E1B213F9100418D47 /* AvatarView.swift in Sources */,
				0E1209101B213F9100418D47 /* BaseSign.swift in Sources */,
				0E3A28E21BCE3BCD0063A4B7 /* Enquiry.swift in Sources */,
				0E1208E51B213F9100418D47 /* CreateController.swift in Sources */,
				0E1209071B213F9100418D47 /* Shortcuts.swift in Sources */,
				0E3A28DE1BCE3BCD0063A4B7 /* Category.swift in Sources */,
				0E1208FA1B213F9100418D47 /* UIVisualEffectView+Extension.swift in Sources */,
				0E1208E71B213F9100418D47 /* TextFieldUpdate.swift in Sources */,
				0ED9FFAF1B574EAD00DA5193 /* Me.swift in Sources */,
				0E1208FB1B213F9100418D47 /* BaseAppDelegate.swift in Sources */,
				0ED9FFC31B574F5B00DA5193 /* SignUp.swift in Sources */,
				0E1208E61B213F9100418D47 /* BaseDetail.swift in Sources */,
				0E3A28ED1BCE3BCD0063A4B7 /* Order.swift in Sources */,
				0ED9FFC11B574F5B00DA5193 /* Settings.swift in Sources */,
				0E1208F21B213F9100418D47 /* String+Extension.swift in Sources */,
				0ED9FFB21B574EAD00DA5193 /* ProductDetail.swift in Sources */,
				0E3A28E71BCE3BCD0063A4B7 /* Illegaality.swift in Sources */,
				0E3A28F61BCE3BCD0063A4B7 /* Vehicle.swift in Sources */,
				0E1208FF1B213F9100418D47 /* BaseUser.swift in Sources */,
				0ECD81DA1B2066B100054FD2 /* Constants.swift in Sources */,
				0E1208F61B213F9100418D47 /* UISearchBar+Extension.swift in Sources */,
				0E3A28F71BCE3BCD0063A4B7 /* Video.swift in Sources */,
				0E3A28F11BCE3BCD0063A4B7 /* Question.swift in Sources */,
				0E1209121B213F9100418D47 /* SignUpController.swift in Sources */,
				0EC87AAC1B5F66AD00B88A3C /* CityList.swift in Sources */,
				0ED9FFC21B574F5B00DA5193 /* SignIn.swift in Sources */,
				0E18E17B1B4A3BB900994647 /* PosterView.swift in Sources */,
				0E1209131B213F9100418D47 /* TagsView.swift in Sources */,
				0E1208F71B213F9100418D47 /* UITextField+Extension.swift in Sources */,
				0E3A28DF1BCE3BCD0063A4B7 /* ClaimRecord.swift in Sources */,
				0ED9FFB01B574EAD00DA5193 /* OrderDetail.swift in Sources */,
				0ED9FFAE1B574EAD00DA5193 /* Main.swift in Sources */,
				0E1208EE1B213F9100418D47 /* WebDetail.swift in Sources */,
				0E3A28F51BCE3BCD0063A4B7 /* User.swift in Sources */,
				0E1209011B213F9100418D47 /* UploadParams.swift in Sources */,
				0E18E17C1B4A3BB900994647 /* SpecialCover.swift in Sources */,
				0E9114601B52BBC600C93BC5 /* TextFieldCreate.swift in Sources */,
				0E1208F31B213F9100418D47 /* UIColor+Extension.swift in Sources */,
				0E1208F81B213F9100418D47 /* UIView+Extension.swift in Sources */,
				0E1E631A1B4E8F40004965CD /* CheckListUpdate.swift in Sources */,
				0E1209061B213F9100418D47 /* UploadUtils.swift in Sources */,
				0E3A28E61BCE3BCD0063A4B7 /* HomeModel.swift in Sources */,
				0E1209031B213F9100418D47 /* TaylorR.swift in Sources */,
				0E3A28DD1BCE3BCD0063A4B7 /* Card.swift in Sources */,
				0E1208E41B213F9100418D47 /* BaseController.swift in Sources */,
				0E9B91421BDF6A2F0030329D /* GDS.swift in Sources */,
				0ED9FFB31B574EAD00DA5193 /* ProductList.swift in Sources */,
				0E1208F41B213F9100418D47 /* UIImage+Extension.swift in Sources */,
				0EC87AB01B5F7E5000B88A3C /* City.swift in Sources */,
				0E3A28DA1BCE3BCD0063A4B7 /* Answer.swift in Sources */,
				0ED9FFC51B576DE500DA5193 /* XML.swift in Sources */,
				0E1208FC1B213F9100418D47 /* SocialAppDelegate.swift in Sources */,
				0E3A28E81BCE3BCD0063A4B7 /* Insurance.swift in Sources */,
				0E1208F11B213F9100418D47 /* NSDate+Extension.swift in Sources */,
				0E1209001B213F9100418D47 /* ListModel.swift in Sources */,
				0E1E62A71B4E7F17004965CD /* UpdateController.swift in Sources */,
				0E9B91401BDF53570030329D /* VehicleList.swift in Sources */,
			);
			runOnlyForDeploymentPostprocessing = 0;
		};
		0ECD81AC1B2059D800054FD2 /* Sources */ = {
			isa = PBXSourcesBuildPhase;
			buildActionMask = 2147483647;
			files = (
				0ECD81B71B2059D800054FD2 /* InsuranceTests.swift in Sources */,
			);
			runOnlyForDeploymentPostprocessing = 0;
		};
/* End PBXSourcesBuildPhase section */

/* Begin PBXTargetDependency section */
		0ECD81B21B2059D800054FD2 /* PBXTargetDependency */ = {
			isa = PBXTargetDependency;
			target = 0ECD81981B2059D700054FD2 /* Insurance */;
			targetProxy = 0ECD81B11B2059D800054FD2 /* PBXContainerItemProxy */;
		};
/* End PBXTargetDependency section */

/* Begin PBXVariantGroup section */
		0E1208DD1B213F9100418D47 /* Default.strings */ = {
			isa = PBXVariantGroup;
			children = (
				0E1208DE1B213F9100418D47 /* Base */,
				0E1208DF1B213F9100418D47 /* en */,
				0E1208E01B213F9100418D47 /* zh-Hans */,
			);
			name = Default.strings;
			sourceTree = "<group>";
		};
		0ECD81A41B2059D700054FD2 /* Main.storyboard */ = {
			isa = PBXVariantGroup;
			children = (
				0ECD81A51B2059D700054FD2 /* Base */,
			);
			name = Main.storyboard;
			sourceTree = "<group>";
		};
		0ECD81A91B2059D700054FD2 /* LaunchScreen.xib */ = {
			isa = PBXVariantGroup;
			children = (
				0ECD81AA1B2059D700054FD2 /* Base */,
			);
			name = LaunchScreen.xib;
			sourceTree = "<group>";
		};
		0ECD827E1B206C2000054FD2 /* InfoPlist.strings */ = {
			isa = PBXVariantGroup;
			children = (
				0ECD827D1B206C2000054FD2 /* Base */,
				0ECD827F1B206C2300054FD2 /* en */,
			);
			name = InfoPlist.strings;
			sourceTree = "<group>";
		};
		0ECD82861B206CDA00054FD2 /* Localizable.strings */ = {
			isa = PBXVariantGroup;
			children = (
				0ECD82851B206CDA00054FD2 /* Base */,
				0ECD82871B206CDC00054FD2 /* en */,
			);
			name = Localizable.strings;
			sourceTree = "<group>";
		};
/* End PBXVariantGroup section */

/* Begin XCBuildConfiguration section */
		0ECD81B81B2059D800054FD2 /* Debug */ = {
			isa = XCBuildConfiguration;
			buildSettings = {
				ALWAYS_SEARCH_USER_PATHS = NO;
				CLANG_CXX_LANGUAGE_STANDARD = "gnu++0x";
				CLANG_CXX_LIBRARY = "libc++";
				CLANG_ENABLE_MODULES = YES;
				CLANG_ENABLE_OBJC_ARC = YES;
				CLANG_WARN_BOOL_CONVERSION = YES;
				CLANG_WARN_CONSTANT_CONVERSION = YES;
				CLANG_WARN_DIRECT_OBJC_ISA_USAGE = YES_ERROR;
				CLANG_WARN_EMPTY_BODY = YES;
				CLANG_WARN_ENUM_CONVERSION = YES;
				CLANG_WARN_INT_CONVERSION = YES;
				CLANG_WARN_OBJC_ROOT_CLASS = YES_ERROR;
				CLANG_WARN_UNREACHABLE_CODE = YES;
				CLANG_WARN__DUPLICATE_METHOD_MATCH = YES;
				"CODE_SIGN_IDENTITY[sdk=iphoneos*]" = "iPhone Developer";
				COPY_PHASE_STRIP = NO;
				DEBUG_INFORMATION_FORMAT = "dwarf-with-dsym";
				ENABLE_STRICT_OBJC_MSGSEND = YES;
				ENABLE_TESTABILITY = YES;
				GCC_C_LANGUAGE_STANDARD = gnu99;
				GCC_DYNAMIC_NO_PIC = NO;
				GCC_NO_COMMON_BLOCKS = YES;
				GCC_OPTIMIZATION_LEVEL = 0;
				GCC_PREPROCESSOR_DEFINITIONS = (
					"DEBUG=1",
					"$(inherited)",
				);
				GCC_SYMBOLS_PRIVATE_EXTERN = NO;
				GCC_WARN_64_TO_32_BIT_CONVERSION = YES;
				GCC_WARN_ABOUT_RETURN_TYPE = YES_ERROR;
				GCC_WARN_UNDECLARED_SELECTOR = YES;
				GCC_WARN_UNINITIALIZED_AUTOS = YES_AGGRESSIVE;
				GCC_WARN_UNUSED_FUNCTION = YES;
				GCC_WARN_UNUSED_VARIABLE = YES;
				IPHONEOS_DEPLOYMENT_TARGET = 9.1;
				MTL_ENABLE_DEBUG_INFO = YES;
				ONLY_ACTIVE_ARCH = YES;
				SDKROOT = iphoneos;
				SWIFT_OPTIMIZATION_LEVEL = "-Onone";
				TARGETED_DEVICE_FAMILY = "1,2";
			};
			name = Debug;
		};
		0ECD81B91B2059D800054FD2 /* Release */ = {
			isa = XCBuildConfiguration;
			buildSettings = {
				ALWAYS_SEARCH_USER_PATHS = NO;
				CLANG_CXX_LANGUAGE_STANDARD = "gnu++0x";
				CLANG_CXX_LIBRARY = "libc++";
				CLANG_ENABLE_MODULES = YES;
				CLANG_ENABLE_OBJC_ARC = YES;
				CLANG_WARN_BOOL_CONVERSION = YES;
				CLANG_WARN_CONSTANT_CONVERSION = YES;
				CLANG_WARN_DIRECT_OBJC_ISA_USAGE = YES_ERROR;
				CLANG_WARN_EMPTY_BODY = YES;
				CLANG_WARN_ENUM_CONVERSION = YES;
				CLANG_WARN_INT_CONVERSION = YES;
				CLANG_WARN_OBJC_ROOT_CLASS = YES_ERROR;
				CLANG_WARN_UNREACHABLE_CODE = YES;
				CLANG_WARN__DUPLICATE_METHOD_MATCH = YES;
				"CODE_SIGN_IDENTITY[sdk=iphoneos*]" = "iPhone Developer";
				COPY_PHASE_STRIP = NO;
				DEBUG_INFORMATION_FORMAT = "dwarf-with-dsym";
				ENABLE_NS_ASSERTIONS = NO;
				ENABLE_STRICT_OBJC_MSGSEND = YES;
				GCC_C_LANGUAGE_STANDARD = gnu99;
				GCC_NO_COMMON_BLOCKS = YES;
				GCC_WARN_64_TO_32_BIT_CONVERSION = YES;
				GCC_WARN_ABOUT_RETURN_TYPE = YES_ERROR;
				GCC_WARN_UNDECLARED_SELECTOR = YES;
				GCC_WARN_UNINITIALIZED_AUTOS = YES_AGGRESSIVE;
				GCC_WARN_UNUSED_FUNCTION = YES;
				GCC_WARN_UNUSED_VARIABLE = YES;
				IPHONEOS_DEPLOYMENT_TARGET = 9.1;
				MTL_ENABLE_DEBUG_INFO = NO;
				SDKROOT = iphoneos;
				TARGETED_DEVICE_FAMILY = "1,2";
				VALIDATE_PRODUCT = YES;
			};
			name = Release;
		};
		0ECD81BB1B2059D800054FD2 /* Debug */ = {
			isa = XCBuildConfiguration;
			baseConfigurationReference = 33460E9F51E1D8AF9D4D6B86 /* Pods.debug.xcconfig */;
			buildSettings = {
				ASSETCATALOG_COMPILER_APPICON_NAME = AppIcon;
				ASSETCATALOG_COMPILER_LAUNCHIMAGE_NAME = LaunchImage;
				CLANG_ENABLE_MODULES = YES;
				CODE_SIGN_IDENTITY = "iPhone Developer";
				ENABLE_BITCODE = NO;
				INFOPLIST_FILE = Insurance/Info.plist;
				IPHONEOS_DEPLOYMENT_TARGET = 8.0;
				LD_RUNPATH_SEARCH_PATHS = "$(inherited) @executable_path/Frameworks";
				PRODUCT_BUNDLE_IDENTIFIER = "com.xiaomar.$(PRODUCT_NAME:rfc1034identifier)";
				PRODUCT_NAME = "$(TARGET_NAME)";
				SWIFT_OBJC_BRIDGING_HEADER = "Insurance/Classes/Insurance-Bridging-Header.h";
				SWIFT_OPTIMIZATION_LEVEL = "-Onone";
				TARGETED_DEVICE_FAMILY = "1,2";
			};
			name = Debug;
		};
		0ECD81BC1B2059D800054FD2 /* Release */ = {
			isa = XCBuildConfiguration;
			baseConfigurationReference = 3CDE55435AAF7CBF3FEE012A /* Pods.release.xcconfig */;
			buildSettings = {
				ASSETCATALOG_COMPILER_APPICON_NAME = AppIcon;
				ASSETCATALOG_COMPILER_LAUNCHIMAGE_NAME = LaunchImage;
				CLANG_ENABLE_MODULES = YES;
				CODE_SIGN_IDENTITY = "iPhone Developer";
				ENABLE_BITCODE = NO;
				INFOPLIST_FILE = Insurance/Info.plist;
				IPHONEOS_DEPLOYMENT_TARGET = 8.0;
				LD_RUNPATH_SEARCH_PATHS = "$(inherited) @executable_path/Frameworks";
				PRODUCT_BUNDLE_IDENTIFIER = "com.xiaomar.$(PRODUCT_NAME:rfc1034identifier)";
				PRODUCT_NAME = "$(TARGET_NAME)";
				SWIFT_OBJC_BRIDGING_HEADER = "Insurance/Classes/Insurance-Bridging-Header.h";
				TARGETED_DEVICE_FAMILY = "1,2";
			};
			name = Release;
		};
		0ECD81BE1B2059D800054FD2 /* Debug */ = {
			isa = XCBuildConfiguration;
			buildSettings = {
				BUNDLE_LOADER = "$(TEST_HOST)";
				FRAMEWORK_SEARCH_PATHS = "";
				GCC_PREPROCESSOR_DEFINITIONS = (
					"DEBUG=1",
					"$(inherited)",
				);
				INFOPLIST_FILE = InsuranceTests/Info.plist;
				LD_RUNPATH_SEARCH_PATHS = "$(inherited) @executable_path/Frameworks @loader_path/Frameworks";
				PRODUCT_BUNDLE_IDENTIFIER = "com.xiaomar.$(PRODUCT_NAME:rfc1034identifier)";
				PRODUCT_NAME = "$(TARGET_NAME)";
				TEST_HOST = "$(BUILT_PRODUCTS_DIR)/Insurance.app/Insurance";
			};
			name = Debug;
		};
		0ECD81BF1B2059D800054FD2 /* Release */ = {
			isa = XCBuildConfiguration;
			buildSettings = {
				BUNDLE_LOADER = "$(TEST_HOST)";
				FRAMEWORK_SEARCH_PATHS = "";
				INFOPLIST_FILE = InsuranceTests/Info.plist;
				LD_RUNPATH_SEARCH_PATHS = "$(inherited) @executable_path/Frameworks @loader_path/Frameworks";
				PRODUCT_BUNDLE_IDENTIFIER = "com.xiaomar.$(PRODUCT_NAME:rfc1034identifier)";
				PRODUCT_NAME = "$(TARGET_NAME)";
				TEST_HOST = "$(BUILT_PRODUCTS_DIR)/Insurance.app/Insurance";
			};
			name = Release;
		};
/* End XCBuildConfiguration section */

/* Begin XCConfigurationList section */
		0ECD81941B2059D700054FD2 /* Build configuration list for PBXProject "Insurance" */ = {
			isa = XCConfigurationList;
			buildConfigurations = (
				0ECD81B81B2059D800054FD2 /* Debug */,
				0ECD81B91B2059D800054FD2 /* Release */,
			);
			defaultConfigurationIsVisible = 0;
			defaultConfigurationName = Release;
		};
		0ECD81BA1B2059D800054FD2 /* Build configuration list for PBXNativeTarget "Insurance" */ = {
			isa = XCConfigurationList;
			buildConfigurations = (
				0ECD81BB1B2059D800054FD2 /* Debug */,
				0ECD81BC1B2059D800054FD2 /* Release */,
			);
			defaultConfigurationIsVisible = 0;
			defaultConfigurationName = Release;
		};
		0ECD81BD1B2059D800054FD2 /* Build configuration list for PBXNativeTarget "InsuranceTests" */ = {
			isa = XCConfigurationList;
			buildConfigurations = (
				0ECD81BE1B2059D800054FD2 /* Debug */,
				0ECD81BF1B2059D800054FD2 /* Release */,
			);
			defaultConfigurationIsVisible = 0;
			defaultConfigurationName = Release;
		};
/* End XCConfigurationList section */
	};
	rootObject = 0ECD81911B2059D700054FD2 /* Project object */;
}
