// !$*UTF8*$!
{
	archiveVersion = 1;
	classes = {
	};
	objectVersion = 46;
	objects = {

/* Begin PBXBuildFile section */
		0E8379461BE07D9400F3BCCE /* Main.storyboard in Resources */ = {isa = PBXBuildFile; fileRef = 0E8379441BE07D9400F3BCCE /* Main.storyboard */; };
		0E8379481BE07D9400F3BCCE /* Assets.xcassets in Resources */ = {isa = PBXBuildFile; fileRef = 0E8379471BE07D9400F3BCCE /* Assets.xcassets */; };
		0E83794B1BE07D9400F3BCCE /* LaunchScreen.storyboard in Resources */ = {isa = PBXBuildFile; fileRef = 0E8379491BE07D9400F3BCCE /* LaunchScreen.storyboard */; };
		0E8379561BE07D9400F3BCCE /* InsuranceTests.swift in Sources */ = {isa = PBXBuildFile; fileRef = 0E8379551BE07D9400F3BCCE /* InsuranceTests.swift */; };
		0E8379611BE07D9400F3BCCE /* InsuranceUITests.swift in Sources */ = {isa = PBXBuildFile; fileRef = 0E8379601BE07D9400F3BCCE /* InsuranceUITests.swift */; };
		0E8379BE1BE081E400F3BCCE /* AppDelegate.swift in Sources */ = {isa = PBXBuildFile; fileRef = 0E8379721BE081E400F3BCCE /* AppDelegate.swift */; };
		0E8379C01BE081E400F3BCCE /* Constants.swift in Sources */ = {isa = PBXBuildFile; fileRef = 0E8379741BE081E400F3BCCE /* Constants.swift */; };
		0E8379C11BE081E400F3BCCE /* BaseCardList.swift in Sources */ = {isa = PBXBuildFile; fileRef = 0E8379771BE081E400F3BCCE /* BaseCardList.swift */; };
		0E8379C21BE081E400F3BCCE /* CardList.swift in Sources */ = {isa = PBXBuildFile; fileRef = 0E8379781BE081E400F3BCCE /* CardList.swift */; };
		0E8379C31BE081E400F3BCCE /* CardWebDetail.swift in Sources */ = {isa = PBXBuildFile; fileRef = 0E8379791BE081E400F3BCCE /* CardWebDetail.swift */; };
		0E8379C41BE081E400F3BCCE /* MyList.swift in Sources */ = {isa = PBXBuildFile; fileRef = 0E83797A1BE081E400F3BCCE /* MyList.swift */; };
		0E8379C51BE081E400F3BCCE /* SimpleCardList.swift in Sources */ = {isa = PBXBuildFile; fileRef = 0E83797B1BE081E400F3BCCE /* SimpleCardList.swift */; };
		0E8379C61BE081E400F3BCCE /* Compare.swift in Sources */ = {isa = PBXBuildFile; fileRef = 0E83797C1BE081E400F3BCCE /* Compare.swift */; };
		0E8379C71BE081E400F3BCCE /* Discover.swift in Sources */ = {isa = PBXBuildFile; fileRef = 0E83797D1BE081E400F3BCCE /* Discover.swift */; };
		0E8379C81BE081E400F3BCCE /* Flight.swift in Sources */ = {isa = PBXBuildFile; fileRef = 0E83797F1BE081E400F3BCCE /* Flight.swift */; };
		0E8379C91BE081E400F3BCCE /* GDS.swift in Sources */ = {isa = PBXBuildFile; fileRef = 0E8379801BE081E400F3BCCE /* GDS.swift */; };
		0E8379CA1BE081E400F3BCCE /* Home.swift in Sources */ = {isa = PBXBuildFile; fileRef = 0E8379811BE081E400F3BCCE /* Home.swift */; };
		0E8379CB1BE081E400F3BCCE /* Main.swift in Sources */ = {isa = PBXBuildFile; fileRef = 0E8379821BE081E400F3BCCE /* Main.swift */; };
		0E8379CC1BE081E400F3BCCE /* Me.swift in Sources */ = {isa = PBXBuildFile; fileRef = 0E8379831BE081E400F3BCCE /* Me.swift */; };
		0E8379CD1BE081E400F3BCCE /* OrderCreate.swift in Sources */ = {isa = PBXBuildFile; fileRef = 0E8379851BE081E400F3BCCE /* OrderCreate.swift */; };
		0E8379CE1BE081E400F3BCCE /* OrderDetail.swift in Sources */ = {isa = PBXBuildFile; fileRef = 0E8379861BE081E400F3BCCE /* OrderDetail.swift */; };
		0E8379CF1BE081E400F3BCCE /* OrderList.swift in Sources */ = {isa = PBXBuildFile; fileRef = 0E8379871BE081E400F3BCCE /* OrderList.swift */; };
		0E8379D01BE081E400F3BCCE /* About.swift in Sources */ = {isa = PBXBuildFile; fileRef = 0E8379891BE081E400F3BCCE /* About.swift */; };
		0E8379D11BE081E400F3BCCE /* Profile.swift in Sources */ = {isa = PBXBuildFile; fileRef = 0E83798A1BE081E400F3BCCE /* Profile.swift */; };
		0E8379D21BE081E400F3BCCE /* Settings.swift in Sources */ = {isa = PBXBuildFile; fileRef = 0E83798B1BE081E400F3BCCE /* Settings.swift */; };
		0E8379D31BE081E400F3BCCE /* SignIn.swift in Sources */ = {isa = PBXBuildFile; fileRef = 0E83798C1BE081E400F3BCCE /* SignIn.swift */; };
		0E8379D41BE081E400F3BCCE /* SignUp.swift in Sources */ = {isa = PBXBuildFile; fileRef = 0E83798D1BE081E400F3BCCE /* SignUp.swift */; };
		0E8379D51BE081E400F3BCCE /* ProductDetail.swift in Sources */ = {isa = PBXBuildFile; fileRef = 0E83798F1BE081E400F3BCCE /* ProductDetail.swift */; };
		0E8379D61BE081E400F3BCCE /* ProductList.swift in Sources */ = {isa = PBXBuildFile; fileRef = 0E8379901BE081E400F3BCCE /* ProductList.swift */; };
		0E8379D71BE081E400F3BCCE /* UserDetail.swift in Sources */ = {isa = PBXBuildFile; fileRef = 0E8379921BE081E400F3BCCE /* UserDetail.swift */; };
		0E8379D81BE081E400F3BCCE /* VehicleCreate.swift in Sources */ = {isa = PBXBuildFile; fileRef = 0E8379941BE081E400F3BCCE /* VehicleCreate.swift */; };
		0E8379D91BE081E400F3BCCE /* VehicleList.swift in Sources */ = {isa = PBXBuildFile; fileRef = 0E8379951BE081E400F3BCCE /* VehicleList.swift */; };
		0E8379DA1BE081E400F3BCCE /* Answer.swift in Sources */ = {isa = PBXBuildFile; fileRef = 0E8379971BE081E400F3BCCE /* Answer.swift */; };
		0E8379DB1BE081E400F3BCCE /* Article.swift in Sources */ = {isa = PBXBuildFile; fileRef = 0E8379981BE081E400F3BCCE /* Article.swift */; };
		0E8379DC1BE081E400F3BCCE /* Branch.swift in Sources */ = {isa = PBXBuildFile; fileRef = 0E8379991BE081E400F3BCCE /* Branch.swift */; };
		0E8379DD1BE081E400F3BCCE /* Card.swift in Sources */ = {isa = PBXBuildFile; fileRef = 0E83799A1BE081E400F3BCCE /* Card.swift */; };
		0E8379DE1BE081E400F3BCCE /* Category.swift in Sources */ = {isa = PBXBuildFile; fileRef = 0E83799B1BE081E400F3BCCE /* Category.swift */; };
		0E8379DF1BE081E400F3BCCE /* ClaimRecord.swift in Sources */ = {isa = PBXBuildFile; fileRef = 0E83799C1BE081E400F3BCCE /* ClaimRecord.swift */; };
		0E8379E01BE081E400F3BCCE /* Comment.swift in Sources */ = {isa = PBXBuildFile; fileRef = 0E83799D1BE081E400F3BCCE /* Comment.swift */; };
		0E8379E11BE081E400F3BCCE /* Company.swift in Sources */ = {isa = PBXBuildFile; fileRef = 0E83799E1BE081E400F3BCCE /* Company.swift */; };
		0E8379E21BE081E400F3BCCE /* Enquiry.swift in Sources */ = {isa = PBXBuildFile; fileRef = 0E83799F1BE081E400F3BCCE /* Enquiry.swift */; };
		0E8379E31BE081E400F3BCCE /* Featured.swift in Sources */ = {isa = PBXBuildFile; fileRef = 0E8379A01BE081E400F3BCCE /* Featured.swift */; };
		0E8379E41BE081E400F3BCCE /* Health.swift in Sources */ = {isa = PBXBuildFile; fileRef = 0E8379A11BE081E400F3BCCE /* Health.swift */; };
		0E8379E51BE081E400F3BCCE /* HomeModel.swift in Sources */ = {isa = PBXBuildFile; fileRef = 0E8379A21BE081E400F3BCCE /* HomeModel.swift */; };
		0E8379E61BE081E400F3BCCE /* Illegaality.swift in Sources */ = {isa = PBXBuildFile; fileRef = 0E8379A31BE081E400F3BCCE /* Illegaality.swift */; };
		0E8379E71BE081E400F3BCCE /* Insurance.swift in Sources */ = {isa = PBXBuildFile; fileRef = 0E8379A41BE081E400F3BCCE /* Insurance.swift */; };
		0E8379E81BE081E400F3BCCE /* InsurancePolicy.swift in Sources */ = {isa = PBXBuildFile; fileRef = 0E8379A51BE081E400F3BCCE /* InsurancePolicy.swift */; };
		0E8379E91BE081E400F3BCCE /* Like.swift in Sources */ = {isa = PBXBuildFile; fileRef = 0E8379A61BE081E400F3BCCE /* Like.swift */; };
		0E8379EA1BE081E400F3BCCE /* Offer.swift in Sources */ = {isa = PBXBuildFile; fileRef = 0E8379A71BE081E400F3BCCE /* Offer.swift */; };
		0E8379EB1BE081E400F3BCCE /* Order.swift in Sources */ = {isa = PBXBuildFile; fileRef = 0E8379A81BE081E400F3BCCE /* Order.swift */; };
		0E8379EC1BE081E400F3BCCE /* Prepay.swift in Sources */ = {isa = PBXBuildFile; fileRef = 0E8379A91BE081E400F3BCCE /* Prepay.swift */; };
		0E8379ED1BE081E400F3BCCE /* Product.swift in Sources */ = {isa = PBXBuildFile; fileRef = 0E8379AA1BE081E400F3BCCE /* Product.swift */; };
		0E8379EE1BE081E400F3BCCE /* Question.swift in Sources */ = {isa = PBXBuildFile; fileRef = 0E8379AB1BE081E400F3BCCE /* Question.swift */; };
		0E8379EF1BE081E400F3BCCE /* Special.swift in Sources */ = {isa = PBXBuildFile; fileRef = 0E8379AC1BE081E400F3BCCE /* Special.swift */; };
		0E8379F01BE081E400F3BCCE /* Tag.swift in Sources */ = {isa = PBXBuildFile; fileRef = 0E8379AD1BE081E400F3BCCE /* Tag.swift */; };
		0E8379F11BE081E400F3BCCE /* User.swift in Sources */ = {isa = PBXBuildFile; fileRef = 0E8379AE1BE081E400F3BCCE /* User.swift */; };
		0E8379F21BE081E400F3BCCE /* Vehicle.swift in Sources */ = {isa = PBXBuildFile; fileRef = 0E8379AF1BE081E400F3BCCE /* Vehicle.swift */; };
		0E8379F31BE081E400F3BCCE /* Video.swift in Sources */ = {isa = PBXBuildFile; fileRef = 0E8379B01BE081E400F3BCCE /* Video.swift */; };
		0E8379F41BE081E400F3BCCE /* Vote.swift in Sources */ = {isa = PBXBuildFile; fileRef = 0E8379B11BE081E400F3BCCE /* Vote.swift */; };
		0E8379F51BE081E400F3BCCE /* ShareUtils.swift in Sources */ = {isa = PBXBuildFile; fileRef = 0E8379B31BE081E400F3BCCE /* ShareUtils.swift */; };
		0E8379F61BE081E400F3BCCE /* CardCell.swift in Sources */ = {isa = PBXBuildFile; fileRef = 0E8379B51BE081E400F3BCCE /* CardCell.swift */; };
		0E8379F71BE081E400F3BCCE /* CardListCell.swift in Sources */ = {isa = PBXBuildFile; fileRef = 0E8379B61BE081E400F3BCCE /* CardListCell.swift */; };
		0E8379F81BE081E400F3BCCE /* CardTableCell.swift in Sources */ = {isa = PBXBuildFile; fileRef = 0E8379B71BE081E400F3BCCE /* CardTableCell.swift */; };
		0E8379F91BE081E400F3BCCE /* CardView.swift in Sources */ = {isa = PBXBuildFile; fileRef = 0E8379B81BE081E400F3BCCE /* CardView.swift */; };
		0E8379FA1BE081E400F3BCCE /* CommentCell.swift in Sources */ = {isa = PBXBuildFile; fileRef = 0E8379B91BE081E400F3BCCE /* CommentCell.swift */; };
		0E8379FB1BE081E400F3BCCE /* PageCell.swift in Sources */ = {isa = PBXBuildFile; fileRef = 0E8379BA1BE081E400F3BCCE /* PageCell.swift */; };
		0E8379FC1BE081E400F3BCCE /* PosterView.swift in Sources */ = {isa = PBXBuildFile; fileRef = 0E8379BB1BE081E400F3BCCE /* PosterView.swift */; };
		0E8379FD1BE081E400F3BCCE /* SpecialCover.swift in Sources */ = {isa = PBXBuildFile; fileRef = 0E8379BC1BE081E400F3BCCE /* SpecialCover.swift */; };
		0E8379FE1BE081E400F3BCCE /* XML.swift in Sources */ = {isa = PBXBuildFile; fileRef = 0E8379BD1BE081E400F3BCCE /* XML.swift */; };
		0E837A001BE0825500F3BCCE /* CardUtils.swift in Sources */ = {isa = PBXBuildFile; fileRef = 0E8379FF1BE0825500F3BCCE /* CardUtils.swift */; };
		0E837A041BE082F200F3BCCE /* CAPSPageMenu.swift in Sources */ = {isa = PBXBuildFile; fileRef = 0E837A031BE082F200F3BCCE /* CAPSPageMenu.swift */; };
		0E837A101BE088AF00F3BCCE /* InfoPlist.strings in Resources */ = {isa = PBXBuildFile; fileRef = 0E837A121BE088AF00F3BCCE /* InfoPlist.strings */; };
		0E837A161BE088FC00F3BCCE /* Localizable.strings in Resources */ = {isa = PBXBuildFile; fileRef = 0E837A181BE088FC00F3BCCE /* Localizable.strings */; };
		0E837A661BE09D2100F3BCCE /* BaseLoader.swift in Sources */ = {isa = PBXBuildFile; fileRef = 0E837A1D1BE09D2100F3BCCE /* BaseLoader.swift */; };
		0E837A671BE09D2100F3BCCE /* HttpLoader.swift in Sources */ = {isa = PBXBuildFile; fileRef = 0E837A1E1BE09D2100F3BCCE /* HttpLoader.swift */; };
		0E837A681BE09D2100F3BCCE /* HttpTask.swift in Sources */ = {isa = PBXBuildFile; fileRef = 0E837A1F1BE09D2100F3BCCE /* HttpTask.swift */; };
		0E837A691BE09D2100F3BCCE /* BaseController.swift in Sources */ = {isa = PBXBuildFile; fileRef = 0E837A211BE09D2100F3BCCE /* BaseController.swift */; };
		0E837A6A1BE09D2100F3BCCE /* BaseDetail.swift in Sources */ = {isa = PBXBuildFile; fileRef = 0E837A221BE09D2100F3BCCE /* BaseDetail.swift */; };
		0E837A6B1BE09D2100F3BCCE /* CheckListUpdate.swift in Sources */ = {isa = PBXBuildFile; fileRef = 0E837A231BE09D2100F3BCCE /* CheckListUpdate.swift */; };
		0E837A6C1BE09D2100F3BCCE /* CollectionList.swift in Sources */ = {isa = PBXBuildFile; fileRef = 0E837A241BE09D2100F3BCCE /* CollectionList.swift */; };
		0E837A6D1BE09D2100F3BCCE /* CreateController.swift in Sources */ = {isa = PBXBuildFile; fileRef = 0E837A251BE09D2100F3BCCE /* CreateController.swift */; };
		0E837A6E1BE09D2100F3BCCE /* ListController.swift in Sources */ = {isa = PBXBuildFile; fileRef = 0E837A261BE09D2100F3BCCE /* ListController.swift */; };
		0E837A6F1BE09D2100F3BCCE /* SearchResultsList.swift in Sources */ = {isa = PBXBuildFile; fileRef = 0E837A271BE09D2100F3BCCE /* SearchResultsList.swift */; };
		0E837A701BE09D2100F3BCCE /* TableDetail.swift in Sources */ = {isa = PBXBuildFile; fileRef = 0E837A281BE09D2100F3BCCE /* TableDetail.swift */; };
		0E837A711BE09D2100F3BCCE /* TableList.swift in Sources */ = {isa = PBXBuildFile; fileRef = 0E837A291BE09D2100F3BCCE /* TableList.swift */; };
		0E837A721BE09D2100F3BCCE /* TableSearch.swift in Sources */ = {isa = PBXBuildFile; fileRef = 0E837A2A1BE09D2100F3BCCE /* TableSearch.swift */; };
		0E837A731BE09D2100F3BCCE /* TextFieldCreate.swift in Sources */ = {isa = PBXBuildFile; fileRef = 0E837A2B1BE09D2100F3BCCE /* TextFieldCreate.swift */; };
		0E837A741BE09D2100F3BCCE /* TextFieldUpdate.swift in Sources */ = {isa = PBXBuildFile; fileRef = 0E837A2C1BE09D2100F3BCCE /* TextFieldUpdate.swift */; };
		0E837A751BE09D2100F3BCCE /* TextViewCreate.swift in Sources */ = {isa = PBXBuildFile; fileRef = 0E837A2D1BE09D2100F3BCCE /* TextViewCreate.swift */; };
		0E837A761BE09D2100F3BCCE /* UpdateController.swift in Sources */ = {isa = PBXBuildFile; fileRef = 0E837A2E1BE09D2100F3BCCE /* UpdateController.swift */; };
		0E837A771BE09D2100F3BCCE /* WebDetail.swift in Sources */ = {isa = PBXBuildFile; fileRef = 0E837A2F1BE09D2100F3BCCE /* WebDetail.swift */; };
		0E837A781BE09D2100F3BCCE /* Array+Extension.swift in Sources */ = {isa = PBXBuildFile; fileRef = 0E837A311BE09D2100F3BCCE /* Array+Extension.swift */; };
		0E837A791BE09D2100F3BCCE /* NSData+Extension.swift in Sources */ = {isa = PBXBuildFile; fileRef = 0E837A321BE09D2100F3BCCE /* NSData+Extension.swift */; };
		0E837A7A1BE09D2100F3BCCE /* NSDate+Extension.swift in Sources */ = {isa = PBXBuildFile; fileRef = 0E837A331BE09D2100F3BCCE /* NSDate+Extension.swift */; };
		0E837A7B1BE09D2100F3BCCE /* String+Extension.swift in Sources */ = {isa = PBXBuildFile; fileRef = 0E837A341BE09D2100F3BCCE /* String+Extension.swift */; };
		0E837A7C1BE09D2100F3BCCE /* UIColor+Extension.swift in Sources */ = {isa = PBXBuildFile; fileRef = 0E837A351BE09D2100F3BCCE /* UIColor+Extension.swift */; };
		0E837A7D1BE09D2100F3BCCE /* UIImage+Extension.swift in Sources */ = {isa = PBXBuildFile; fileRef = 0E837A361BE09D2100F3BCCE /* UIImage+Extension.swift */; };
		0E837A7E1BE09D2100F3BCCE /* UILabel+Extension.swift in Sources */ = {isa = PBXBuildFile; fileRef = 0E837A371BE09D2100F3BCCE /* UILabel+Extension.swift */; };
		0E837A7F1BE09D2100F3BCCE /* UISearchBar+Extension.swift in Sources */ = {isa = PBXBuildFile; fileRef = 0E837A381BE09D2100F3BCCE /* UISearchBar+Extension.swift */; };
		0E837A801BE09D2100F3BCCE /* UITextField+Extension.swift in Sources */ = {isa = PBXBuildFile; fileRef = 0E837A391BE09D2100F3BCCE /* UITextField+Extension.swift */; };
		0E837A811BE09D2100F3BCCE /* UIView+Extension.swift in Sources */ = {isa = PBXBuildFile; fileRef = 0E837A3A1BE09D2100F3BCCE /* UIView+Extension.swift */; };
		0E837A821BE09D2100F3BCCE /* UIViewController+Extension.swift in Sources */ = {isa = PBXBuildFile; fileRef = 0E837A3B1BE09D2100F3BCCE /* UIViewController+Extension.swift */; };
		0E837A831BE09D2100F3BCCE /* UIVisualEffectView+Extension.swift in Sources */ = {isa = PBXBuildFile; fileRef = 0E837A3C1BE09D2100F3BCCE /* UIVisualEffectView+Extension.swift */; };
		0E837A841BE09D2100F3BCCE /* BaseAppDelegate.swift in Sources */ = {isa = PBXBuildFile; fileRef = 0E837A3E1BE09D2100F3BCCE /* BaseAppDelegate.swift */; };
		0E837A851BE09D2100F3BCCE /* SocialAppDelegate.swift in Sources */ = {isa = PBXBuildFile; fileRef = 0E837A3F1BE09D2100F3BCCE /* SocialAppDelegate.swift */; };
		0E837A861BE09D2100F3BCCE /* BaseData.swift in Sources */ = {isa = PBXBuildFile; fileRef = 0E837A411BE09D2100F3BCCE /* BaseData.swift */; };
		0E837A871BE09D2100F3BCCE /* BaseUser.swift in Sources */ = {isa = PBXBuildFile; fileRef = 0E837A421BE09D2100F3BCCE /* BaseUser.swift */; };
		0E837A881BE09D2100F3BCCE /* City.swift in Sources */ = {isa = PBXBuildFile; fileRef = 0E837A431BE09D2100F3BCCE /* City.swift */; };
		0E837A891BE09D2100F3BCCE /* Item.swift in Sources */ = {isa = PBXBuildFile; fileRef = 0E837A441BE09D2100F3BCCE /* Item.swift */; };
		0E837A8A1BE09D2100F3BCCE /* ListModel.swift in Sources */ = {isa = PBXBuildFile; fileRef = 0E837A451BE09D2100F3BCCE /* ListModel.swift */; };
		0E837A8B1BE09D2100F3BCCE /* ModelObject.swift in Sources */ = {isa = PBXBuildFile; fileRef = 0E837A461BE09D2100F3BCCE /* ModelObject.swift */; };
		0E837A8C1BE09D2100F3BCCE /* UploadParams.swift in Sources */ = {isa = PBXBuildFile; fileRef = 0E837A471BE09D2100F3BCCE /* UploadParams.swift */; };
		0E837A8D1BE09D2100F3BCCE /* WXToken.swift in Sources */ = {isa = PBXBuildFile; fileRef = 0E837A481BE09D2100F3BCCE /* WXToken.swift */; };
		0E837A8E1BE09D2100F3BCCE /* TaylorR.swift in Sources */ = {isa = PBXBuildFile; fileRef = 0E837A491BE09D2100F3BCCE /* TaylorR.swift */; };
		0E837A8F1BE09D2100F3BCCE /* FileUtils.swift in Sources */ = {isa = PBXBuildFile; fileRef = 0E837A4B1BE09D2100F3BCCE /* FileUtils.swift */; };
		0E837A901BE09D2100F3BCCE /* RestKitUtils.swift in Sources */ = {isa = PBXBuildFile; fileRef = 0E837A4C1BE09D2100F3BCCE /* RestKitUtils.swift */; };
		0E837A911BE09D2100F3BCCE /* Shortcuts.swift in Sources */ = {isa = PBXBuildFile; fileRef = 0E837A4D1BE09D2100F3BCCE /* Shortcuts.swift */; };
		0E837A921BE09D2100F3BCCE /* TSMessage+Extension.swift in Sources */ = {isa = PBXBuildFile; fileRef = 0E837A4E1BE09D2100F3BCCE /* TSMessage+Extension.swift */; };
		0E837A931BE09D2100F3BCCE /* UploadUtils.swift in Sources */ = {isa = PBXBuildFile; fileRef = 0E837A4F1BE09D2100F3BCCE /* UploadUtils.swift */; };
		0E837A941BE09D2100F3BCCE /* Utils.swift in Sources */ = {isa = PBXBuildFile; fileRef = 0E837A501BE09D2100F3BCCE /* Utils.swift */; };
		0E837A951BE09D2100F3BCCE /* ImageView.swift in Sources */ = {isa = PBXBuildFile; fileRef = 0E837A521BE09D2100F3BCCE /* ImageView.swift */; };
		0E837A961BE09D2100F3BCCE /* KLineView.swift in Sources */ = {isa = PBXBuildFile; fileRef = 0E837A531BE09D2100F3BCCE /* KLineView.swift */; };
		0E837A971BE09D2100F3BCCE /* RightDetailCell.swift in Sources */ = {isa = PBXBuildFile; fileRef = 0E837A541BE09D2100F3BCCE /* RightDetailCell.swift */; };
		0E837A981BE09D2100F3BCCE /* SubtitleCell.swift in Sources */ = {isa = PBXBuildFile; fileRef = 0E837A551BE09D2100F3BCCE /* SubtitleCell.swift */; };
		0E837A991BE09D2100F3BCCE /* WeixinUtils.swift in Sources */ = {isa = PBXBuildFile; fileRef = 0E837A571BE09D2100F3BCCE /* WeixinUtils.swift */; };
		0E837A9A1BE09D2100F3BCCE /* AvatarView.swift in Sources */ = {isa = PBXBuildFile; fileRef = 0E837A591BE09D2100F3BCCE /* AvatarView.swift */; };
		0E837A9B1BE09D2100F3BCCE /* BaseSign.swift in Sources */ = {isa = PBXBuildFile; fileRef = 0E837A5A1BE09D2100F3BCCE /* BaseSign.swift */; };
		0E837A9C1BE09D2100F3BCCE /* CityList.swift in Sources */ = {isa = PBXBuildFile; fileRef = 0E837A5B1BE09D2100F3BCCE /* CityList.swift */; };
		0E837A9D1BE09D2100F3BCCE /* QuickButton.swift in Sources */ = {isa = PBXBuildFile; fileRef = 0E837A5C1BE09D2100F3BCCE /* QuickButton.swift */; };
		0E837A9E1BE09D2100F3BCCE /* SignInController.swift in Sources */ = {isa = PBXBuildFile; fileRef = 0E837A5D1BE09D2100F3BCCE /* SignInController.swift */; };
		0E837A9F1BE09D2100F3BCCE /* SignUpController.swift in Sources */ = {isa = PBXBuildFile; fileRef = 0E837A5E1BE09D2100F3BCCE /* SignUpController.swift */; };
		0E837AA01BE09D2100F3BCCE /* SocialSignIn.swift in Sources */ = {isa = PBXBuildFile; fileRef = 0E837A5F1BE09D2100F3BCCE /* SocialSignIn.swift */; };
		0E837AA11BE09D2100F3BCCE /* TagsView.swift in Sources */ = {isa = PBXBuildFile; fileRef = 0E837A601BE09D2100F3BCCE /* TagsView.swift */; };
		0E837AA21BE09D2100F3BCCE /* Default.strings in Resources */ = {isa = PBXBuildFile; fileRef = 0E837A621BE09D2100F3BCCE /* Default.strings */; };
		0E837AA41BE0AB3F00F3BCCE /* ic_xiaomar.png in Resources */ = {isa = PBXBuildFile; fileRef = 0E837AA31BE0AB3F00F3BCCE /* ic_xiaomar.png */; };
		F924151225BB20A3C9EF1489 /* libPods.a in Frameworks */ = {isa = PBXBuildFile; fileRef = 5B5F62F6E39B514C622137E5 /* libPods.a */; };
/* End PBXBuildFile section */

/* Begin PBXContainerItemProxy section */
		0E8379521BE07D9400F3BCCE /* PBXContainerItemProxy */ = {
			isa = PBXContainerItemProxy;
			containerPortal = 0E8379331BE07D9400F3BCCE /* Project object */;
			proxyType = 1;
			remoteGlobalIDString = 0E83793A1BE07D9400F3BCCE;
			remoteInfo = Insurance;
		};
		0E83795D1BE07D9400F3BCCE /* PBXContainerItemProxy */ = {
			isa = PBXContainerItemProxy;
			containerPortal = 0E8379331BE07D9400F3BCCE /* Project object */;
			proxyType = 1;
			remoteGlobalIDString = 0E83793A1BE07D9400F3BCCE;
			remoteInfo = Insurance;
		};
/* End PBXContainerItemProxy section */

/* Begin PBXFileReference section */
		0E83793B1BE07D9400F3BCCE /* Insurance.app */ = {isa = PBXFileReference; explicitFileType = wrapper.application; includeInIndex = 0; path = Insurance.app; sourceTree = BUILT_PRODUCTS_DIR; };
		0E8379451BE07D9400F3BCCE /* Base */ = {isa = PBXFileReference; lastKnownFileType = file.storyboard; name = Base; path = Base.lproj/Main.storyboard; sourceTree = "<group>"; };
		0E8379471BE07D9400F3BCCE /* Assets.xcassets */ = {isa = PBXFileReference; lastKnownFileType = folder.assetcatalog; path = Assets.xcassets; sourceTree = "<group>"; };
		0E83794A1BE07D9400F3BCCE /* Base */ = {isa = PBXFileReference; lastKnownFileType = file.storyboard; name = Base; path = Base.lproj/LaunchScreen.storyboard; sourceTree = "<group>"; };
		0E83794C1BE07D9400F3BCCE /* Info.plist */ = {isa = PBXFileReference; lastKnownFileType = text.plist.xml; path = Info.plist; sourceTree = "<group>"; };
		0E8379511BE07D9400F3BCCE /* InsuranceTests.xctest */ = {isa = PBXFileReference; explicitFileType = wrapper.cfbundle; includeInIndex = 0; path = InsuranceTests.xctest; sourceTree = BUILT_PRODUCTS_DIR; };
		0E8379551BE07D9400F3BCCE /* InsuranceTests.swift */ = {isa = PBXFileReference; lastKnownFileType = sourcecode.swift; path = InsuranceTests.swift; sourceTree = "<group>"; };
		0E8379571BE07D9400F3BCCE /* Info.plist */ = {isa = PBXFileReference; lastKnownFileType = text.plist.xml; path = Info.plist; sourceTree = "<group>"; };
		0E83795C1BE07D9400F3BCCE /* InsuranceUITests.xctest */ = {isa = PBXFileReference; explicitFileType = wrapper.cfbundle; includeInIndex = 0; path = InsuranceUITests.xctest; sourceTree = BUILT_PRODUCTS_DIR; };
		0E8379601BE07D9400F3BCCE /* InsuranceUITests.swift */ = {isa = PBXFileReference; lastKnownFileType = sourcecode.swift; path = InsuranceUITests.swift; sourceTree = "<group>"; };
		0E8379621BE07D9400F3BCCE /* Info.plist */ = {isa = PBXFileReference; lastKnownFileType = text.plist.xml; path = Info.plist; sourceTree = "<group>"; };
		0E83796F1BE0802C00F3BCCE /* Insurance-Bridging-Header.h */ = {isa = PBXFileReference; lastKnownFileType = sourcecode.c.h; path = "Insurance-Bridging-Header.h"; sourceTree = "<group>"; };
		0E8379721BE081E400F3BCCE /* AppDelegate.swift */ = {isa = PBXFileReference; fileEncoding = 4; lastKnownFileType = sourcecode.swift; path = AppDelegate.swift; sourceTree = "<group>"; };
		0E8379741BE081E400F3BCCE /* Constants.swift */ = {isa = PBXFileReference; fileEncoding = 4; lastKnownFileType = sourcecode.swift; path = Constants.swift; sourceTree = "<group>"; };
		0E8379771BE081E400F3BCCE /* BaseCardList.swift */ = {isa = PBXFileReference; fileEncoding = 4; lastKnownFileType = sourcecode.swift; path = BaseCardList.swift; sourceTree = "<group>"; };
		0E8379781BE081E400F3BCCE /* CardList.swift */ = {isa = PBXFileReference; fileEncoding = 4; lastKnownFileType = sourcecode.swift; path = CardList.swift; sourceTree = "<group>"; };
		0E8379791BE081E400F3BCCE /* CardWebDetail.swift */ = {isa = PBXFileReference; fileEncoding = 4; lastKnownFileType = sourcecode.swift; path = CardWebDetail.swift; sourceTree = "<group>"; };
		0E83797A1BE081E400F3BCCE /* MyList.swift */ = {isa = PBXFileReference; fileEncoding = 4; lastKnownFileType = sourcecode.swift; path = MyList.swift; sourceTree = "<group>"; };
		0E83797B1BE081E400F3BCCE /* SimpleCardList.swift */ = {isa = PBXFileReference; fileEncoding = 4; lastKnownFileType = sourcecode.swift; path = SimpleCardList.swift; sourceTree = "<group>"; };
		0E83797C1BE081E400F3BCCE /* Compare.swift */ = {isa = PBXFileReference; fileEncoding = 4; lastKnownFileType = sourcecode.swift; path = Compare.swift; sourceTree = "<group>"; };
		0E83797D1BE081E400F3BCCE /* Discover.swift */ = {isa = PBXFileReference; fileEncoding = 4; lastKnownFileType = sourcecode.swift; path = Discover.swift; sourceTree = "<group>"; };
		0E83797F1BE081E400F3BCCE /* Flight.swift */ = {isa = PBXFileReference; fileEncoding = 4; lastKnownFileType = sourcecode.swift; path = Flight.swift; sourceTree = "<group>"; };
		0E8379801BE081E400F3BCCE /* GDS.swift */ = {isa = PBXFileReference; fileEncoding = 4; lastKnownFileType = sourcecode.swift; path = GDS.swift; sourceTree = "<group>"; };
		0E8379811BE081E400F3BCCE /* Home.swift */ = {isa = PBXFileReference; fileEncoding = 4; lastKnownFileType = sourcecode.swift; path = Home.swift; sourceTree = "<group>"; };
		0E8379821BE081E400F3BCCE /* Main.swift */ = {isa = PBXFileReference; fileEncoding = 4; lastKnownFileType = sourcecode.swift; path = Main.swift; sourceTree = "<group>"; };
		0E8379831BE081E400F3BCCE /* Me.swift */ = {isa = PBXFileReference; fileEncoding = 4; lastKnownFileType = sourcecode.swift; path = Me.swift; sourceTree = "<group>"; };
		0E8379851BE081E400F3BCCE /* OrderCreate.swift */ = {isa = PBXFileReference; fileEncoding = 4; lastKnownFileType = sourcecode.swift; path = OrderCreate.swift; sourceTree = "<group>"; };
		0E8379861BE081E400F3BCCE /* OrderDetail.swift */ = {isa = PBXFileReference; fileEncoding = 4; lastKnownFileType = sourcecode.swift; path = OrderDetail.swift; sourceTree = "<group>"; };
		0E8379871BE081E400F3BCCE /* OrderList.swift */ = {isa = PBXFileReference; fileEncoding = 4; lastKnownFileType = sourcecode.swift; path = OrderList.swift; sourceTree = "<group>"; };
		0E8379891BE081E400F3BCCE /* About.swift */ = {isa = PBXFileReference; fileEncoding = 4; lastKnownFileType = sourcecode.swift; path = About.swift; sourceTree = "<group>"; };
		0E83798A1BE081E400F3BCCE /* Profile.swift */ = {isa = PBXFileReference; fileEncoding = 4; lastKnownFileType = sourcecode.swift; path = Profile.swift; sourceTree = "<group>"; };
		0E83798B1BE081E400F3BCCE /* Settings.swift */ = {isa = PBXFileReference; fileEncoding = 4; lastKnownFileType = sourcecode.swift; path = Settings.swift; sourceTree = "<group>"; };
		0E83798C1BE081E400F3BCCE /* SignIn.swift */ = {isa = PBXFileReference; fileEncoding = 4; lastKnownFileType = sourcecode.swift; path = SignIn.swift; sourceTree = "<group>"; };
		0E83798D1BE081E400F3BCCE /* SignUp.swift */ = {isa = PBXFileReference; fileEncoding = 4; lastKnownFileType = sourcecode.swift; path = SignUp.swift; sourceTree = "<group>"; };
		0E83798F1BE081E400F3BCCE /* ProductDetail.swift */ = {isa = PBXFileReference; fileEncoding = 4; lastKnownFileType = sourcecode.swift; path = ProductDetail.swift; sourceTree = "<group>"; };
		0E8379901BE081E400F3BCCE /* ProductList.swift */ = {isa = PBXFileReference; fileEncoding = 4; lastKnownFileType = sourcecode.swift; path = ProductList.swift; sourceTree = "<group>"; };
		0E8379921BE081E400F3BCCE /* UserDetail.swift */ = {isa = PBXFileReference; fileEncoding = 4; lastKnownFileType = sourcecode.swift; path = UserDetail.swift; sourceTree = "<group>"; };
		0E8379941BE081E400F3BCCE /* VehicleCreate.swift */ = {isa = PBXFileReference; fileEncoding = 4; lastKnownFileType = sourcecode.swift; path = VehicleCreate.swift; sourceTree = "<group>"; };
		0E8379951BE081E400F3BCCE /* VehicleList.swift */ = {isa = PBXFileReference; fileEncoding = 4; lastKnownFileType = sourcecode.swift; path = VehicleList.swift; sourceTree = "<group>"; };
		0E8379971BE081E400F3BCCE /* Answer.swift */ = {isa = PBXFileReference; fileEncoding = 4; lastKnownFileType = sourcecode.swift; path = Answer.swift; sourceTree = "<group>"; };
		0E8379981BE081E400F3BCCE /* Article.swift */ = {isa = PBXFileReference; fileEncoding = 4; lastKnownFileType = sourcecode.swift; path = Article.swift; sourceTree = "<group>"; };
		0E8379991BE081E400F3BCCE /* Branch.swift */ = {isa = PBXFileReference; fileEncoding = 4; lastKnownFileType = sourcecode.swift; path = Branch.swift; sourceTree = "<group>"; };
		0E83799A1BE081E400F3BCCE /* Card.swift */ = {isa = PBXFileReference; fileEncoding = 4; lastKnownFileType = sourcecode.swift; path = Card.swift; sourceTree = "<group>"; };
		0E83799B1BE081E400F3BCCE /* Category.swift */ = {isa = PBXFileReference; fileEncoding = 4; lastKnownFileType = sourcecode.swift; path = Category.swift; sourceTree = "<group>"; };
		0E83799C1BE081E400F3BCCE /* ClaimRecord.swift */ = {isa = PBXFileReference; fileEncoding = 4; lastKnownFileType = sourcecode.swift; path = ClaimRecord.swift; sourceTree = "<group>"; };
		0E83799D1BE081E400F3BCCE /* Comment.swift */ = {isa = PBXFileReference; fileEncoding = 4; lastKnownFileType = sourcecode.swift; path = Comment.swift; sourceTree = "<group>"; };
		0E83799E1BE081E400F3BCCE /* Company.swift */ = {isa = PBXFileReference; fileEncoding = 4; lastKnownFileType = sourcecode.swift; path = Company.swift; sourceTree = "<group>"; };
		0E83799F1BE081E400F3BCCE /* Enquiry.swift */ = {isa = PBXFileReference; fileEncoding = 4; lastKnownFileType = sourcecode.swift; path = Enquiry.swift; sourceTree = "<group>"; };
		0E8379A01BE081E400F3BCCE /* Featured.swift */ = {isa = PBXFileReference; fileEncoding = 4; lastKnownFileType = sourcecode.swift; path = Featured.swift; sourceTree = "<group>"; };
		0E8379A11BE081E400F3BCCE /* Health.swift */ = {isa = PBXFileReference; fileEncoding = 4; lastKnownFileType = sourcecode.swift; path = Health.swift; sourceTree = "<group>"; };
		0E8379A21BE081E400F3BCCE /* HomeModel.swift */ = {isa = PBXFileReference; fileEncoding = 4; lastKnownFileType = sourcecode.swift; path = HomeModel.swift; sourceTree = "<group>"; };
		0E8379A31BE081E400F3BCCE /* Illegaality.swift */ = {isa = PBXFileReference; fileEncoding = 4; lastKnownFileType = sourcecode.swift; path = Illegaality.swift; sourceTree = "<group>"; };
		0E8379A41BE081E400F3BCCE /* Insurance.swift */ = {isa = PBXFileReference; fileEncoding = 4; lastKnownFileType = sourcecode.swift; path = Insurance.swift; sourceTree = "<group>"; };
		0E8379A51BE081E400F3BCCE /* InsurancePolicy.swift */ = {isa = PBXFileReference; fileEncoding = 4; lastKnownFileType = sourcecode.swift; path = InsurancePolicy.swift; sourceTree = "<group>"; };
		0E8379A61BE081E400F3BCCE /* Like.swift */ = {isa = PBXFileReference; fileEncoding = 4; lastKnownFileType = sourcecode.swift; path = Like.swift; sourceTree = "<group>"; };
		0E8379A71BE081E400F3BCCE /* Offer.swift */ = {isa = PBXFileReference; fileEncoding = 4; lastKnownFileType = sourcecode.swift; path = Offer.swift; sourceTree = "<group>"; };
		0E8379A81BE081E400F3BCCE /* Order.swift */ = {isa = PBXFileReference; fileEncoding = 4; lastKnownFileType = sourcecode.swift; path = Order.swift; sourceTree = "<group>"; };
		0E8379A91BE081E400F3BCCE /* Prepay.swift */ = {isa = PBXFileReference; fileEncoding = 4; lastKnownFileType = sourcecode.swift; path = Prepay.swift; sourceTree = "<group>"; };
		0E8379AA1BE081E400F3BCCE /* Product.swift */ = {isa = PBXFileReference; fileEncoding = 4; lastKnownFileType = sourcecode.swift; path = Product.swift; sourceTree = "<group>"; };
		0E8379AB1BE081E400F3BCCE /* Question.swift */ = {isa = PBXFileReference; fileEncoding = 4; lastKnownFileType = sourcecode.swift; path = Question.swift; sourceTree = "<group>"; };
		0E8379AC1BE081E400F3BCCE /* Special.swift */ = {isa = PBXFileReference; fileEncoding = 4; lastKnownFileType = sourcecode.swift; path = Special.swift; sourceTree = "<group>"; };
		0E8379AD1BE081E400F3BCCE /* Tag.swift */ = {isa = PBXFileReference; fileEncoding = 4; lastKnownFileType = sourcecode.swift; path = Tag.swift; sourceTree = "<group>"; };
		0E8379AE1BE081E400F3BCCE /* User.swift */ = {isa = PBXFileReference; fileEncoding = 4; lastKnownFileType = sourcecode.swift; path = User.swift; sourceTree = "<group>"; };
		0E8379AF1BE081E400F3BCCE /* Vehicle.swift */ = {isa = PBXFileReference; fileEncoding = 4; lastKnownFileType = sourcecode.swift; path = Vehicle.swift; sourceTree = "<group>"; };
		0E8379B01BE081E400F3BCCE /* Video.swift */ = {isa = PBXFileReference; fileEncoding = 4; lastKnownFileType = sourcecode.swift; path = Video.swift; sourceTree = "<group>"; };
		0E8379B11BE081E400F3BCCE /* Vote.swift */ = {isa = PBXFileReference; fileEncoding = 4; lastKnownFileType = sourcecode.swift; path = Vote.swift; sourceTree = "<group>"; };
		0E8379B31BE081E400F3BCCE /* ShareUtils.swift */ = {isa = PBXFileReference; fileEncoding = 4; lastKnownFileType = sourcecode.swift; path = ShareUtils.swift; sourceTree = "<group>"; };
		0E8379B51BE081E400F3BCCE /* CardCell.swift */ = {isa = PBXFileReference; fileEncoding = 4; lastKnownFileType = sourcecode.swift; path = CardCell.swift; sourceTree = "<group>"; };
		0E8379B61BE081E400F3BCCE /* CardListCell.swift */ = {isa = PBXFileReference; fileEncoding = 4; lastKnownFileType = sourcecode.swift; path = CardListCell.swift; sourceTree = "<group>"; };
		0E8379B71BE081E400F3BCCE /* CardTableCell.swift */ = {isa = PBXFileReference; fileEncoding = 4; lastKnownFileType = sourcecode.swift; path = CardTableCell.swift; sourceTree = "<group>"; };
		0E8379B81BE081E400F3BCCE /* CardView.swift */ = {isa = PBXFileReference; fileEncoding = 4; lastKnownFileType = sourcecode.swift; path = CardView.swift; sourceTree = "<group>"; };
		0E8379B91BE081E400F3BCCE /* CommentCell.swift */ = {isa = PBXFileReference; fileEncoding = 4; lastKnownFileType = sourcecode.swift; path = CommentCell.swift; sourceTree = "<group>"; };
		0E8379BA1BE081E400F3BCCE /* PageCell.swift */ = {isa = PBXFileReference; fileEncoding = 4; lastKnownFileType = sourcecode.swift; path = PageCell.swift; sourceTree = "<group>"; };
		0E8379BB1BE081E400F3BCCE /* PosterView.swift */ = {isa = PBXFileReference; fileEncoding = 4; lastKnownFileType = sourcecode.swift; path = PosterView.swift; sourceTree = "<group>"; };
		0E8379BC1BE081E400F3BCCE /* SpecialCover.swift */ = {isa = PBXFileReference; fileEncoding = 4; lastKnownFileType = sourcecode.swift; path = SpecialCover.swift; sourceTree = "<group>"; };
		0E8379BD1BE081E400F3BCCE /* XML.swift */ = {isa = PBXFileReference; fileEncoding = 4; lastKnownFileType = sourcecode.swift; path = XML.swift; sourceTree = "<group>"; };
		0E8379FF1BE0825500F3BCCE /* CardUtils.swift */ = {isa = PBXFileReference; fileEncoding = 4; lastKnownFileType = sourcecode.swift; path = CardUtils.swift; sourceTree = "<group>"; };
		0E837A031BE082F200F3BCCE /* CAPSPageMenu.swift */ = {isa = PBXFileReference; fileEncoding = 4; lastKnownFileType = sourcecode.swift; path = CAPSPageMenu.swift; sourceTree = "<group>"; };
		0E837A111BE088AF00F3BCCE /* Base */ = {isa = PBXFileReference; lastKnownFileType = text.plist.strings; name = Base; path = Base.lproj/InfoPlist.strings; sourceTree = "<group>"; };
		0E837A131BE088B100F3BCCE /* en */ = {isa = PBXFileReference; lastKnownFileType = text.plist.strings; name = en; path = en.lproj/InfoPlist.strings; sourceTree = "<group>"; };
		0E837A171BE088FC00F3BCCE /* Base */ = {isa = PBXFileReference; lastKnownFileType = text.plist.strings; name = Base; path = Base.lproj/Localizable.strings; sourceTree = "<group>"; };
		0E837A191BE0890100F3BCCE /* en */ = {isa = PBXFileReference; lastKnownFileType = text.plist.strings; name = en; path = en.lproj/Localizable.strings; sourceTree = "<group>"; };
		0E837A1D1BE09D2100F3BCCE /* BaseLoader.swift */ = {isa = PBXFileReference; fileEncoding = 4; lastKnownFileType = sourcecode.swift; path = BaseLoader.swift; sourceTree = "<group>"; };
		0E837A1E1BE09D2100F3BCCE /* HttpLoader.swift */ = {isa = PBXFileReference; fileEncoding = 4; lastKnownFileType = sourcecode.swift; path = HttpLoader.swift; sourceTree = "<group>"; };
		0E837A1F1BE09D2100F3BCCE /* HttpTask.swift */ = {isa = PBXFileReference; fileEncoding = 4; lastKnownFileType = sourcecode.swift; path = HttpTask.swift; sourceTree = "<group>"; };
		0E837A211BE09D2100F3BCCE /* BaseController.swift */ = {isa = PBXFileReference; fileEncoding = 4; lastKnownFileType = sourcecode.swift; path = BaseController.swift; sourceTree = "<group>"; };
		0E837A221BE09D2100F3BCCE /* BaseDetail.swift */ = {isa = PBXFileReference; fileEncoding = 4; lastKnownFileType = sourcecode.swift; path = BaseDetail.swift; sourceTree = "<group>"; };
		0E837A231BE09D2100F3BCCE /* CheckListUpdate.swift */ = {isa = PBXFileReference; fileEncoding = 4; lastKnownFileType = sourcecode.swift; path = CheckListUpdate.swift; sourceTree = "<group>"; };
		0E837A241BE09D2100F3BCCE /* CollectionList.swift */ = {isa = PBXFileReference; fileEncoding = 4; lastKnownFileType = sourcecode.swift; path = CollectionList.swift; sourceTree = "<group>"; };
		0E837A251BE09D2100F3BCCE /* CreateController.swift */ = {isa = PBXFileReference; fileEncoding = 4; lastKnownFileType = sourcecode.swift; path = CreateController.swift; sourceTree = "<group>"; };
		0E837A261BE09D2100F3BCCE /* ListController.swift */ = {isa = PBXFileReference; fileEncoding = 4; lastKnownFileType = sourcecode.swift; path = ListController.swift; sourceTree = "<group>"; };
		0E837A271BE09D2100F3BCCE /* SearchResultsList.swift */ = {isa = PBXFileReference; fileEncoding = 4; lastKnownFileType = sourcecode.swift; path = SearchResultsList.swift; sourceTree = "<group>"; };
		0E837A281BE09D2100F3BCCE /* TableDetail.swift */ = {isa = PBXFileReference; fileEncoding = 4; lastKnownFileType = sourcecode.swift; path = TableDetail.swift; sourceTree = "<group>"; };
		0E837A291BE09D2100F3BCCE /* TableList.swift */ = {isa = PBXFileReference; fileEncoding = 4; lastKnownFileType = sourcecode.swift; path = TableList.swift; sourceTree = "<group>"; };
		0E837A2A1BE09D2100F3BCCE /* TableSearch.swift */ = {isa = PBXFileReference; fileEncoding = 4; lastKnownFileType = sourcecode.swift; path = TableSearch.swift; sourceTree = "<group>"; };
		0E837A2B1BE09D2100F3BCCE /* TextFieldCreate.swift */ = {isa = PBXFileReference; fileEncoding = 4; lastKnownFileType = sourcecode.swift; path = TextFieldCreate.swift; sourceTree = "<group>"; };
		0E837A2C1BE09D2100F3BCCE /* TextFieldUpdate.swift */ = {isa = PBXFileReference; fileEncoding = 4; lastKnownFileType = sourcecode.swift; path = TextFieldUpdate.swift; sourceTree = "<group>"; };
		0E837A2D1BE09D2100F3BCCE /* TextViewCreate.swift */ = {isa = PBXFileReference; fileEncoding = 4; lastKnownFileType = sourcecode.swift; path = TextViewCreate.swift; sourceTree = "<group>"; };
		0E837A2E1BE09D2100F3BCCE /* UpdateController.swift */ = {isa = PBXFileReference; fileEncoding = 4; lastKnownFileType = sourcecode.swift; path = UpdateController.swift; sourceTree = "<group>"; };
		0E837A2F1BE09D2100F3BCCE /* WebDetail.swift */ = {isa = PBXFileReference; fileEncoding = 4; lastKnownFileType = sourcecode.swift; path = WebDetail.swift; sourceTree = "<group>"; };
		0E837A311BE09D2100F3BCCE /* Array+Extension.swift */ = {isa = PBXFileReference; fileEncoding = 4; lastKnownFileType = sourcecode.swift; path = "Array+Extension.swift"; sourceTree = "<group>"; };
		0E837A321BE09D2100F3BCCE /* NSData+Extension.swift */ = {isa = PBXFileReference; fileEncoding = 4; lastKnownFileType = sourcecode.swift; path = "NSData+Extension.swift"; sourceTree = "<group>"; };
		0E837A331BE09D2100F3BCCE /* NSDate+Extension.swift */ = {isa = PBXFileReference; fileEncoding = 4; lastKnownFileType = sourcecode.swift; path = "NSDate+Extension.swift"; sourceTree = "<group>"; };
		0E837A341BE09D2100F3BCCE /* String+Extension.swift */ = {isa = PBXFileReference; fileEncoding = 4; lastKnownFileType = sourcecode.swift; path = "String+Extension.swift"; sourceTree = "<group>"; };
		0E837A351BE09D2100F3BCCE /* UIColor+Extension.swift */ = {isa = PBXFileReference; fileEncoding = 4; lastKnownFileType = sourcecode.swift; path = "UIColor+Extension.swift"; sourceTree = "<group>"; };
		0E837A361BE09D2100F3BCCE /* UIImage+Extension.swift */ = {isa = PBXFileReference; fileEncoding = 4; lastKnownFileType = sourcecode.swift; path = "UIImage+Extension.swift"; sourceTree = "<group>"; };
		0E837A371BE09D2100F3BCCE /* UILabel+Extension.swift */ = {isa = PBXFileReference; fileEncoding = 4; lastKnownFileType = sourcecode.swift; path = "UILabel+Extension.swift"; sourceTree = "<group>"; };
		0E837A381BE09D2100F3BCCE /* UISearchBar+Extension.swift */ = {isa = PBXFileReference; fileEncoding = 4; lastKnownFileType = sourcecode.swift; path = "UISearchBar+Extension.swift"; sourceTree = "<group>"; };
		0E837A391BE09D2100F3BCCE /* UITextField+Extension.swift */ = {isa = PBXFileReference; fileEncoding = 4; lastKnownFileType = sourcecode.swift; path = "UITextField+Extension.swift"; sourceTree = "<group>"; };
		0E837A3A1BE09D2100F3BCCE /* UIView+Extension.swift */ = {isa = PBXFileReference; fileEncoding = 4; lastKnownFileType = sourcecode.swift; path = "UIView+Extension.swift"; sourceTree = "<group>"; };
		0E837A3B1BE09D2100F3BCCE /* UIViewController+Extension.swift */ = {isa = PBXFileReference; fileEncoding = 4; lastKnownFileType = sourcecode.swift; path = "UIViewController+Extension.swift"; sourceTree = "<group>"; };
		0E837A3C1BE09D2100F3BCCE /* UIVisualEffectView+Extension.swift */ = {isa = PBXFileReference; fileEncoding = 4; lastKnownFileType = sourcecode.swift; path = "UIVisualEffectView+Extension.swift"; sourceTree = "<group>"; };
		0E837A3E1BE09D2100F3BCCE /* BaseAppDelegate.swift */ = {isa = PBXFileReference; fileEncoding = 4; lastKnownFileType = sourcecode.swift; path = BaseAppDelegate.swift; sourceTree = "<group>"; };
		0E837A3F1BE09D2100F3BCCE /* SocialAppDelegate.swift */ = {isa = PBXFileReference; fileEncoding = 4; lastKnownFileType = sourcecode.swift; path = SocialAppDelegate.swift; sourceTree = "<group>"; };
		0E837A411BE09D2100F3BCCE /* BaseData.swift */ = {isa = PBXFileReference; fileEncoding = 4; lastKnownFileType = sourcecode.swift; path = BaseData.swift; sourceTree = "<group>"; };
		0E837A421BE09D2100F3BCCE /* BaseUser.swift */ = {isa = PBXFileReference; fileEncoding = 4; lastKnownFileType = sourcecode.swift; path = BaseUser.swift; sourceTree = "<group>"; };
		0E837A431BE09D2100F3BCCE /* City.swift */ = {isa = PBXFileReference; fileEncoding = 4; lastKnownFileType = sourcecode.swift; path = City.swift; sourceTree = "<group>"; };
		0E837A441BE09D2100F3BCCE /* Item.swift */ = {isa = PBXFileReference; fileEncoding = 4; lastKnownFileType = sourcecode.swift; path = Item.swift; sourceTree = "<group>"; };
		0E837A451BE09D2100F3BCCE /* ListModel.swift */ = {isa = PBXFileReference; fileEncoding = 4; lastKnownFileType = sourcecode.swift; path = ListModel.swift; sourceTree = "<group>"; };
		0E837A461BE09D2100F3BCCE /* ModelObject.swift */ = {isa = PBXFileReference; fileEncoding = 4; lastKnownFileType = sourcecode.swift; path = ModelObject.swift; sourceTree = "<group>"; };
		0E837A471BE09D2100F3BCCE /* UploadParams.swift */ = {isa = PBXFileReference; fileEncoding = 4; lastKnownFileType = sourcecode.swift; path = UploadParams.swift; sourceTree = "<group>"; };
		0E837A481BE09D2100F3BCCE /* WXToken.swift */ = {isa = PBXFileReference; fileEncoding = 4; lastKnownFileType = sourcecode.swift; path = WXToken.swift; sourceTree = "<group>"; };
		0E837A491BE09D2100F3BCCE /* TaylorR.swift */ = {isa = PBXFileReference; fileEncoding = 4; lastKnownFileType = sourcecode.swift; path = TaylorR.swift; sourceTree = "<group>"; };
		0E837A4B1BE09D2100F3BCCE /* FileUtils.swift */ = {isa = PBXFileReference; fileEncoding = 4; lastKnownFileType = sourcecode.swift; path = FileUtils.swift; sourceTree = "<group>"; };
		0E837A4C1BE09D2100F3BCCE /* RestKitUtils.swift */ = {isa = PBXFileReference; fileEncoding = 4; lastKnownFileType = sourcecode.swift; path = RestKitUtils.swift; sourceTree = "<group>"; };
		0E837A4D1BE09D2100F3BCCE /* Shortcuts.swift */ = {isa = PBXFileReference; fileEncoding = 4; lastKnownFileType = sourcecode.swift; path = Shortcuts.swift; sourceTree = "<group>"; };
		0E837A4E1BE09D2100F3BCCE /* TSMessage+Extension.swift */ = {isa = PBXFileReference; fileEncoding = 4; lastKnownFileType = sourcecode.swift; path = "TSMessage+Extension.swift"; sourceTree = "<group>"; };
		0E837A4F1BE09D2100F3BCCE /* UploadUtils.swift */ = {isa = PBXFileReference; fileEncoding = 4; lastKnownFileType = sourcecode.swift; path = UploadUtils.swift; sourceTree = "<group>"; };
		0E837A501BE09D2100F3BCCE /* Utils.swift */ = {isa = PBXFileReference; fileEncoding = 4; lastKnownFileType = sourcecode.swift; path = Utils.swift; sourceTree = "<group>"; };
		0E837A521BE09D2100F3BCCE /* ImageView.swift */ = {isa = PBXFileReference; fileEncoding = 4; lastKnownFileType = sourcecode.swift; path = ImageView.swift; sourceTree = "<group>"; };
		0E837A531BE09D2100F3BCCE /* KLineView.swift */ = {isa = PBXFileReference; fileEncoding = 4; lastKnownFileType = sourcecode.swift; path = KLineView.swift; sourceTree = "<group>"; };
		0E837A541BE09D2100F3BCCE /* RightDetailCell.swift */ = {isa = PBXFileReference; fileEncoding = 4; lastKnownFileType = sourcecode.swift; path = RightDetailCell.swift; sourceTree = "<group>"; };
		0E837A551BE09D2100F3BCCE /* SubtitleCell.swift */ = {isa = PBXFileReference; fileEncoding = 4; lastKnownFileType = sourcecode.swift; path = SubtitleCell.swift; sourceTree = "<group>"; };
		0E837A571BE09D2100F3BCCE /* WeixinUtils.swift */ = {isa = PBXFileReference; fileEncoding = 4; lastKnownFileType = sourcecode.swift; path = WeixinUtils.swift; sourceTree = "<group>"; };
		0E837A591BE09D2100F3BCCE /* AvatarView.swift */ = {isa = PBXFileReference; fileEncoding = 4; lastKnownFileType = sourcecode.swift; path = AvatarView.swift; sourceTree = "<group>"; };
		0E837A5A1BE09D2100F3BCCE /* BaseSign.swift */ = {isa = PBXFileReference; fileEncoding = 4; lastKnownFileType = sourcecode.swift; path = BaseSign.swift; sourceTree = "<group>"; };
		0E837A5B1BE09D2100F3BCCE /* CityList.swift */ = {isa = PBXFileReference; fileEncoding = 4; lastKnownFileType = sourcecode.swift; path = CityList.swift; sourceTree = "<group>"; };
		0E837A5C1BE09D2100F3BCCE /* QuickButton.swift */ = {isa = PBXFileReference; fileEncoding = 4; lastKnownFileType = sourcecode.swift; path = QuickButton.swift; sourceTree = "<group>"; };
		0E837A5D1BE09D2100F3BCCE /* SignInController.swift */ = {isa = PBXFileReference; fileEncoding = 4; lastKnownFileType = sourcecode.swift; path = SignInController.swift; sourceTree = "<group>"; };
		0E837A5E1BE09D2100F3BCCE /* SignUpController.swift */ = {isa = PBXFileReference; fileEncoding = 4; lastKnownFileType = sourcecode.swift; path = SignUpController.swift; sourceTree = "<group>"; };
		0E837A5F1BE09D2100F3BCCE /* SocialSignIn.swift */ = {isa = PBXFileReference; fileEncoding = 4; lastKnownFileType = sourcecode.swift; path = SocialSignIn.swift; sourceTree = "<group>"; };
		0E837A601BE09D2100F3BCCE /* TagsView.swift */ = {isa = PBXFileReference; fileEncoding = 4; lastKnownFileType = sourcecode.swift; path = TagsView.swift; sourceTree = "<group>"; };
		0E837A631BE09D2100F3BCCE /* Base */ = {isa = PBXFileReference; lastKnownFileType = text.plist.strings; name = Base; path = Base.lproj/Default.strings; sourceTree = "<group>"; };
		0E837A641BE09D2100F3BCCE /* en */ = {isa = PBXFileReference; lastKnownFileType = text.plist.strings; name = en; path = en.lproj/Default.strings; sourceTree = "<group>"; };
		0E837A651BE09D2100F3BCCE /* zh-Hans */ = {isa = PBXFileReference; lastKnownFileType = text.plist.strings; name = "zh-Hans"; path = "zh-Hans.lproj/Default.strings"; sourceTree = "<group>"; };
		0E837AA31BE0AB3F00F3BCCE /* ic_xiaomar.png */ = {isa = PBXFileReference; lastKnownFileType = image.png; path = ic_xiaomar.png; sourceTree = "<group>"; };
		3842DC7F28097D00C2170059 /* Pods.debug.xcconfig */ = {isa = PBXFileReference; includeInIndex = 1; lastKnownFileType = text.xcconfig; name = Pods.debug.xcconfig; path = "Pods/Target Support Files/Pods/Pods.debug.xcconfig"; sourceTree = "<group>"; };
		39711360E4CC77D2B9D726D0 /* Pods.release.xcconfig */ = {isa = PBXFileReference; includeInIndex = 1; lastKnownFileType = text.xcconfig; name = Pods.release.xcconfig; path = "Pods/Target Support Files/Pods/Pods.release.xcconfig"; sourceTree = "<group>"; };
		5B5F62F6E39B514C622137E5 /* libPods.a */ = {isa = PBXFileReference; explicitFileType = archive.ar; includeInIndex = 0; path = libPods.a; sourceTree = BUILT_PRODUCTS_DIR; };
/* End PBXFileReference section */

/* Begin PBXFrameworksBuildPhase section */
		0E8379381BE07D9400F3BCCE /* Frameworks */ = {
			isa = PBXFrameworksBuildPhase;
			buildActionMask = 2147483647;
			files = (
				F924151225BB20A3C9EF1489 /* libPods.a in Frameworks */,
			);
			runOnlyForDeploymentPostprocessing = 0;
		};
		0E83794E1BE07D9400F3BCCE /* Frameworks */ = {
			isa = PBXFrameworksBuildPhase;
			buildActionMask = 2147483647;
			files = (
			);
			runOnlyForDeploymentPostprocessing = 0;
		};
		0E8379591BE07D9400F3BCCE /* Frameworks */ = {
			isa = PBXFrameworksBuildPhase;
			buildActionMask = 2147483647;
			files = (
			);
			runOnlyForDeploymentPostprocessing = 0;
		};
/* End PBXFrameworksBuildPhase section */

/* Begin PBXGroup section */
		0E8379321BE07D9400F3BCCE = {
			isa = PBXGroup;
			children = (
				0E837A011BE082F200F3BCCE /* Library */,
				0E83793D1BE07D9400F3BCCE /* Insurance */,
				0E8379541BE07D9400F3BCCE /* InsuranceTests */,
				0E83795F1BE07D9400F3BCCE /* InsuranceUITests */,
				0E83793C1BE07D9400F3BCCE /* Products */,
				EABB646DACC2090B0F0826E1 /* Pods */,
				80B25E7C88C7A5D686F97EA9 /* Frameworks */,
			);
			sourceTree = "<group>";
		};
		0E83793C1BE07D9400F3BCCE /* Products */ = {
			isa = PBXGroup;
			children = (
				0E83793B1BE07D9400F3BCCE /* Insurance.app */,
				0E8379511BE07D9400F3BCCE /* InsuranceTests.xctest */,
				0E83795C1BE07D9400F3BCCE /* InsuranceUITests.xctest */,
			);
			name = Products;
			sourceTree = "<group>";
		};
		0E83793D1BE07D9400F3BCCE /* Insurance */ = {
			isa = PBXGroup;
			children = (
				0E83796E1BE0801700F3BCCE /* Classes */,
				0E837A051BE0830E00F3BCCE /* Resources */,
				0E8379441BE07D9400F3BCCE /* Main.storyboard */,
				0E8379471BE07D9400F3BCCE /* Assets.xcassets */,
				0E8379491BE07D9400F3BCCE /* LaunchScreen.storyboard */,
				0E83794C1BE07D9400F3BCCE /* Info.plist */,
				0E837A121BE088AF00F3BCCE /* InfoPlist.strings */,
				0E837A181BE088FC00F3BCCE /* Localizable.strings */,
			);
			path = Insurance;
			sourceTree = "<group>";
		};
		0E8379541BE07D9400F3BCCE /* InsuranceTests */ = {
			isa = PBXGroup;
			children = (
				0E8379551BE07D9400F3BCCE /* InsuranceTests.swift */,
				0E8379571BE07D9400F3BCCE /* Info.plist */,
			);
			path = InsuranceTests;
			sourceTree = "<group>";
		};
		0E83795F1BE07D9400F3BCCE /* InsuranceUITests */ = {
			isa = PBXGroup;
			children = (
				0E8379601BE07D9400F3BCCE /* InsuranceUITests.swift */,
				0E8379621BE07D9400F3BCCE /* Info.plist */,
			);
			path = InsuranceUITests;
			sourceTree = "<group>";
		};
		0E83796E1BE0801700F3BCCE /* Classes */ = {
			isa = PBXGroup;
			children = (
				0E8379721BE081E400F3BCCE /* AppDelegate.swift */,
				0E8379741BE081E400F3BCCE /* Constants.swift */,
				0E8379BD1BE081E400F3BCCE /* XML.swift */,
				0E8379751BE081E400F3BCCE /* Controllers */,
				0E8379961BE081E400F3BCCE /* Models */,
				0E8379B21BE081E400F3BCCE /* Util */,
				0E8379B41BE081E400F3BCCE /* Views */,
				0E83796F1BE0802C00F3BCCE /* Insurance-Bridging-Header.h */,
			);
			path = Classes;
			sourceTree = "<group>";
		};
		0E8379751BE081E400F3BCCE /* Controllers */ = {
			isa = PBXGroup;
			children = (
				0E83797C1BE081E400F3BCCE /* Compare.swift */,
				0E83797D1BE081E400F3BCCE /* Discover.swift */,
				0E83797F1BE081E400F3BCCE /* Flight.swift */,
				0E8379801BE081E400F3BCCE /* GDS.swift */,
				0E8379811BE081E400F3BCCE /* Home.swift */,
				0E8379821BE081E400F3BCCE /* Main.swift */,
				0E8379831BE081E400F3BCCE /* Me.swift */,
				0E837AA51BE0AE7700F3BCCE /* GDS */,
				0E8379761BE081E400F3BCCE /* Cards */,
				0E8379841BE081E400F3BCCE /* Orders */,
				0E8379881BE081E400F3BCCE /* Others */,
				0E83798E1BE081E400F3BCCE /* Products */,
				0E8379911BE081E400F3BCCE /* Users */,
				0E8379931BE081E400F3BCCE /* Vehicles */,
			);
			path = Controllers;
			sourceTree = "<group>";
		};
		0E8379761BE081E400F3BCCE /* Cards */ = {
			isa = PBXGroup;
			children = (
				0E8379771BE081E400F3BCCE /* BaseCardList.swift */,
				0E8379781BE081E400F3BCCE /* CardList.swift */,
				0E8379791BE081E400F3BCCE /* CardWebDetail.swift */,
				0E83797A1BE081E400F3BCCE /* MyList.swift */,
				0E83797B1BE081E400F3BCCE /* SimpleCardList.swift */,
			);
			path = Cards;
			sourceTree = "<group>";
		};
		0E8379841BE081E400F3BCCE /* Orders */ = {
			isa = PBXGroup;
			children = (
				0E8379851BE081E400F3BCCE /* OrderCreate.swift */,
				0E8379861BE081E400F3BCCE /* OrderDetail.swift */,
				0E8379871BE081E400F3BCCE /* OrderList.swift */,
			);
			path = Orders;
			sourceTree = "<group>";
		};
		0E8379881BE081E400F3BCCE /* Others */ = {
			isa = PBXGroup;
			children = (
				0E8379891BE081E400F3BCCE /* About.swift */,
				0E83798A1BE081E400F3BCCE /* Profile.swift */,
				0E83798B1BE081E400F3BCCE /* Settings.swift */,
				0E83798C1BE081E400F3BCCE /* SignIn.swift */,
				0E83798D1BE081E400F3BCCE /* SignUp.swift */,
			);
			path = Others;
			sourceTree = "<group>";
		};
		0E83798E1BE081E400F3BCCE /* Products */ = {
			isa = PBXGroup;
			children = (
				0E83798F1BE081E400F3BCCE /* ProductDetail.swift */,
				0E8379901BE081E400F3BCCE /* ProductList.swift */,
			);
			path = Products;
			sourceTree = "<group>";
		};
		0E8379911BE081E400F3BCCE /* Users */ = {
			isa = PBXGroup;
			children = (
				0E8379921BE081E400F3BCCE /* UserDetail.swift */,
			);
			path = Users;
			sourceTree = "<group>";
		};
		0E8379931BE081E400F3BCCE /* Vehicles */ = {
			isa = PBXGroup;
			children = (
				0E8379941BE081E400F3BCCE /* VehicleCreate.swift */,
				0E8379951BE081E400F3BCCE /* VehicleList.swift */,
			);
			path = Vehicles;
			sourceTree = "<group>";
		};
		0E8379961BE081E400F3BCCE /* Models */ = {
			isa = PBXGroup;
			children = (
				0E8379971BE081E400F3BCCE /* Answer.swift */,
				0E8379981BE081E400F3BCCE /* Article.swift */,
				0E8379991BE081E400F3BCCE /* Branch.swift */,
				0E83799A1BE081E400F3BCCE /* Card.swift */,
				0E83799B1BE081E400F3BCCE /* Category.swift */,
				0E83799C1BE081E400F3BCCE /* ClaimRecord.swift */,
				0E83799D1BE081E400F3BCCE /* Comment.swift */,
				0E83799E1BE081E400F3BCCE /* Company.swift */,
				0E83799F1BE081E400F3BCCE /* Enquiry.swift */,
				0E8379A01BE081E400F3BCCE /* Featured.swift */,
				0E8379A11BE081E400F3BCCE /* Health.swift */,
				0E8379A21BE081E400F3BCCE /* HomeModel.swift */,
				0E8379A31BE081E400F3BCCE /* Illegaality.swift */,
				0E8379A41BE081E400F3BCCE /* Insurance.swift */,
				0E8379A51BE081E400F3BCCE /* InsurancePolicy.swift */,
				0E8379A61BE081E400F3BCCE /* Like.swift */,
				0E8379A71BE081E400F3BCCE /* Offer.swift */,
				0E8379A81BE081E400F3BCCE /* Order.swift */,
				0E8379A91BE081E400F3BCCE /* Prepay.swift */,
				0E8379AA1BE081E400F3BCCE /* Product.swift */,
				0E8379AB1BE081E400F3BCCE /* Question.swift */,
				0E8379AC1BE081E400F3BCCE /* Special.swift */,
				0E8379AD1BE081E400F3BCCE /* Tag.swift */,
				0E8379AE1BE081E400F3BCCE /* User.swift */,
				0E8379AF1BE081E400F3BCCE /* Vehicle.swift */,
				0E8379B01BE081E400F3BCCE /* Video.swift */,
				0E8379B11BE081E400F3BCCE /* Vote.swift */,
			);
			path = Models;
			sourceTree = "<group>";
		};
		0E8379B21BE081E400F3BCCE /* Util */ = {
			isa = PBXGroup;
			children = (
				0E8379FF1BE0825500F3BCCE /* CardUtils.swift */,
				0E8379B31BE081E400F3BCCE /* ShareUtils.swift */,
			);
			path = Util;
			sourceTree = "<group>";
		};
		0E8379B41BE081E400F3BCCE /* Views */ = {
			isa = PBXGroup;
			children = (
				0E8379B51BE081E400F3BCCE /* CardCell.swift */,
				0E8379B61BE081E400F3BCCE /* CardListCell.swift */,
				0E8379B71BE081E400F3BCCE /* CardTableCell.swift */,
				0E8379B81BE081E400F3BCCE /* CardView.swift */,
				0E8379B91BE081E400F3BCCE /* CommentCell.swift */,
				0E8379BA1BE081E400F3BCCE /* PageCell.swift */,
				0E8379BB1BE081E400F3BCCE /* PosterView.swift */,
				0E8379BC1BE081E400F3BCCE /* SpecialCover.swift */,
			);
			path = Views;
			sourceTree = "<group>";
		};
		0E837A011BE082F200F3BCCE /* Library */ = {
			isa = PBXGroup;
			children = (
				0E837A021BE082F200F3BCCE /* PageMenu */,
				0E837A1A1BE09D2100F3BCCE /* Taylor */,
			);
			path = Library;
			sourceTree = SOURCE_ROOT;
		};
		0E837A021BE082F200F3BCCE /* PageMenu */ = {
			isa = PBXGroup;
			children = (
				0E837A031BE082F200F3BCCE /* CAPSPageMenu.swift */,
			);
			path = PageMenu;
			sourceTree = "<group>";
		};
		0E837A051BE0830E00F3BCCE /* Resources */ = {
			isa = PBXGroup;
			children = (
				0E837AA31BE0AB3F00F3BCCE /* ic_xiaomar.png */,
				0E837A061BE0830E00F3BCCE /* Intro */,
			);
			path = Resources;
			sourceTree = "<group>";
		};
		0E837A061BE0830E00F3BCCE /* Intro */ = {
			isa = PBXGroup;
			children = (
			);
			path = Intro;
			sourceTree = "<group>";
		};
		0E837A1A1BE09D2100F3BCCE /* Taylor */ = {
			isa = PBXGroup;
			children = (
				0E837A1B1BE09D2100F3BCCE /* Classes */,
				0E837A611BE09D2100F3BCCE /* Resources */,
			);
			name = Taylor;
			path = ../../Taylor/Taylor;
			sourceTree = "<group>";
		};
		0E837A1B1BE09D2100F3BCCE /* Classes */ = {
			isa = PBXGroup;
			children = (
				0E837A1C1BE09D2100F3BCCE /* Content */,
				0E837A201BE09D2100F3BCCE /* Controllers */,
				0E837A301BE09D2100F3BCCE /* Extensions */,
				0E837A3D1BE09D2100F3BCCE /* Main */,
				0E837A401BE09D2100F3BCCE /* Models */,
				0E837A491BE09D2100F3BCCE /* TaylorR.swift */,
				0E837A4A1BE09D2100F3BCCE /* Util */,
				0E837A511BE09D2100F3BCCE /* Views */,
				0E837A561BE09D2100F3BCCE /* Weixin */,
				0E837A581BE09D2100F3BCCE /* Widget */,
			);
			path = Classes;
			sourceTree = "<group>";
		};
		0E837A1C1BE09D2100F3BCCE /* Content */ = {
			isa = PBXGroup;
			children = (
				0E837A1D1BE09D2100F3BCCE /* BaseLoader.swift */,
				0E837A1E1BE09D2100F3BCCE /* HttpLoader.swift */,
				0E837A1F1BE09D2100F3BCCE /* HttpTask.swift */,
			);
			path = Content;
			sourceTree = "<group>";
		};
		0E837A201BE09D2100F3BCCE /* Controllers */ = {
			isa = PBXGroup;
			children = (
				0E837A211BE09D2100F3BCCE /* BaseController.swift */,
				0E837A221BE09D2100F3BCCE /* BaseDetail.swift */,
				0E837A231BE09D2100F3BCCE /* CheckListUpdate.swift */,
				0E837A241BE09D2100F3BCCE /* CollectionList.swift */,
				0E837A251BE09D2100F3BCCE /* CreateController.swift */,
				0E837A261BE09D2100F3BCCE /* ListController.swift */,
				0E837A271BE09D2100F3BCCE /* SearchResultsList.swift */,
				0E837A281BE09D2100F3BCCE /* TableDetail.swift */,
				0E837A291BE09D2100F3BCCE /* TableList.swift */,
				0E837A2A1BE09D2100F3BCCE /* TableSearch.swift */,
				0E837A2B1BE09D2100F3BCCE /* TextFieldCreate.swift */,
				0E837A2C1BE09D2100F3BCCE /* TextFieldUpdate.swift */,
				0E837A2D1BE09D2100F3BCCE /* TextViewCreate.swift */,
				0E837A2E1BE09D2100F3BCCE /* UpdateController.swift */,
				0E837A2F1BE09D2100F3BCCE /* WebDetail.swift */,
			);
			path = Controllers;
			sourceTree = "<group>";
		};
		0E837A301BE09D2100F3BCCE /* Extensions */ = {
			isa = PBXGroup;
			children = (
				0E837A311BE09D2100F3BCCE /* Array+Extension.swift */,
				0E837A321BE09D2100F3BCCE /* NSData+Extension.swift */,
				0E837A331BE09D2100F3BCCE /* NSDate+Extension.swift */,
				0E837A341BE09D2100F3BCCE /* String+Extension.swift */,
				0E837A351BE09D2100F3BCCE /* UIColor+Extension.swift */,
				0E837A361BE09D2100F3BCCE /* UIImage+Extension.swift */,
				0E837A371BE09D2100F3BCCE /* UILabel+Extension.swift */,
				0E837A381BE09D2100F3BCCE /* UISearchBar+Extension.swift */,
				0E837A391BE09D2100F3BCCE /* UITextField+Extension.swift */,
				0E837A3A1BE09D2100F3BCCE /* UIView+Extension.swift */,
				0E837A3B1BE09D2100F3BCCE /* UIViewController+Extension.swift */,
				0E837A3C1BE09D2100F3BCCE /* UIVisualEffectView+Extension.swift */,
			);
			path = Extensions;
			sourceTree = "<group>";
		};
		0E837A3D1BE09D2100F3BCCE /* Main */ = {
			isa = PBXGroup;
			children = (
				0E837A3E1BE09D2100F3BCCE /* BaseAppDelegate.swift */,
				0E837A3F1BE09D2100F3BCCE /* SocialAppDelegate.swift */,
			);
			path = Main;
			sourceTree = "<group>";
		};
		0E837A401BE09D2100F3BCCE /* Models */ = {
			isa = PBXGroup;
			children = (
				0E837A411BE09D2100F3BCCE /* BaseData.swift */,
				0E837A421BE09D2100F3BCCE /* BaseUser.swift */,
				0E837A431BE09D2100F3BCCE /* City.swift */,
				0E837A441BE09D2100F3BCCE /* Item.swift */,
				0E837A451BE09D2100F3BCCE /* ListModel.swift */,
				0E837A461BE09D2100F3BCCE /* ModelObject.swift */,
				0E837A471BE09D2100F3BCCE /* UploadParams.swift */,
				0E837A481BE09D2100F3BCCE /* WXToken.swift */,
			);
			path = Models;
			sourceTree = "<group>";
		};
		0E837A4A1BE09D2100F3BCCE /* Util */ = {
			isa = PBXGroup;
			children = (
				0E837A4B1BE09D2100F3BCCE /* FileUtils.swift */,
				0E837A4C1BE09D2100F3BCCE /* RestKitUtils.swift */,
				0E837A4D1BE09D2100F3BCCE /* Shortcuts.swift */,
				0E837A4E1BE09D2100F3BCCE /* TSMessage+Extension.swift */,
				0E837A4F1BE09D2100F3BCCE /* UploadUtils.swift */,
				0E837A501BE09D2100F3BCCE /* Utils.swift */,
			);
			path = Util;
			sourceTree = "<group>";
		};
		0E837A511BE09D2100F3BCCE /* Views */ = {
			isa = PBXGroup;
			children = (
				0E837A521BE09D2100F3BCCE /* ImageView.swift */,
				0E837A531BE09D2100F3BCCE /* KLineView.swift */,
				0E837A541BE09D2100F3BCCE /* RightDetailCell.swift */,
				0E837A551BE09D2100F3BCCE /* SubtitleCell.swift */,
			);
			path = Views;
			sourceTree = "<group>";
		};
		0E837A561BE09D2100F3BCCE /* Weixin */ = {
			isa = PBXGroup;
			children = (
				0E837A571BE09D2100F3BCCE /* WeixinUtils.swift */,
			);
			path = Weixin;
			sourceTree = "<group>";
		};
		0E837A581BE09D2100F3BCCE /* Widget */ = {
			isa = PBXGroup;
			children = (
				0E837A591BE09D2100F3BCCE /* AvatarView.swift */,
				0E837A5A1BE09D2100F3BCCE /* BaseSign.swift */,
				0E837A5B1BE09D2100F3BCCE /* CityList.swift */,
				0E837A5C1BE09D2100F3BCCE /* QuickButton.swift */,
				0E837A5D1BE09D2100F3BCCE /* SignInController.swift */,
				0E837A5E1BE09D2100F3BCCE /* SignUpController.swift */,
				0E837A5F1BE09D2100F3BCCE /* SocialSignIn.swift */,
				0E837A601BE09D2100F3BCCE /* TagsView.swift */,
			);
			path = Widget;
			sourceTree = "<group>";
		};
		0E837A611BE09D2100F3BCCE /* Resources */ = {
			isa = PBXGroup;
			children = (
				0E837A621BE09D2100F3BCCE /* Default.strings */,
			);
			path = Resources;
			sourceTree = "<group>";
		};
		0E837AA51BE0AE7700F3BCCE /* GDS */ = {
			isa = PBXGroup;
			children = (
			);
			path = GDS;
			sourceTree = "<group>";
		};
		80B25E7C88C7A5D686F97EA9 /* Frameworks */ = {
			isa = PBXGroup;
			children = (
				5B5F62F6E39B514C622137E5 /* libPods.a */,
			);
			name = Frameworks;
			sourceTree = "<group>";
		};
		EABB646DACC2090B0F0826E1 /* Pods */ = {
			isa = PBXGroup;
			children = (
				3842DC7F28097D00C2170059 /* Pods.debug.xcconfig */,
				39711360E4CC77D2B9D726D0 /* Pods.release.xcconfig */,
			);
			name = Pods;
			sourceTree = "<group>";
		};
/* End PBXGroup section */

/* Begin PBXNativeTarget section */
		0E83793A1BE07D9400F3BCCE /* Insurance */ = {
			isa = PBXNativeTarget;
			buildConfigurationList = 0E8379651BE07D9400F3BCCE /* Build configuration list for PBXNativeTarget "Insurance" */;
			buildPhases = (
				A388F37A83671DC6E26C28A0 /* Check Pods Manifest.lock */,
				0E8379371BE07D9400F3BCCE /* Sources */,
				0E8379381BE07D9400F3BCCE /* Frameworks */,
				0E8379391BE07D9400F3BCCE /* Resources */,
				6DF20CE61E6EA637DA355441 /* Embed Pods Frameworks */,
				2F0B969B3B58EE39974AC222 /* Copy Pods Resources */,
			);
			buildRules = (
			);
			dependencies = (
			);
			name = Insurance;
			productName = Insurance;
			productReference = 0E83793B1BE07D9400F3BCCE /* Insurance.app */;
			productType = "com.apple.product-type.application";
		};
		0E8379501BE07D9400F3BCCE /* InsuranceTests */ = {
			isa = PBXNativeTarget;
			buildConfigurationList = 0E8379681BE07D9400F3BCCE /* Build configuration list for PBXNativeTarget "InsuranceTests" */;
			buildPhases = (
				0E83794D1BE07D9400F3BCCE /* Sources */,
				0E83794E1BE07D9400F3BCCE /* Frameworks */,
				0E83794F1BE07D9400F3BCCE /* Resources */,
			);
			buildRules = (
			);
			dependencies = (
				0E8379531BE07D9400F3BCCE /* PBXTargetDependency */,
			);
			name = InsuranceTests;
			productName = InsuranceTests;
			productReference = 0E8379511BE07D9400F3BCCE /* InsuranceTests.xctest */;
			productType = "com.apple.product-type.bundle.unit-test";
		};
		0E83795B1BE07D9400F3BCCE /* InsuranceUITests */ = {
			isa = PBXNativeTarget;
			buildConfigurationList = 0E83796B1BE07D9400F3BCCE /* Build configuration list for PBXNativeTarget "InsuranceUITests" */;
			buildPhases = (
				0E8379581BE07D9400F3BCCE /* Sources */,
				0E8379591BE07D9400F3BCCE /* Frameworks */,
				0E83795A1BE07D9400F3BCCE /* Resources */,
			);
			buildRules = (
			);
			dependencies = (
				0E83795E1BE07D9400F3BCCE /* PBXTargetDependency */,
			);
			name = InsuranceUITests;
			productName = InsuranceUITests;
			productReference = 0E83795C1BE07D9400F3BCCE /* InsuranceUITests.xctest */;
			productType = "com.apple.product-type.bundle.ui-testing";
		};
/* End PBXNativeTarget section */

/* Begin PBXProject section */
		0E8379331BE07D9400F3BCCE /* Project object */ = {
			isa = PBXProject;
			attributes = {
				LastSwiftUpdateCheck = 0710;
				LastUpgradeCheck = 0710;
				ORGANIZATIONNAME = NY;
				TargetAttributes = {
					0E83793A1BE07D9400F3BCCE = {
						CreatedOnToolsVersion = 7.1;
						DevelopmentTeam = KF63QFX3CY;
					};
					0E8379501BE07D9400F3BCCE = {
						CreatedOnToolsVersion = 7.1;
						TestTargetID = 0E83793A1BE07D9400F3BCCE;
					};
					0E83795B1BE07D9400F3BCCE = {
						CreatedOnToolsVersion = 7.1;
						TestTargetID = 0E83793A1BE07D9400F3BCCE;
					};
				};
			};
			buildConfigurationList = 0E8379361BE07D9400F3BCCE /* Build configuration list for PBXProject "Insurance" */;
			compatibilityVersion = "Xcode 3.2";
			developmentRegion = English;
			hasScannedForEncodings = 0;
			knownRegions = (
				en,
				Base,
				"zh-Hans",
			);
			mainGroup = 0E8379321BE07D9400F3BCCE;
			productRefGroup = 0E83793C1BE07D9400F3BCCE /* Products */;
			projectDirPath = "";
			projectRoot = "";
			targets = (
				0E83793A1BE07D9400F3BCCE /* Insurance */,
				0E8379501BE07D9400F3BCCE /* InsuranceTests */,
				0E83795B1BE07D9400F3BCCE /* InsuranceUITests */,
			);
		};
/* End PBXProject section */

/* Begin PBXResourcesBuildPhase section */
		0E8379391BE07D9400F3BCCE /* Resources */ = {
			isa = PBXResourcesBuildPhase;
			buildActionMask = 2147483647;
			files = (
				0E837AA41BE0AB3F00F3BCCE /* ic_xiaomar.png in Resources */,
				0E837AA21BE09D2100F3BCCE /* Default.strings in Resources */,
				0E837A161BE088FC00F3BCCE /* Localizable.strings in Resources */,
				0E83794B1BE07D9400F3BCCE /* LaunchScreen.storyboard in Resources */,
				0E837A101BE088AF00F3BCCE /* InfoPlist.strings in Resources */,
				0E8379481BE07D9400F3BCCE /* Assets.xcassets in Resources */,
				0E8379461BE07D9400F3BCCE /* Main.storyboard in Resources */,
			);
			runOnlyForDeploymentPostprocessing = 0;
		};
		0E83794F1BE07D9400F3BCCE /* Resources */ = {
			isa = PBXResourcesBuildPhase;
			buildActionMask = 2147483647;
			files = (
			);
			runOnlyForDeploymentPostprocessing = 0;
		};
		0E83795A1BE07D9400F3BCCE /* Resources */ = {
			isa = PBXResourcesBuildPhase;
			buildActionMask = 2147483647;
			files = (
			);
			runOnlyForDeploymentPostprocessing = 0;
		};
/* End PBXResourcesBuildPhase section */

/* Begin PBXShellScriptBuildPhase section */
		2F0B969B3B58EE39974AC222 /* Copy Pods Resources */ = {
			isa = PBXShellScriptBuildPhase;
			buildActionMask = 2147483647;
			files = (
			);
			inputPaths = (
			);
			name = "Copy Pods Resources";
			outputPaths = (
			);
			runOnlyForDeploymentPostprocessing = 0;
			shellPath = /bin/sh;
			shellScript = "\"${SRCROOT}/Pods/Target Support Files/Pods/Pods-resources.sh\"\n";
			showEnvVarsInLog = 0;
		};
		6DF20CE61E6EA637DA355441 /* Embed Pods Frameworks */ = {
			isa = PBXShellScriptBuildPhase;
			buildActionMask = 2147483647;
			files = (
			);
			inputPaths = (
			);
			name = "Embed Pods Frameworks";
			outputPaths = (
			);
			runOnlyForDeploymentPostprocessing = 0;
			shellPath = /bin/sh;
			shellScript = "\"${SRCROOT}/Pods/Target Support Files/Pods/Pods-frameworks.sh\"\n";
			showEnvVarsInLog = 0;
		};
		A388F37A83671DC6E26C28A0 /* Check Pods Manifest.lock */ = {
			isa = PBXShellScriptBuildPhase;
			buildActionMask = 2147483647;
			files = (
			);
			inputPaths = (
			);
			name = "Check Pods Manifest.lock";
			outputPaths = (
			);
			runOnlyForDeploymentPostprocessing = 0;
			shellPath = /bin/sh;
			shellScript = "diff \"${PODS_ROOT}/../Podfile.lock\" \"${PODS_ROOT}/Manifest.lock\" > /dev/null\nif [[ $? != 0 ]] ; then\n    cat << EOM\nerror: The sandbox is not in sync with the Podfile.lock. Run 'pod install' or update your CocoaPods installation.\nEOM\n    exit 1\nfi\n";
			showEnvVarsInLog = 0;
		};
/* End PBXShellScriptBuildPhase section */

/* Begin PBXSourcesBuildPhase section */
		0E8379371BE07D9400F3BCCE /* Sources */ = {
			isa = PBXSourcesBuildPhase;
			buildActionMask = 2147483647;
			files = (
				0E8379C91BE081E400F3BCCE /* GDS.swift in Sources */,
				0E837A751BE09D2100F3BCCE /* TextViewCreate.swift in Sources */,
				0E837A8D1BE09D2100F3BCCE /* WXToken.swift in Sources */,
				0E8379DF1BE081E400F3BCCE /* ClaimRecord.swift in Sources */,
				0E837A691BE09D2100F3BCCE /* BaseController.swift in Sources */,
				0E8379DD1BE081E400F3BCCE /* Card.swift in Sources */,
				0E837A851BE09D2100F3BCCE /* SocialAppDelegate.swift in Sources */,
				0E8379C31BE081E400F3BCCE /* CardWebDetail.swift in Sources */,
				0E8379ED1BE081E400F3BCCE /* Product.swift in Sources */,
				0E8379D11BE081E400F3BCCE /* Profile.swift in Sources */,
				0E837A821BE09D2100F3BCCE /* UIViewController+Extension.swift in Sources */,
				0E837A6D1BE09D2100F3BCCE /* CreateController.swift in Sources */,
				0E8379EC1BE081E400F3BCCE /* Prepay.swift in Sources */,
				0E837A971BE09D2100F3BCCE /* RightDetailCell.swift in Sources */,
				0E8379C71BE081E400F3BCCE /* Discover.swift in Sources */,
				0E837A9F1BE09D2100F3BCCE /* SignUpController.swift in Sources */,
				0E8379C51BE081E400F3BCCE /* SimpleCardList.swift in Sources */,
				0E8379CB1BE081E400F3BCCE /* Main.swift in Sources */,
				0E8379D31BE081E400F3BCCE /* SignIn.swift in Sources */,
				0E837A731BE09D2100F3BCCE /* TextFieldCreate.swift in Sources */,
				0E837A931BE09D2100F3BCCE /* UploadUtils.swift in Sources */,
				0E8379C61BE081E400F3BCCE /* Compare.swift in Sources */,
				0E8379E11BE081E400F3BCCE /* Company.swift in Sources */,
				0E8379BE1BE081E400F3BCCE /* AppDelegate.swift in Sources */,
				0E8379F41BE081E400F3BCCE /* Vote.swift in Sources */,
				0E837A001BE0825500F3BCCE /* CardUtils.swift in Sources */,
				0E8379CF1BE081E400F3BCCE /* OrderList.swift in Sources */,
				0E8379DB1BE081E400F3BCCE /* Article.swift in Sources */,
				0E8379D41BE081E400F3BCCE /* SignUp.swift in Sources */,
				0E837A7F1BE09D2100F3BCCE /* UISearchBar+Extension.swift in Sources */,
				0E837A801BE09D2100F3BCCE /* UITextField+Extension.swift in Sources */,
				0E837A771BE09D2100F3BCCE /* WebDetail.swift in Sources */,
				0E837A831BE09D2100F3BCCE /* UIVisualEffectView+Extension.swift in Sources */,
				0E837A841BE09D2100F3BCCE /* BaseAppDelegate.swift in Sources */,
				0E837A7E1BE09D2100F3BCCE /* UILabel+Extension.swift in Sources */,
				0E8379FB1BE081E400F3BCCE /* PageCell.swift in Sources */,
				0E837A811BE09D2100F3BCCE /* UIView+Extension.swift in Sources */,
				0E8379D81BE081E400F3BCCE /* VehicleCreate.swift in Sources */,
				0E837A781BE09D2100F3BCCE /* Array+Extension.swift in Sources */,
				0E8379EE1BE081E400F3BCCE /* Question.swift in Sources */,
				0E8379CC1BE081E400F3BCCE /* Me.swift in Sources */,
				0E837A7C1BE09D2100F3BCCE /* UIColor+Extension.swift in Sources */,
				0E8379F01BE081E400F3BCCE /* Tag.swift in Sources */,
				0E8379E61BE081E400F3BCCE /* Illegaality.swift in Sources */,
				0E8379D01BE081E400F3BCCE /* About.swift in Sources */,
				0E8379F91BE081E400F3BCCE /* CardView.swift in Sources */,
				0E837A9D1BE09D2100F3BCCE /* QuickButton.swift in Sources */,
				0E8379E71BE081E400F3BCCE /* Insurance.swift in Sources */,
				0E8379EA1BE081E400F3BCCE /* Offer.swift in Sources */,
				0E8379DC1BE081E400F3BCCE /* Branch.swift in Sources */,
				0E8379C01BE081E400F3BCCE /* Constants.swift in Sources */,
				0E837A6C1BE09D2100F3BCCE /* CollectionList.swift in Sources */,
				0E837A9E1BE09D2100F3BCCE /* SignInController.swift in Sources */,
				0E837A861BE09D2100F3BCCE /* BaseData.swift in Sources */,
				0E8379E31BE081E400F3BCCE /* Featured.swift in Sources */,
				0E837A8A1BE09D2100F3BCCE /* ListModel.swift in Sources */,
				0E8379F21BE081E400F3BCCE /* Vehicle.swift in Sources */,
				0E8379E41BE081E400F3BCCE /* Health.swift in Sources */,
				0E837A991BE09D2100F3BCCE /* WeixinUtils.swift in Sources */,
				0E8379FD1BE081E400F3BCCE /* SpecialCover.swift in Sources */,
				0E837A791BE09D2100F3BCCE /* NSData+Extension.swift in Sources */,
				0E8379F61BE081E400F3BCCE /* CardCell.swift in Sources */,
				0E837A6B1BE09D2100F3BCCE /* CheckListUpdate.swift in Sources */,
				0E8379F31BE081E400F3BCCE /* Video.swift in Sources */,
				0E837A901BE09D2100F3BCCE /* RestKitUtils.swift in Sources */,
				0E837A6E1BE09D2100F3BCCE /* ListController.swift in Sources */,
				0E837A921BE09D2100F3BCCE /* TSMessage+Extension.swift in Sources */,
				0E837A761BE09D2100F3BCCE /* UpdateController.swift in Sources */,
				0E8379CD1BE081E400F3BCCE /* OrderCreate.swift in Sources */,
				0E837A6A1BE09D2100F3BCCE /* BaseDetail.swift in Sources */,
				0E8379DE1BE081E400F3BCCE /* Category.swift in Sources */,
				0E837A8F1BE09D2100F3BCCE /* FileUtils.swift in Sources */,
				0E8379C11BE081E400F3BCCE /* BaseCardList.swift in Sources */,
				0E837AA01BE09D2100F3BCCE /* SocialSignIn.swift in Sources */,
				0E837A6F1BE09D2100F3BCCE /* SearchResultsList.swift in Sources */,
				0E8379F51BE081E400F3BCCE /* ShareUtils.swift in Sources */,
				0E8379D51BE081E400F3BCCE /* ProductDetail.swift in Sources */,
				0E837A671BE09D2100F3BCCE /* HttpLoader.swift in Sources */,
				0E837A9C1BE09D2100F3BCCE /* CityList.swift in Sources */,
				0E837A8E1BE09D2100F3BCCE /* TaylorR.swift in Sources */,
				0E837A7D1BE09D2100F3BCCE /* UIImage+Extension.swift in Sources */,
				0E837A881BE09D2100F3BCCE /* City.swift in Sources */,
				0E837A7B1BE09D2100F3BCCE /* String+Extension.swift in Sources */,
				0E8379F71BE081E400F3BCCE /* CardListCell.swift in Sources */,
				0E837A891BE09D2100F3BCCE /* Item.swift in Sources */,
				0E837A941BE09D2100F3BCCE /* Utils.swift in Sources */,
				0E837A661BE09D2100F3BCCE /* BaseLoader.swift in Sources */,
				0E837A711BE09D2100F3BCCE /* TableList.swift in Sources */,
				0E8379E91BE081E400F3BCCE /* Like.swift in Sources */,
				0E837A911BE09D2100F3BCCE /* Shortcuts.swift in Sources */,
				0E8379D21BE081E400F3BCCE /* Settings.swift in Sources */,
				0E837A961BE09D2100F3BCCE /* KLineView.swift in Sources */,
				0E837A8B1BE09D2100F3BCCE /* ModelObject.swift in Sources */,
				0E8379DA1BE081E400F3BCCE /* Answer.swift in Sources */,
				0E8379CE1BE081E400F3BCCE /* OrderDetail.swift in Sources */,
				0E837A681BE09D2100F3BCCE /* HttpTask.swift in Sources */,
				0E8379E51BE081E400F3BCCE /* HomeModel.swift in Sources */,
				0E8379C21BE081E400F3BCCE /* CardList.swift in Sources */,
				0E837A9B1BE09D2100F3BCCE /* BaseSign.swift in Sources */,
				0E8379F11BE081E400F3BCCE /* User.swift in Sources */,
				0E837A981BE09D2100F3BCCE /* SubtitleCell.swift in Sources */,
				0E837A041BE082F200F3BCCE /* CAPSPageMenu.swift in Sources */,
				0E8379FE1BE081E400F3BCCE /* XML.swift in Sources */,
				0E8379F81BE081E400F3BCCE /* CardTableCell.swift in Sources */,
				0E8379FC1BE081E400F3BCCE /* PosterView.swift in Sources */,
				0E8379C41BE081E400F3BCCE /* MyList.swift in Sources */,
				0E837A9A1BE09D2100F3BCCE /* AvatarView.swift in Sources */,
				0E837AA11BE09D2100F3BCCE /* TagsView.swift in Sources */,
				0E837A951BE09D2100F3BCCE /* ImageView.swift in Sources */,
				0E8379D61BE081E400F3BCCE /* ProductList.swift in Sources */,
				0E8379D91BE081E400F3BCCE /* VehicleList.swift in Sources */,
				0E8379E81BE081E400F3BCCE /* InsurancePolicy.swift in Sources */,
				0E837A7A1BE09D2100F3BCCE /* NSDate+Extension.swift in Sources */,
				0E837A701BE09D2100F3BCCE /* TableDetail.swift in Sources */,
				0E8379CA1BE081E400F3BCCE /* Home.swift in Sources */,
				0E837A8C1BE09D2100F3BCCE /* UploadParams.swift in Sources */,
				0E8379E01BE081E400F3BCCE /* Comment.swift in Sources */,
				0E8379EF1BE081E400F3BCCE /* Special.swift in Sources */,
				0E8379E21BE081E400F3BCCE /* Enquiry.swift in Sources */,
				0E8379C81BE081E400F3BCCE /* Flight.swift in Sources */,
				0E8379D71BE081E400F3BCCE /* UserDetail.swift in Sources */,
				0E8379EB1BE081E400F3BCCE /* Order.swift in Sources */,
				0E8379FA1BE081E400F3BCCE /* CommentCell.swift in Sources */,
				0E837A741BE09D2100F3BCCE /* TextFieldUpdate.swift in Sources */,
				0E837A721BE09D2100F3BCCE /* TableSearch.swift in Sources */,
				0E837A871BE09D2100F3BCCE /* BaseUser.swift in Sources */,
			);
			runOnlyForDeploymentPostprocessing = 0;
		};
		0E83794D1BE07D9400F3BCCE /* Sources */ = {
			isa = PBXSourcesBuildPhase;
			buildActionMask = 2147483647;
			files = (
				0E8379561BE07D9400F3BCCE /* InsuranceTests.swift in Sources */,
			);
			runOnlyForDeploymentPostprocessing = 0;
		};
		0E8379581BE07D9400F3BCCE /* Sources */ = {
			isa = PBXSourcesBuildPhase;
			buildActionMask = 2147483647;
			files = (
				0E8379611BE07D9400F3BCCE /* InsuranceUITests.swift in Sources */,
			);
			runOnlyForDeploymentPostprocessing = 0;
		};
/* End PBXSourcesBuildPhase section */

/* Begin PBXTargetDependency section */
		0E8379531BE07D9400F3BCCE /* PBXTargetDependency */ = {
			isa = PBXTargetDependency;
			target = 0E83793A1BE07D9400F3BCCE /* Insurance */;
			targetProxy = 0E8379521BE07D9400F3BCCE /* PBXContainerItemProxy */;
		};
		0E83795E1BE07D9400F3BCCE /* PBXTargetDependency */ = {
			isa = PBXTargetDependency;
			target = 0E83793A1BE07D9400F3BCCE /* Insurance */;
			targetProxy = 0E83795D1BE07D9400F3BCCE /* PBXContainerItemProxy */;
		};
/* End PBXTargetDependency section */

/* Begin PBXVariantGroup section */
		0E8379441BE07D9400F3BCCE /* Main.storyboard */ = {
			isa = PBXVariantGroup;
			children = (
				0E8379451BE07D9400F3BCCE /* Base */,
			);
			name = Main.storyboard;
			sourceTree = "<group>";
		};
		0E8379491BE07D9400F3BCCE /* LaunchScreen.storyboard */ = {
			isa = PBXVariantGroup;
			children = (
				0E83794A1BE07D9400F3BCCE /* Base */,
			);
			name = LaunchScreen.storyboard;
			sourceTree = "<group>";
		};
		0E837A121BE088AF00F3BCCE /* InfoPlist.strings */ = {
			isa = PBXVariantGroup;
			children = (
				0E837A111BE088AF00F3BCCE /* Base */,
				0E837A131BE088B100F3BCCE /* en */,
			);
			name = InfoPlist.strings;
			sourceTree = "<group>";
		};
		0E837A181BE088FC00F3BCCE /* Localizable.strings */ = {
			isa = PBXVariantGroup;
			children = (
				0E837A171BE088FC00F3BCCE /* Base */,
				0E837A191BE0890100F3BCCE /* en */,
			);
			name = Localizable.strings;
			sourceTree = "<group>";
		};
		0E837A621BE09D2100F3BCCE /* Default.strings */ = {
			isa = PBXVariantGroup;
			children = (
				0E837A631BE09D2100F3BCCE /* Base */,
				0E837A641BE09D2100F3BCCE /* en */,
				0E837A651BE09D2100F3BCCE /* zh-Hans */,
			);
			name = Default.strings;
			sourceTree = "<group>";
		};
/* End PBXVariantGroup section */

/* Begin XCBuildConfiguration section */
		0E8379631BE07D9400F3BCCE /* Debug */ = {
			isa = XCBuildConfiguration;
			buildSettings = {
				ALWAYS_SEARCH_USER_PATHS = NO;
				CLANG_CXX_LANGUAGE_STANDARD = "gnu++0x";
				CLANG_CXX_LIBRARY = "libc++";
				CLANG_ENABLE_MODULES = YES;
				CLANG_ENABLE_OBJC_ARC = YES;
				CLANG_WARN_BOOL_CONVERSION = YES;
				CLANG_WARN_CONSTANT_CONVERSION = YES;
				CLANG_WARN_DIRECT_OBJC_ISA_USAGE = YES_ERROR;
				CLANG_WARN_EMPTY_BODY = YES;
				CLANG_WARN_ENUM_CONVERSION = YES;
				CLANG_WARN_INT_CONVERSION = YES;
				CLANG_WARN_OBJC_ROOT_CLASS = YES_ERROR;
				CLANG_WARN_UNREACHABLE_CODE = YES;
				CLANG_WARN__DUPLICATE_METHOD_MATCH = YES;
				"CODE_SIGN_IDENTITY[sdk=iphoneos*]" = "iPhone Developer";
				COPY_PHASE_STRIP = NO;
				DEBUG_INFORMATION_FORMAT = dwarf;
				ENABLE_STRICT_OBJC_MSGSEND = YES;
				ENABLE_TESTABILITY = YES;
				GCC_C_LANGUAGE_STANDARD = gnu99;
				GCC_DYNAMIC_NO_PIC = NO;
				GCC_NO_COMMON_BLOCKS = YES;
				GCC_OPTIMIZATION_LEVEL = 0;
				GCC_PREPROCESSOR_DEFINITIONS = (
					"DEBUG=1",
					"$(inherited)",
				);
				GCC_WARN_64_TO_32_BIT_CONVERSION = YES;
				GCC_WARN_ABOUT_RETURN_TYPE = YES_ERROR;
				GCC_WARN_UNDECLARED_SELECTOR = YES;
				GCC_WARN_UNINITIALIZED_AUTOS = YES_AGGRESSIVE;
				GCC_WARN_UNUSED_FUNCTION = YES;
				GCC_WARN_UNUSED_VARIABLE = YES;
				IPHONEOS_DEPLOYMENT_TARGET = 9.1;
				MTL_ENABLE_DEBUG_INFO = YES;
				ONLY_ACTIVE_ARCH = YES;
				SDKROOT = iphoneos;
				SWIFT_OPTIMIZATION_LEVEL = "-Onone";
				TARGETED_DEVICE_FAMILY = "1,2";
			};
			name = Debug;
		};
		0E8379641BE07D9400F3BCCE /* Release */ = {
			isa = XCBuildConfiguration;
			buildSettings = {
				ALWAYS_SEARCH_USER_PATHS = NO;
				CLANG_CXX_LANGUAGE_STANDARD = "gnu++0x";
				CLANG_CXX_LIBRARY = "libc++";
				CLANG_ENABLE_MODULES = YES;
				CLANG_ENABLE_OBJC_ARC = YES;
				CLANG_WARN_BOOL_CONVERSION = YES;
				CLANG_WARN_CONSTANT_CONVERSION = YES;
				CLANG_WARN_DIRECT_OBJC_ISA_USAGE = YES_ERROR;
				CLANG_WARN_EMPTY_BODY = YES;
				CLANG_WARN_ENUM_CONVERSION = YES;
				CLANG_WARN_INT_CONVERSION = YES;
				CLANG_WARN_OBJC_ROOT_CLASS = YES_ERROR;
				CLANG_WARN_UNREACHABLE_CODE = YES;
				CLANG_WARN__DUPLICATE_METHOD_MATCH = YES;
				"CODE_SIGN_IDENTITY[sdk=iphoneos*]" = "iPhone Developer";
				COPY_PHASE_STRIP = NO;
				DEBUG_INFORMATION_FORMAT = "dwarf-with-dsym";
				ENABLE_NS_ASSERTIONS = NO;
				ENABLE_STRICT_OBJC_MSGSEND = YES;
				GCC_C_LANGUAGE_STANDARD = gnu99;
				GCC_NO_COMMON_BLOCKS = YES;
				GCC_WARN_64_TO_32_BIT_CONVERSION = YES;
				GCC_WARN_ABOUT_RETURN_TYPE = YES_ERROR;
				GCC_WARN_UNDECLARED_SELECTOR = YES;
				GCC_WARN_UNINITIALIZED_AUTOS = YES_AGGRESSIVE;
				GCC_WARN_UNUSED_FUNCTION = YES;
				GCC_WARN_UNUSED_VARIABLE = YES;
				IPHONEOS_DEPLOYMENT_TARGET = 9.1;
				MTL_ENABLE_DEBUG_INFO = NO;
				SDKROOT = iphoneos;
				TARGETED_DEVICE_FAMILY = "1,2";
				VALIDATE_PRODUCT = YES;
			};
			name = Release;
		};
		0E8379661BE07D9400F3BCCE /* Debug */ = {
			isa = XCBuildConfiguration;
			baseConfigurationReference = 3842DC7F28097D00C2170059 /* Pods.debug.xcconfig */;
			buildSettings = {
				ASSETCATALOG_COMPILER_APPICON_NAME = AppIcon;
				ASSETCATALOG_COMPILER_LAUNCHIMAGE_NAME = "Brand Assets";
				CLANG_ENABLE_MODULES = YES;
				CODE_SIGN_IDENTITY = "iPhone Developer";
				INFOPLIST_FILE = Insurance/Info.plist;
				IPHONEOS_DEPLOYMENT_TARGET = 8.0;
				LD_RUNPATH_SEARCH_PATHS = "$(inherited) @executable_path/Frameworks";
				PRODUCT_BUNDLE_IDENTIFIER = com.xiaomar.Insurance;
				PRODUCT_NAME = "$(TARGET_NAME)";
				SWIFT_OBJC_BRIDGING_HEADER = "Insurance/Classes/Insurance-Bridging-Header.h";
				SWIFT_OPTIMIZATION_LEVEL = "-Onone";
			};
			name = Debug;
		};
		0E8379671BE07D9400F3BCCE /* Release */ = {
			isa = XCBuildConfiguration;
			baseConfigurationReference = 39711360E4CC77D2B9D726D0 /* Pods.release.xcconfig */;
			buildSettings = {
				ASSETCATALOG_COMPILER_APPICON_NAME = AppIcon;
				ASSETCATALOG_COMPILER_LAUNCHIMAGE_NAME = "Brand Assets";
				CLANG_ENABLE_MODULES = YES;
				CODE_SIGN_IDENTITY = "iPhone Developer";
				INFOPLIST_FILE = Insurance/Info.plist;
				IPHONEOS_DEPLOYMENT_TARGET = 8.0;
				LD_RUNPATH_SEARCH_PATHS = "$(inherited) @executable_path/Frameworks";
				PRODUCT_BUNDLE_IDENTIFIER = com.xiaomar.Insurance;
				PRODUCT_NAME = "$(TARGET_NAME)";
				SWIFT_OBJC_BRIDGING_HEADER = "Insurance/Classes/Insurance-Bridging-Header.h";
			};
			name = Release;
		};
		0E8379691BE07D9400F3BCCE /* Debug */ = {
			isa = XCBuildConfiguration;
			buildSettings = {
				BUNDLE_LOADER = "$(TEST_HOST)";
				INFOPLIST_FILE = InsuranceTests/Info.plist;
				LD_RUNPATH_SEARCH_PATHS = "$(inherited) @executable_path/Frameworks @loader_path/Frameworks";
				PRODUCT_BUNDLE_IDENTIFIER = com.xiaomar.InsuranceTests;
				PRODUCT_NAME = "$(TARGET_NAME)";
				TEST_HOST = "$(BUILT_PRODUCTS_DIR)/Insurance.app/Insurance";
			};
			name = Debug;
		};
		0E83796A1BE07D9400F3BCCE /* Release */ = {
			isa = XCBuildConfiguration;
			buildSettings = {
				BUNDLE_LOADER = "$(TEST_HOST)";
				INFOPLIST_FILE = InsuranceTests/Info.plist;
				LD_RUNPATH_SEARCH_PATHS = "$(inherited) @executable_path/Frameworks @loader_path/Frameworks";
				PRODUCT_BUNDLE_IDENTIFIER = com.xiaomar.InsuranceTests;
				PRODUCT_NAME = "$(TARGET_NAME)";
				TEST_HOST = "$(BUILT_PRODUCTS_DIR)/Insurance.app/Insurance";
			};
			name = Release;
		};
		0E83796C1BE07D9400F3BCCE /* Debug */ = {
			isa = XCBuildConfiguration;
			buildSettings = {
				INFOPLIST_FILE = InsuranceUITests/Info.plist;
				LD_RUNPATH_SEARCH_PATHS = "$(inherited) @executable_path/Frameworks @loader_path/Frameworks";
				PRODUCT_BUNDLE_IDENTIFIER = com.xiaomar.InsuranceUITests;
				PRODUCT_NAME = "$(TARGET_NAME)";
				TEST_TARGET_NAME = Insurance;
				USES_XCTRUNNER = YES;
			};
			name = Debug;
		};
		0E83796D1BE07D9400F3BCCE /* Release */ = {
			isa = XCBuildConfiguration;
			buildSettings = {
				INFOPLIST_FILE = InsuranceUITests/Info.plist;
				LD_RUNPATH_SEARCH_PATHS = "$(inherited) @executable_path/Frameworks @loader_path/Frameworks";
				PRODUCT_BUNDLE_IDENTIFIER = com.xiaomar.InsuranceUITests;
				PRODUCT_NAME = "$(TARGET_NAME)";
				TEST_TARGET_NAME = Insurance;
				USES_XCTRUNNER = YES;
			};
			name = Release;
		};
/* End XCBuildConfiguration section */

/* Begin XCConfigurationList section */
		0E8379361BE07D9400F3BCCE /* Build configuration list for PBXProject "Insurance" */ = {
			isa = XCConfigurationList;
			buildConfigurations = (
				0E8379631BE07D9400F3BCCE /* Debug */,
				0E8379641BE07D9400F3BCCE /* Release */,
			);
			defaultConfigurationIsVisible = 0;
			defaultConfigurationName = Release;
		};
		0E8379651BE07D9400F3BCCE /* Build configuration list for PBXNativeTarget "Insurance" */ = {
			isa = XCConfigurationList;
			buildConfigurations = (
				0E8379661BE07D9400F3BCCE /* Debug */,
				0E8379671BE07D9400F3BCCE /* Release */,
			);
			defaultConfigurationIsVisible = 0;
			defaultConfigurationName = Release;
		};
		0E8379681BE07D9400F3BCCE /* Build configuration list for PBXNativeTarget "InsuranceTests" */ = {
			isa = XCConfigurationList;
			buildConfigurations = (
				0E8379691BE07D9400F3BCCE /* Debug */,
				0E83796A1BE07D9400F3BCCE /* Release */,
			);
			defaultConfigurationIsVisible = 0;
			defaultConfigurationName = Release;
		};
		0E83796B1BE07D9400F3BCCE /* Build configuration list for PBXNativeTarget "InsuranceUITests" */ = {
			isa = XCConfigurationList;
			buildConfigurations = (
				0E83796C1BE07D9400F3BCCE /* Debug */,
				0E83796D1BE07D9400F3BCCE /* Release */,
			);
			defaultConfigurationIsVisible = 0;
			defaultConfigurationName = Release;
		};
/* End XCConfigurationList section */
	};
	rootObject = 0E8379331BE07D9400F3BCCE /* Project object */;
}
